// !$*UTF8*$!
{
	archiveVersion = 1;
	classes = {
	};
	objectVersion = 56;
	objects = {

/* Begin PBXBuildFile section */
		8B3B6CA22B43D6CD00B5B486 /* AppDelegate.swift in Sources */ = {isa = PBXBuildFile; fileRef = 8B3B6CA12B43D6CD00B5B486 /* AppDelegate.swift */; };
		8B3B6CA42B43D6CD00B5B486 /* SceneDelegate.swift in Sources */ = {isa = PBXBuildFile; fileRef = 8B3B6CA32B43D6CD00B5B486 /* SceneDelegate.swift */; };
		8B3B6CA62B43D6CD00B5B486 /* ViewController.swift in Sources */ = {isa = PBXBuildFile; fileRef = 8B3B6CA52B43D6CD00B5B486 /* ViewController.swift */; };
		8B3B6CA92B43D6CD00B5B486 /* Main.storyboard in Resources */ = {isa = PBXBuildFile; fileRef = 8B3B6CA72B43D6CD00B5B486 /* Main.storyboard */; };
		8B3B6CAB2B43D6CE00B5B486 /* Assets.xcassets in Resources */ = {isa = PBXBuildFile; fileRef = 8B3B6CAA2B43D6CE00B5B486 /* Assets.xcassets */; };
		8B3B6CAE2B43D6CE00B5B486 /* LaunchScreen.storyboard in Resources */ = {isa = PBXBuildFile; fileRef = 8B3B6CAC2B43D6CE00B5B486 /* LaunchScreen.storyboard */; };
		8B3B6CB92B43D6CE00B5B486 /* SeSACTalkTests.swift in Sources */ = {isa = PBXBuildFile; fileRef = 8B3B6CB82B43D6CE00B5B486 /* SeSACTalkTests.swift */; };
		8B3B6CC32B43D6CE00B5B486 /* SeSACTalkUITests.swift in Sources */ = {isa = PBXBuildFile; fileRef = 8B3B6CC22B43D6CE00B5B486 /* SeSACTalkUITests.swift */; };
		8B3B6CC52B43D6CE00B5B486 /* SeSACTalkUITestsLaunchTests.swift in Sources */ = {isa = PBXBuildFile; fileRef = 8B3B6CC42B43D6CE00B5B486 /* SeSACTalkUITestsLaunchTests.swift */; };
		8B3B6CFF2B43E5E300B5B486 /* BaseViewController.swift in Sources */ = {isa = PBXBuildFile; fileRef = 8B3B6CFE2B43E5E300B5B486 /* BaseViewController.swift */; };
		8B3B6D012B43E63900B5B486 /* SplashViewController.swift in Sources */ = {isa = PBXBuildFile; fileRef = 8B3B6D002B43E63900B5B486 /* SplashViewController.swift */; };
		8B3B6D042B43ED4A00B5B486 /* SnapKit in Frameworks */ = {isa = PBXBuildFile; productRef = 8B3B6D032B43ED4A00B5B486 /* SnapKit */; };
		8B3B6D072B43ED5F00B5B486 /* Alamofire in Frameworks */ = {isa = PBXBuildFile; productRef = 8B3B6D062B43ED5F00B5B486 /* Alamofire */; };
		8B3B6D0A2B43ED6700B5B486 /* Kingfisher in Frameworks */ = {isa = PBXBuildFile; productRef = 8B3B6D092B43ED6700B5B486 /* Kingfisher */; };
		8B3B6D0D2B43ED7700B5B486 /* RxCocoa in Frameworks */ = {isa = PBXBuildFile; productRef = 8B3B6D0C2B43ED7700B5B486 /* RxCocoa */; };
		8B3B6D0F2B43ED7700B5B486 /* RxSwift in Frameworks */ = {isa = PBXBuildFile; productRef = 8B3B6D0E2B43ED7700B5B486 /* RxSwift */; };
		8B3B6D122B43ED8700B5B486 /* IQKeyboardManagerSwift in Frameworks */ = {isa = PBXBuildFile; productRef = 8B3B6D112B43ED8700B5B486 /* IQKeyboardManagerSwift */; };
		8B3B6D152B43ED9500B5B486 /* KakaoSDKAuth in Frameworks */ = {isa = PBXBuildFile; productRef = 8B3B6D142B43ED9500B5B486 /* KakaoSDKAuth */; };
		8B3B6D172B43ED9500B5B486 /* KakaoSDKCommon in Frameworks */ = {isa = PBXBuildFile; productRef = 8B3B6D162B43ED9500B5B486 /* KakaoSDKCommon */; };
		8B3B6D192B43ED9500B5B486 /* KakaoSDKUser in Frameworks */ = {isa = PBXBuildFile; productRef = 8B3B6D182B43ED9500B5B486 /* KakaoSDKUser */; };
		8B3B6D1C2B43EDA100B5B486 /* RxKakaoSDKAuth in Frameworks */ = {isa = PBXBuildFile; productRef = 8B3B6D1B2B43EDA100B5B486 /* RxKakaoSDKAuth */; };
		8B3B6D1E2B43EDA100B5B486 /* RxKakaoSDKCommon in Frameworks */ = {isa = PBXBuildFile; productRef = 8B3B6D1D2B43EDA100B5B486 /* RxKakaoSDKCommon */; };
		8B3B6D202B43EDA100B5B486 /* RxKakaoSDKUser in Frameworks */ = {isa = PBXBuildFile; productRef = 8B3B6D1F2B43EDA100B5B486 /* RxKakaoSDKUser */; };
		8B430C602B74B40B0050FA63 /* WorkspaceEditViewController.swift in Sources */ = {isa = PBXBuildFile; fileRef = 8B430C5F2B74B40B0050FA63 /* WorkspaceEditViewController.swift */; };
		8B430C622B74CA160050FA63 /* WorkspaceEditViewModel.swift in Sources */ = {isa = PBXBuildFile; fileRef = 8B430C612B74CA160050FA63 /* WorkspaceEditViewModel.swift */; };
		8B430C682B7C95390050FA63 /* NotificationCenter.swift in Sources */ = {isa = PBXBuildFile; fileRef = 8B430C672B7C95390050FA63 /* NotificationCenter.swift */; };
		8B430C6A2B7CBC530050FA63 /* ChangeAdimViewController.swift in Sources */ = {isa = PBXBuildFile; fileRef = 8B430C692B7CBC530050FA63 /* ChangeAdimViewController.swift */; };
		8B430C6C2B7CBCA20050FA63 /* ChangeAdminTableCell.swift in Sources */ = {isa = PBXBuildFile; fileRef = 8B430C6B2B7CBCA20050FA63 /* ChangeAdminTableCell.swift */; };
		8B4E926E2B68E0E900ABFEB9 /* LeftImageButton.swift in Sources */ = {isa = PBXBuildFile; fileRef = 8B4E926D2B68E0E900ABFEB9 /* LeftImageButton.swift */; };
		8B5048CC2B5912EE00E8A8A0 /* AddWorkspaceViewController.swift in Sources */ = {isa = PBXBuildFile; fileRef = 8B5048CB2B5912EE00E8A8A0 /* AddWorkspaceViewController.swift */; };
		8B5048CE2B5915CB00E8A8A0 /* CustomTextFieldView.swift in Sources */ = {isa = PBXBuildFile; fileRef = 8B5048CD2B5915CB00E8A8A0 /* CustomTextFieldView.swift */; };
		8B5048D22B59290800E8A8A0 /* HomeViewController.swift in Sources */ = {isa = PBXBuildFile; fileRef = 8B5048D12B59290800E8A8A0 /* HomeViewController.swift */; };
		8B5048D42B597D9100E8A8A0 /* HomeHeaderView.swift in Sources */ = {isa = PBXBuildFile; fileRef = 8B5048D32B597D9100E8A8A0 /* HomeHeaderView.swift */; };
		8B5048D72B5981BD00E8A8A0 /* AddWorkspaceViewModel.swift in Sources */ = {isa = PBXBuildFile; fileRef = 8B5048D62B5981BD00E8A8A0 /* AddWorkspaceViewModel.swift */; };
		8B5048D92B5E630000E8A8A0 /* Rx+UIImagePickerController.swift in Sources */ = {isa = PBXBuildFile; fileRef = 8B5048D82B5E630000E8A8A0 /* Rx+UIImagePickerController.swift */; };
		8B52B7F72B60E3E300284550 /* EmptyView.swift in Sources */ = {isa = PBXBuildFile; fileRef = 8B52B7F62B60E3E300284550 /* EmptyView.swift */; };
		8B52B7F92B60F5B600284550 /* SwitchView.swift in Sources */ = {isa = PBXBuildFile; fileRef = 8B52B7F82B60F5B600284550 /* SwitchView.swift */; };
		8B52B7FB2B60FB1D00284550 /* Interceptor.swift in Sources */ = {isa = PBXBuildFile; fileRef = 8B52B7FA2B60FB1D00284550 /* Interceptor.swift */; };
		8B52B8042B62567700284550 /* ChannelTableViewCell.swift in Sources */ = {isa = PBXBuildFile; fileRef = 8B52B8032B62567700284550 /* ChannelTableViewCell.swift */; };
		8B52B8062B6256AC00284550 /* BaseTableViewCell.swift in Sources */ = {isa = PBXBuildFile; fileRef = 8B52B8052B6256AC00284550 /* BaseTableViewCell.swift */; };
		8B52B8082B625D7900284550 /* ChannelHeaderView.swift in Sources */ = {isa = PBXBuildFile; fileRef = 8B52B8072B625D7900284550 /* ChannelHeaderView.swift */; };
		8B52B80A2B62659000284550 /* ChannelFooterView.swift in Sources */ = {isa = PBXBuildFile; fileRef = 8B52B8092B62659000284550 /* ChannelFooterView.swift */; };
		8B52B80C2B62665900284550 /* HomeInitialViewController.swift in Sources */ = {isa = PBXBuildFile; fileRef = 8B52B80B2B62665900284550 /* HomeInitialViewController.swift */; };
		8B52B80E2B62670600284550 /* ReusableViewProtocol.swift in Sources */ = {isa = PBXBuildFile; fileRef = 8B52B80D2B62670600284550 /* ReusableViewProtocol.swift */; };
		8B52B8112B637F9000284550 /* SideMenu in Frameworks */ = {isa = PBXBuildFile; productRef = 8B52B8102B637F9000284550 /* SideMenu */; };
		8B52B8162B63812200284550 /* WorkspaceListViewController.swift in Sources */ = {isa = PBXBuildFile; fileRef = 8B52B8152B63812200284550 /* WorkspaceListViewController.swift */; };
		8B52B8182B63817200284550 /* SideMenuNavigation.swift in Sources */ = {isa = PBXBuildFile; fileRef = 8B52B8172B63817200284550 /* SideMenuNavigation.swift */; };
		8B52B81A2B639F5600284550 /* EmptyListView.swift in Sources */ = {isa = PBXBuildFile; fileRef = 8B52B8192B639F5600284550 /* EmptyListView.swift */; };
		8B52B81C2B63A5EC00284550 /* WorkspaceListCell.swift in Sources */ = {isa = PBXBuildFile; fileRef = 8B52B81B2B63A5EC00284550 /* WorkspaceListCell.swift */; };
		8B52B81E2B678E4600284550 /* TabBarController.swift in Sources */ = {isa = PBXBuildFile; fileRef = 8B52B81D2B678E4600284550 /* TabBarController.swift */; };
		8B52B8202B67F9CD00284550 /* WorkspaceInitalViewModel.swift in Sources */ = {isa = PBXBuildFile; fileRef = 8B52B81F2B67F9CD00284550 /* WorkspaceInitalViewModel.swift */; };
		8B52B8242B67FF6C00284550 /* HomeViewModel.swift in Sources */ = {isa = PBXBuildFile; fileRef = 8B52B8232B67FF6C00284550 /* HomeViewModel.swift */; };
		8B56A3B92B4FEB38004A6C38 /* Moya in Frameworks */ = {isa = PBXBuildFile; productRef = 8B56A3B82B4FEB38004A6C38 /* Moya */; };
		8B56A3BB2B4FECA0004A6C38 /* Response.swift in Sources */ = {isa = PBXBuildFile; fileRef = 8B56A3BA2B4FECA0004A6C38 /* Response.swift */; };
		8B56A3BD2B5030C1004A6C38 /* APIError.swift in Sources */ = {isa = PBXBuildFile; fileRef = 8B56A3BC2B5030C1004A6C38 /* APIError.swift */; };
		8B56A3C02B5111BE004A6C38 /* LoggableError.swift in Sources */ = {isa = PBXBuildFile; fileRef = 8B56A3BF2B5111BE004A6C38 /* LoggableError.swift */; };
		8B56A3C42B512DAC004A6C38 /* APIManager.swift in Sources */ = {isa = PBXBuildFile; fileRef = 8B56A3C32B512DAC004A6C38 /* APIManager.swift */; };
		8B5924022B8B846D0039D8EC /* ChannelChattingViewModel.swift in Sources */ = {isa = PBXBuildFile; fileRef = 8B5924012B8B846D0039D8EC /* ChannelChattingViewModel.swift */; };
		8B5924042B8B8D020039D8EC /* ChattingSelectedImageCell.swift in Sources */ = {isa = PBXBuildFile; fileRef = 8B5924032B8B8D020039D8EC /* ChattingSelectedImageCell.swift */; };
		8B5924062B8B8D340039D8EC /* BaseCollectionViewCell.swift in Sources */ = {isa = PBXBuildFile; fileRef = 8B5924052B8B8D340039D8EC /* BaseCollectionViewCell.swift */; };
		8B59240E2B8CC8250039D8EC /* Realm in Frameworks */ = {isa = PBXBuildFile; productRef = 8B59240D2B8CC8250039D8EC /* Realm */; };
		8B5924102B8CC8250039D8EC /* RealmSwift in Frameworks */ = {isa = PBXBuildFile; productRef = 8B59240F2B8CC8250039D8EC /* RealmSwift */; };
		8B5924152B8DC0FA0039D8EC /* ChatTable.swift in Sources */ = {isa = PBXBuildFile; fileRef = 8B5924142B8DC0FA0039D8EC /* ChatTable.swift */; };
		8B5924172B8DC1550039D8EC /* UserInfoTable.swift in Sources */ = {isa = PBXBuildFile; fileRef = 8B5924162B8DC1550039D8EC /* UserInfoTable.swift */; };
		8B59241B2B8DC3AA0039D8EC /* ChannelInfoTable.swift in Sources */ = {isa = PBXBuildFile; fileRef = 8B59241A2B8DC3AA0039D8EC /* ChannelInfoTable.swift */; };
		8B59241D2B8DC4EA0039D8EC /* ChannelChatRepository.swift in Sources */ = {isa = PBXBuildFile; fileRef = 8B59241C2B8DC4EA0039D8EC /* ChannelChatRepository.swift */; };
		8B5924202B8F38FC0039D8EC /* SocketIO in Frameworks */ = {isa = PBXBuildFile; productRef = 8B59241F2B8F38FC0039D8EC /* SocketIO */; };
		8B64DD702B6B8AB800062AB4 /* WorkspaceListViewModel.swift in Sources */ = {isa = PBXBuildFile; fileRef = 8B64DD6F2B6B8AB800062AB4 /* WorkspaceListViewModel.swift */; };
		8B64DD722B6B933A00062AB4 /* Extension + UIImageView.swift in Sources */ = {isa = PBXBuildFile; fileRef = 8B64DD712B6B933A00062AB4 /* Extension + UIImageView.swift */; };
		8B64DD742B6CC3CB00062AB4 /* Extension+CALayer.swift in Sources */ = {isa = PBXBuildFile; fileRef = 8B64DD732B6CC3CB00062AB4 /* Extension+CALayer.swift */; };
		8B64DD762B70BD7300062AB4 /* PopUpView.swift in Sources */ = {isa = PBXBuildFile; fileRef = 8B64DD752B70BD7300062AB4 /* PopUpView.swift */; };
		8B6FA1C52B4FC1B500D23188 /* Router.swift in Sources */ = {isa = PBXBuildFile; fileRef = 8B6FA1C42B4FC1B500D23188 /* Router.swift */; };
		8B6FA1C72B4FD66F00D23188 /* Request.swift in Sources */ = {isa = PBXBuildFile; fileRef = 8B6FA1C62B4FD66E00D23188 /* Request.swift */; };
		8B6FA1C92B4FDB9F00D23188 /* Extension+UIViewController.swift in Sources */ = {isa = PBXBuildFile; fileRef = 8B6FA1C82B4FDB9F00D23188 /* Extension+UIViewController.swift */; };
		8B764B1F2B5507E00066AF07 /* SignUpState.swift in Sources */ = {isa = PBXBuildFile; fileRef = 8B764B1E2B5507E00066AF07 /* SignUpState.swift */; };
		8B764B212B551E430066AF07 /* KeyChainManager.swift in Sources */ = {isa = PBXBuildFile; fileRef = 8B764B202B551E430066AF07 /* KeyChainManager.swift */; };
		8B764B242B5522840066AF07 /* LoginViewController.swift in Sources */ = {isa = PBXBuildFile; fileRef = 8B764B232B5522840066AF07 /* LoginViewController.swift */; };
		8B764B262B5522A20066AF07 /* LogInViewModel.swift in Sources */ = {isa = PBXBuildFile; fileRef = 8B764B252B5522A20066AF07 /* LogInViewModel.swift */; };
		8B764B292B5658B90066AF07 /* WorkSpaceInitialView.swift in Sources */ = {isa = PBXBuildFile; fileRef = 8B764B282B5658B90066AF07 /* WorkSpaceInitialView.swift */; };
		8B9506522B467A9F00A353A0 /* AuthViewModel.swift in Sources */ = {isa = PBXBuildFile; fileRef = 8B9506512B467A9F00A353A0 /* AuthViewModel.swift */; };
		8B9506542B467B0000A353A0 /* APIKey.swift in Sources */ = {isa = PBXBuildFile; fileRef = 8B9506532B467B0000A353A0 /* APIKey.swift */; };
		8B9506562B4691FD00A353A0 /* ViewModelType.swift in Sources */ = {isa = PBXBuildFile; fileRef = 8B9506552B4691FD00A353A0 /* ViewModelType.swift */; };
		8BAFF99C2B440A3D005713EA /* OnboardingViewController.swift in Sources */ = {isa = PBXBuildFile; fileRef = 8BAFF99B2B440A3D005713EA /* OnboardingViewController.swift */; };
		8BAFF9A12B4412ED005713EA /* Colors.swift in Sources */ = {isa = PBXBuildFile; fileRef = 8BAFF9A02B4412ED005713EA /* Colors.swift */; };
		8BAFF9A32B444845005713EA /* Typography.swift in Sources */ = {isa = PBXBuildFile; fileRef = 8BAFF9A22B444845005713EA /* Typography.swift */; };
		8BAFF9AA2B455C25005713EA /* CustomButton.swift in Sources */ = {isa = PBXBuildFile; fileRef = 8BAFF9A92B455C25005713EA /* CustomButton.swift */; };
		8BAFF9AC2B459028005713EA /* AuthViewController.swift in Sources */ = {isa = PBXBuildFile; fileRef = 8BAFF9AB2B459028005713EA /* AuthViewController.swift */; };
		8BC407BE2B494D4400F4C3D6 /* SignUpViewController.swift in Sources */ = {isa = PBXBuildFile; fileRef = 8BC407BD2B494D4400F4C3D6 /* SignUpViewController.swift */; };
		8BC407C02B495AD500F4C3D6 /* BaseView.swift in Sources */ = {isa = PBXBuildFile; fileRef = 8BC407BF2B495AD500F4C3D6 /* BaseView.swift */; };
		8BC407C42B4ADDA700F4C3D6 /* SignUpViewModel.swift in Sources */ = {isa = PBXBuildFile; fileRef = 8BC407C32B4ADDA700F4C3D6 /* SignUpViewModel.swift */; };
		8BC407C72B4BFE3B00F4C3D6 /* Extension+UITextField.swift in Sources */ = {isa = PBXBuildFile; fileRef = 8BC407C62B4BFE3B00F4C3D6 /* Extension+UITextField.swift */; };
		8BC407C92B4BFE5C00F4C3D6 /* Extension+String.swift in Sources */ = {isa = PBXBuildFile; fileRef = 8BC407C82B4BFE5C00F4C3D6 /* Extension+String.swift */; };
		8BC842D32B7DDFBE000A2C59 /* ChangeAdnimViewModel.swift in Sources */ = {isa = PBXBuildFile; fileRef = 8BC842D22B7DDFBE000A2C59 /* ChangeAdnimViewModel.swift */; };
		8BC842D92B83B8C2000A2C59 /* Differentiator in Frameworks */ = {isa = PBXBuildFile; productRef = 8BC842D82B83B8C2000A2C59 /* Differentiator */; };
		8BC842DB2B83B8C2000A2C59 /* RxDataSources in Frameworks */ = {isa = PBXBuildFile; productRef = 8BC842DA2B83B8C2000A2C59 /* RxDataSources */; };
		8BC842DF2B848B0A000A2C59 /* HomeViewDataSource.swift in Sources */ = {isa = PBXBuildFile; fileRef = 8BC842DE2B848B0A000A2C59 /* HomeViewDataSource.swift */; };
		8BC842E22B849A03000A2C59 /* DMTableViewCell.swift in Sources */ = {isa = PBXBuildFile; fileRef = 8BC842E12B849A03000A2C59 /* DMTableViewCell.swift */; };
		8BC842E42B873668000A2C59 /* DMHeaderView.swift in Sources */ = {isa = PBXBuildFile; fileRef = 8BC842E32B873668000A2C59 /* DMHeaderView.swift */; };
		8BC842E62B8736A0000A2C59 /* DMFooterView.swift in Sources */ = {isa = PBXBuildFile; fileRef = 8BC842E52B8736A0000A2C59 /* DMFooterView.swift */; };
		8BC842E92B8736F0000A2C59 /* AddMemberHeaderView.swift in Sources */ = {isa = PBXBuildFile; fileRef = 8BC842E82B8736F0000A2C59 /* AddMemberHeaderView.swift */; };
		8BC842EC2B87466E000A2C59 /* ChannelChattingViewController.swift in Sources */ = {isa = PBXBuildFile; fileRef = 8BC842EB2B87466E000A2C59 /* ChannelChattingViewController.swift */; };
		8BC842EE2B874914000A2C59 /* ChattingCell.swift in Sources */ = {isa = PBXBuildFile; fileRef = 8BC842ED2B874914000A2C59 /* ChattingCell.swift */; };
/* End PBXBuildFile section */

/* Begin PBXContainerItemProxy section */
		8B3B6CB52B43D6CE00B5B486 /* PBXContainerItemProxy */ = {
			isa = PBXContainerItemProxy;
			containerPortal = 8B3B6C962B43D6CD00B5B486 /* Project object */;
			proxyType = 1;
			remoteGlobalIDString = 8B3B6C9D2B43D6CD00B5B486;
			remoteInfo = SeSACTalk;
		};
		8B3B6CBF2B43D6CE00B5B486 /* PBXContainerItemProxy */ = {
			isa = PBXContainerItemProxy;
			containerPortal = 8B3B6C962B43D6CD00B5B486 /* Project object */;
			proxyType = 1;
			remoteGlobalIDString = 8B3B6C9D2B43D6CD00B5B486;
			remoteInfo = SeSACTalk;
		};
/* End PBXContainerItemProxy section */

/* Begin PBXFileReference section */
		8B3B6C9E2B43D6CD00B5B486 /* SeSACTalk.app */ = {isa = PBXFileReference; explicitFileType = wrapper.application; includeInIndex = 0; path = SeSACTalk.app; sourceTree = BUILT_PRODUCTS_DIR; };
		8B3B6CA12B43D6CD00B5B486 /* AppDelegate.swift */ = {isa = PBXFileReference; lastKnownFileType = sourcecode.swift; path = AppDelegate.swift; sourceTree = "<group>"; };
		8B3B6CA32B43D6CD00B5B486 /* SceneDelegate.swift */ = {isa = PBXFileReference; lastKnownFileType = sourcecode.swift; path = SceneDelegate.swift; sourceTree = "<group>"; };
		8B3B6CA52B43D6CD00B5B486 /* ViewController.swift */ = {isa = PBXFileReference; lastKnownFileType = sourcecode.swift; path = ViewController.swift; sourceTree = "<group>"; };
		8B3B6CA82B43D6CD00B5B486 /* Base */ = {isa = PBXFileReference; lastKnownFileType = file.storyboard; name = Base; path = Base.lproj/Main.storyboard; sourceTree = "<group>"; };
		8B3B6CAA2B43D6CE00B5B486 /* Assets.xcassets */ = {isa = PBXFileReference; lastKnownFileType = folder.assetcatalog; path = Assets.xcassets; sourceTree = "<group>"; };
		8B3B6CAD2B43D6CE00B5B486 /* Base */ = {isa = PBXFileReference; lastKnownFileType = file.storyboard; name = Base; path = Base.lproj/LaunchScreen.storyboard; sourceTree = "<group>"; };
		8B3B6CAF2B43D6CE00B5B486 /* Info.plist */ = {isa = PBXFileReference; lastKnownFileType = text.plist.xml; path = Info.plist; sourceTree = "<group>"; };
		8B3B6CB42B43D6CE00B5B486 /* SeSACTalkTests.xctest */ = {isa = PBXFileReference; explicitFileType = wrapper.cfbundle; includeInIndex = 0; path = SeSACTalkTests.xctest; sourceTree = BUILT_PRODUCTS_DIR; };
		8B3B6CB82B43D6CE00B5B486 /* SeSACTalkTests.swift */ = {isa = PBXFileReference; lastKnownFileType = sourcecode.swift; path = SeSACTalkTests.swift; sourceTree = "<group>"; };
		8B3B6CBE2B43D6CE00B5B486 /* SeSACTalkUITests.xctest */ = {isa = PBXFileReference; explicitFileType = wrapper.cfbundle; includeInIndex = 0; path = SeSACTalkUITests.xctest; sourceTree = BUILT_PRODUCTS_DIR; };
		8B3B6CC22B43D6CE00B5B486 /* SeSACTalkUITests.swift */ = {isa = PBXFileReference; lastKnownFileType = sourcecode.swift; path = SeSACTalkUITests.swift; sourceTree = "<group>"; };
		8B3B6CC42B43D6CE00B5B486 /* SeSACTalkUITestsLaunchTests.swift */ = {isa = PBXFileReference; lastKnownFileType = sourcecode.swift; path = SeSACTalkUITestsLaunchTests.swift; sourceTree = "<group>"; };
		8B3B6CFE2B43E5E300B5B486 /* BaseViewController.swift */ = {isa = PBXFileReference; lastKnownFileType = sourcecode.swift; path = BaseViewController.swift; sourceTree = "<group>"; };
		8B3B6D002B43E63900B5B486 /* SplashViewController.swift */ = {isa = PBXFileReference; lastKnownFileType = sourcecode.swift; path = SplashViewController.swift; sourceTree = "<group>"; };
		8B430C5F2B74B40B0050FA63 /* WorkspaceEditViewController.swift */ = {isa = PBXFileReference; lastKnownFileType = sourcecode.swift; path = WorkspaceEditViewController.swift; sourceTree = "<group>"; };
		8B430C612B74CA160050FA63 /* WorkspaceEditViewModel.swift */ = {isa = PBXFileReference; lastKnownFileType = sourcecode.swift; path = WorkspaceEditViewModel.swift; sourceTree = "<group>"; };
		8B430C672B7C95390050FA63 /* NotificationCenter.swift */ = {isa = PBXFileReference; lastKnownFileType = sourcecode.swift; path = NotificationCenter.swift; sourceTree = "<group>"; };
		8B430C692B7CBC530050FA63 /* ChangeAdimViewController.swift */ = {isa = PBXFileReference; lastKnownFileType = sourcecode.swift; path = ChangeAdimViewController.swift; sourceTree = "<group>"; };
		8B430C6B2B7CBCA20050FA63 /* ChangeAdminTableCell.swift */ = {isa = PBXFileReference; lastKnownFileType = sourcecode.swift; path = ChangeAdminTableCell.swift; sourceTree = "<group>"; };
		8B4E926D2B68E0E900ABFEB9 /* LeftImageButton.swift */ = {isa = PBXFileReference; lastKnownFileType = sourcecode.swift; path = LeftImageButton.swift; sourceTree = "<group>"; };
		8B5048CB2B5912EE00E8A8A0 /* AddWorkspaceViewController.swift */ = {isa = PBXFileReference; lastKnownFileType = sourcecode.swift; path = AddWorkspaceViewController.swift; sourceTree = "<group>"; };
		8B5048CD2B5915CB00E8A8A0 /* CustomTextFieldView.swift */ = {isa = PBXFileReference; lastKnownFileType = sourcecode.swift; path = CustomTextFieldView.swift; sourceTree = "<group>"; };
		8B5048D12B59290800E8A8A0 /* HomeViewController.swift */ = {isa = PBXFileReference; lastKnownFileType = sourcecode.swift; path = HomeViewController.swift; sourceTree = "<group>"; };
		8B5048D32B597D9100E8A8A0 /* HomeHeaderView.swift */ = {isa = PBXFileReference; lastKnownFileType = sourcecode.swift; path = HomeHeaderView.swift; sourceTree = "<group>"; };
		8B5048D62B5981BD00E8A8A0 /* AddWorkspaceViewModel.swift */ = {isa = PBXFileReference; lastKnownFileType = sourcecode.swift; path = AddWorkspaceViewModel.swift; sourceTree = "<group>"; };
		8B5048D82B5E630000E8A8A0 /* Rx+UIImagePickerController.swift */ = {isa = PBXFileReference; lastKnownFileType = sourcecode.swift; path = "Rx+UIImagePickerController.swift"; sourceTree = "<group>"; };
		8B52B7F62B60E3E300284550 /* EmptyView.swift */ = {isa = PBXFileReference; lastKnownFileType = sourcecode.swift; path = EmptyView.swift; sourceTree = "<group>"; };
		8B52B7F82B60F5B600284550 /* SwitchView.swift */ = {isa = PBXFileReference; lastKnownFileType = sourcecode.swift; path = SwitchView.swift; sourceTree = "<group>"; };
		8B52B7FA2B60FB1D00284550 /* Interceptor.swift */ = {isa = PBXFileReference; lastKnownFileType = sourcecode.swift; path = Interceptor.swift; sourceTree = "<group>"; };
		8B52B8032B62567700284550 /* ChannelTableViewCell.swift */ = {isa = PBXFileReference; lastKnownFileType = sourcecode.swift; path = ChannelTableViewCell.swift; sourceTree = "<group>"; };
		8B52B8052B6256AC00284550 /* BaseTableViewCell.swift */ = {isa = PBXFileReference; lastKnownFileType = sourcecode.swift; path = BaseTableViewCell.swift; sourceTree = "<group>"; };
		8B52B8072B625D7900284550 /* ChannelHeaderView.swift */ = {isa = PBXFileReference; lastKnownFileType = sourcecode.swift; path = ChannelHeaderView.swift; sourceTree = "<group>"; };
		8B52B8092B62659000284550 /* ChannelFooterView.swift */ = {isa = PBXFileReference; lastKnownFileType = sourcecode.swift; path = ChannelFooterView.swift; sourceTree = "<group>"; };
		8B52B80B2B62665900284550 /* HomeInitialViewController.swift */ = {isa = PBXFileReference; lastKnownFileType = sourcecode.swift; path = HomeInitialViewController.swift; sourceTree = "<group>"; };
		8B52B80D2B62670600284550 /* ReusableViewProtocol.swift */ = {isa = PBXFileReference; lastKnownFileType = sourcecode.swift; path = ReusableViewProtocol.swift; sourceTree = "<group>"; };
		8B52B8152B63812200284550 /* WorkspaceListViewController.swift */ = {isa = PBXFileReference; lastKnownFileType = sourcecode.swift; path = WorkspaceListViewController.swift; sourceTree = "<group>"; };
		8B52B8172B63817200284550 /* SideMenuNavigation.swift */ = {isa = PBXFileReference; lastKnownFileType = sourcecode.swift; path = SideMenuNavigation.swift; sourceTree = "<group>"; };
		8B52B8192B639F5600284550 /* EmptyListView.swift */ = {isa = PBXFileReference; lastKnownFileType = sourcecode.swift; path = EmptyListView.swift; sourceTree = "<group>"; };
		8B52B81B2B63A5EC00284550 /* WorkspaceListCell.swift */ = {isa = PBXFileReference; lastKnownFileType = sourcecode.swift; path = WorkspaceListCell.swift; sourceTree = "<group>"; };
		8B52B81D2B678E4600284550 /* TabBarController.swift */ = {isa = PBXFileReference; lastKnownFileType = sourcecode.swift; path = TabBarController.swift; sourceTree = "<group>"; };
		8B52B81F2B67F9CD00284550 /* WorkspaceInitalViewModel.swift */ = {isa = PBXFileReference; lastKnownFileType = sourcecode.swift; path = WorkspaceInitalViewModel.swift; sourceTree = "<group>"; };
		8B52B8232B67FF6C00284550 /* HomeViewModel.swift */ = {isa = PBXFileReference; lastKnownFileType = sourcecode.swift; path = HomeViewModel.swift; sourceTree = "<group>"; };
		8B56A3BA2B4FECA0004A6C38 /* Response.swift */ = {isa = PBXFileReference; lastKnownFileType = sourcecode.swift; path = Response.swift; sourceTree = "<group>"; };
		8B56A3BC2B5030C1004A6C38 /* APIError.swift */ = {isa = PBXFileReference; lastKnownFileType = sourcecode.swift; path = APIError.swift; sourceTree = "<group>"; };
		8B56A3BF2B5111BE004A6C38 /* LoggableError.swift */ = {isa = PBXFileReference; lastKnownFileType = sourcecode.swift; path = LoggableError.swift; sourceTree = "<group>"; };
		8B56A3C32B512DAC004A6C38 /* APIManager.swift */ = {isa = PBXFileReference; lastKnownFileType = sourcecode.swift; path = APIManager.swift; sourceTree = "<group>"; };
		8B5924012B8B846D0039D8EC /* ChannelChattingViewModel.swift */ = {isa = PBXFileReference; lastKnownFileType = sourcecode.swift; path = ChannelChattingViewModel.swift; sourceTree = "<group>"; };
		8B5924032B8B8D020039D8EC /* ChattingSelectedImageCell.swift */ = {isa = PBXFileReference; lastKnownFileType = sourcecode.swift; path = ChattingSelectedImageCell.swift; sourceTree = "<group>"; };
		8B5924052B8B8D340039D8EC /* BaseCollectionViewCell.swift */ = {isa = PBXFileReference; lastKnownFileType = sourcecode.swift; path = BaseCollectionViewCell.swift; sourceTree = "<group>"; };
		8B5924142B8DC0FA0039D8EC /* ChatTable.swift */ = {isa = PBXFileReference; lastKnownFileType = sourcecode.swift; path = ChatTable.swift; sourceTree = "<group>"; };
		8B5924162B8DC1550039D8EC /* UserInfoTable.swift */ = {isa = PBXFileReference; lastKnownFileType = sourcecode.swift; path = UserInfoTable.swift; sourceTree = "<group>"; };
		8B59241A2B8DC3AA0039D8EC /* ChannelInfoTable.swift */ = {isa = PBXFileReference; lastKnownFileType = sourcecode.swift; path = ChannelInfoTable.swift; sourceTree = "<group>"; };
		8B59241C2B8DC4EA0039D8EC /* ChannelChatRepository.swift */ = {isa = PBXFileReference; lastKnownFileType = sourcecode.swift; path = ChannelChatRepository.swift; sourceTree = "<group>"; };
		8B64DD6F2B6B8AB800062AB4 /* WorkspaceListViewModel.swift */ = {isa = PBXFileReference; lastKnownFileType = sourcecode.swift; path = WorkspaceListViewModel.swift; sourceTree = "<group>"; };
		8B64DD712B6B933A00062AB4 /* Extension + UIImageView.swift */ = {isa = PBXFileReference; lastKnownFileType = sourcecode.swift; path = "Extension + UIImageView.swift"; sourceTree = "<group>"; };
		8B64DD732B6CC3CB00062AB4 /* Extension+CALayer.swift */ = {isa = PBXFileReference; lastKnownFileType = sourcecode.swift; path = "Extension+CALayer.swift"; sourceTree = "<group>"; };
		8B64DD752B70BD7300062AB4 /* PopUpView.swift */ = {isa = PBXFileReference; lastKnownFileType = sourcecode.swift; path = PopUpView.swift; sourceTree = "<group>"; };
		8B6FA1C42B4FC1B500D23188 /* Router.swift */ = {isa = PBXFileReference; lastKnownFileType = sourcecode.swift; path = Router.swift; sourceTree = "<group>"; };
		8B6FA1C62B4FD66E00D23188 /* Request.swift */ = {isa = PBXFileReference; lastKnownFileType = sourcecode.swift; path = Request.swift; sourceTree = "<group>"; };
		8B6FA1C82B4FDB9F00D23188 /* Extension+UIViewController.swift */ = {isa = PBXFileReference; lastKnownFileType = sourcecode.swift; path = "Extension+UIViewController.swift"; sourceTree = "<group>"; };
		8B764B1E2B5507E00066AF07 /* SignUpState.swift */ = {isa = PBXFileReference; lastKnownFileType = sourcecode.swift; path = SignUpState.swift; sourceTree = "<group>"; };
		8B764B202B551E430066AF07 /* KeyChainManager.swift */ = {isa = PBXFileReference; lastKnownFileType = sourcecode.swift; path = KeyChainManager.swift; sourceTree = "<group>"; };
		8B764B232B5522840066AF07 /* LoginViewController.swift */ = {isa = PBXFileReference; lastKnownFileType = sourcecode.swift; path = LoginViewController.swift; sourceTree = "<group>"; };
		8B764B252B5522A20066AF07 /* LogInViewModel.swift */ = {isa = PBXFileReference; lastKnownFileType = sourcecode.swift; path = LogInViewModel.swift; sourceTree = "<group>"; };
		8B764B282B5658B90066AF07 /* WorkSpaceInitialView.swift */ = {isa = PBXFileReference; lastKnownFileType = sourcecode.swift; path = WorkSpaceInitialView.swift; sourceTree = "<group>"; };
		8B9506512B467A9F00A353A0 /* AuthViewModel.swift */ = {isa = PBXFileReference; lastKnownFileType = sourcecode.swift; path = AuthViewModel.swift; sourceTree = "<group>"; };
		8B9506532B467B0000A353A0 /* APIKey.swift */ = {isa = PBXFileReference; lastKnownFileType = sourcecode.swift; path = APIKey.swift; sourceTree = "<group>"; };
		8B9506552B4691FD00A353A0 /* ViewModelType.swift */ = {isa = PBXFileReference; lastKnownFileType = sourcecode.swift; path = ViewModelType.swift; sourceTree = "<group>"; };
		8BAFF99B2B440A3D005713EA /* OnboardingViewController.swift */ = {isa = PBXFileReference; lastKnownFileType = sourcecode.swift; path = OnboardingViewController.swift; sourceTree = "<group>"; };
		8BAFF9A02B4412ED005713EA /* Colors.swift */ = {isa = PBXFileReference; lastKnownFileType = sourcecode.swift; path = Colors.swift; sourceTree = "<group>"; };
		8BAFF9A22B444845005713EA /* Typography.swift */ = {isa = PBXFileReference; lastKnownFileType = sourcecode.swift; path = Typography.swift; sourceTree = "<group>"; };
		8BAFF9A92B455C25005713EA /* CustomButton.swift */ = {isa = PBXFileReference; lastKnownFileType = sourcecode.swift; path = CustomButton.swift; sourceTree = "<group>"; };
		8BAFF9AB2B459028005713EA /* AuthViewController.swift */ = {isa = PBXFileReference; lastKnownFileType = sourcecode.swift; path = AuthViewController.swift; sourceTree = "<group>"; };
		8BC407BB2B494AAD00F4C3D6 /* Config.xcconfig */ = {isa = PBXFileReference; lastKnownFileType = text.xcconfig; path = Config.xcconfig; sourceTree = "<group>"; };
		8BC407BD2B494D4400F4C3D6 /* SignUpViewController.swift */ = {isa = PBXFileReference; lastKnownFileType = sourcecode.swift; path = SignUpViewController.swift; sourceTree = "<group>"; };
		8BC407BF2B495AD500F4C3D6 /* BaseView.swift */ = {isa = PBXFileReference; lastKnownFileType = sourcecode.swift; path = BaseView.swift; sourceTree = "<group>"; };
		8BC407C32B4ADDA700F4C3D6 /* SignUpViewModel.swift */ = {isa = PBXFileReference; lastKnownFileType = sourcecode.swift; path = SignUpViewModel.swift; sourceTree = "<group>"; };
		8BC407C62B4BFE3B00F4C3D6 /* Extension+UITextField.swift */ = {isa = PBXFileReference; lastKnownFileType = sourcecode.swift; path = "Extension+UITextField.swift"; sourceTree = "<group>"; };
		8BC407C82B4BFE5C00F4C3D6 /* Extension+String.swift */ = {isa = PBXFileReference; lastKnownFileType = sourcecode.swift; path = "Extension+String.swift"; sourceTree = "<group>"; };
		8BC842D22B7DDFBE000A2C59 /* ChangeAdnimViewModel.swift */ = {isa = PBXFileReference; lastKnownFileType = sourcecode.swift; path = ChangeAdnimViewModel.swift; sourceTree = "<group>"; };
		8BC842DE2B848B0A000A2C59 /* HomeViewDataSource.swift */ = {isa = PBXFileReference; lastKnownFileType = sourcecode.swift; path = HomeViewDataSource.swift; sourceTree = "<group>"; };
		8BC842E12B849A03000A2C59 /* DMTableViewCell.swift */ = {isa = PBXFileReference; lastKnownFileType = sourcecode.swift; path = DMTableViewCell.swift; sourceTree = "<group>"; };
		8BC842E32B873668000A2C59 /* DMHeaderView.swift */ = {isa = PBXFileReference; lastKnownFileType = sourcecode.swift; path = DMHeaderView.swift; sourceTree = "<group>"; };
		8BC842E52B8736A0000A2C59 /* DMFooterView.swift */ = {isa = PBXFileReference; lastKnownFileType = sourcecode.swift; path = DMFooterView.swift; sourceTree = "<group>"; };
		8BC842E82B8736F0000A2C59 /* AddMemberHeaderView.swift */ = {isa = PBXFileReference; lastKnownFileType = sourcecode.swift; path = AddMemberHeaderView.swift; sourceTree = "<group>"; };
		8BC842EB2B87466E000A2C59 /* ChannelChattingViewController.swift */ = {isa = PBXFileReference; lastKnownFileType = sourcecode.swift; path = ChannelChattingViewController.swift; sourceTree = "<group>"; };
		8BC842ED2B874914000A2C59 /* ChattingCell.swift */ = {isa = PBXFileReference; lastKnownFileType = sourcecode.swift; path = ChattingCell.swift; sourceTree = "<group>"; };
/* End PBXFileReference section */

/* Begin PBXFrameworksBuildPhase section */
		8B3B6C9B2B43D6CD00B5B486 /* Frameworks */ = {
			isa = PBXFrameworksBuildPhase;
			buildActionMask = 2147483647;
			files = (
				8B3B6D202B43EDA100B5B486 /* RxKakaoSDKUser in Frameworks */,
				8B5924202B8F38FC0039D8EC /* SocketIO in Frameworks */,
				8BC842D92B83B8C2000A2C59 /* Differentiator in Frameworks */,
				8B3B6D172B43ED9500B5B486 /* KakaoSDKCommon in Frameworks */,
				8B3B6D152B43ED9500B5B486 /* KakaoSDKAuth in Frameworks */,
				8B3B6D0A2B43ED6700B5B486 /* Kingfisher in Frameworks */,
				8BC842DB2B83B8C2000A2C59 /* RxDataSources in Frameworks */,
				8B52B8112B637F9000284550 /* SideMenu in Frameworks */,
				8B3B6D1C2B43EDA100B5B486 /* RxKakaoSDKAuth in Frameworks */,
				8B3B6D042B43ED4A00B5B486 /* SnapKit in Frameworks */,
				8B59240E2B8CC8250039D8EC /* Realm in Frameworks */,
				8B56A3B92B4FEB38004A6C38 /* Moya in Frameworks */,
				8B3B6D0F2B43ED7700B5B486 /* RxSwift in Frameworks */,
				8B5924102B8CC8250039D8EC /* RealmSwift in Frameworks */,
				8B3B6D1E2B43EDA100B5B486 /* RxKakaoSDKCommon in Frameworks */,
				8B3B6D0D2B43ED7700B5B486 /* RxCocoa in Frameworks */,
				8B3B6D072B43ED5F00B5B486 /* Alamofire in Frameworks */,
				8B3B6D122B43ED8700B5B486 /* IQKeyboardManagerSwift in Frameworks */,
				8B3B6D192B43ED9500B5B486 /* KakaoSDKUser in Frameworks */,
			);
			runOnlyForDeploymentPostprocessing = 0;
		};
		8B3B6CB12B43D6CE00B5B486 /* Frameworks */ = {
			isa = PBXFrameworksBuildPhase;
			buildActionMask = 2147483647;
			files = (
			);
			runOnlyForDeploymentPostprocessing = 0;
		};
		8B3B6CBB2B43D6CE00B5B486 /* Frameworks */ = {
			isa = PBXFrameworksBuildPhase;
			buildActionMask = 2147483647;
			files = (
			);
			runOnlyForDeploymentPostprocessing = 0;
		};
/* End PBXFrameworksBuildPhase section */

/* Begin PBXGroup section */
		8B3B6C952B43D6CD00B5B486 = {
			isa = PBXGroup;
			children = (
				8B3B6CA02B43D6CD00B5B486 /* SeSACTalk */,
				8B3B6CB72B43D6CE00B5B486 /* SeSACTalkTests */,
				8B3B6CC12B43D6CE00B5B486 /* SeSACTalkUITests */,
				8B3B6C9F2B43D6CD00B5B486 /* Products */,
			);
			sourceTree = "<group>";
		};
		8B3B6C9F2B43D6CD00B5B486 /* Products */ = {
			isa = PBXGroup;
			children = (
				8B3B6C9E2B43D6CD00B5B486 /* SeSACTalk.app */,
				8B3B6CB42B43D6CE00B5B486 /* SeSACTalkTests.xctest */,
				8B3B6CBE2B43D6CE00B5B486 /* SeSACTalkUITests.xctest */,
			);
			name = Products;
			sourceTree = "<group>";
		};
		8B3B6CA02B43D6CD00B5B486 /* SeSACTalk */ = {
			isa = PBXGroup;
			children = (
				8B3B6CA12B43D6CD00B5B486 /* AppDelegate.swift */,
				8B3B6CA32B43D6CD00B5B486 /* SceneDelegate.swift */,
				8B3B6CA52B43D6CD00B5B486 /* ViewController.swift */,
				8B3B6CA72B43D6CD00B5B486 /* Main.storyboard */,
				8B3B6CAA2B43D6CE00B5B486 /* Assets.xcassets */,
				8B3B6CAC2B43D6CE00B5B486 /* LaunchScreen.storyboard */,
				8B3B6CAF2B43D6CE00B5B486 /* Info.plist */,
				8BAFF99D2B440FD7005713EA /* Utility */,
				8B3B6CFC2B43E58B00B5B486 /* Network */,
				8B5924112B8CEC390039D8EC /* Realm */,
				8B3B6CFB2B43E57E00B5B486 /* Scene */,
				8BC407BB2B494AAD00F4C3D6 /* Config.xcconfig */,
			);
			path = SeSACTalk;
			sourceTree = "<group>";
		};
		8B3B6CB72B43D6CE00B5B486 /* SeSACTalkTests */ = {
			isa = PBXGroup;
			children = (
				8B3B6CB82B43D6CE00B5B486 /* SeSACTalkTests.swift */,
			);
			path = SeSACTalkTests;
			sourceTree = "<group>";
		};
		8B3B6CC12B43D6CE00B5B486 /* SeSACTalkUITests */ = {
			isa = PBXGroup;
			children = (
				8B3B6CC22B43D6CE00B5B486 /* SeSACTalkUITests.swift */,
				8B3B6CC42B43D6CE00B5B486 /* SeSACTalkUITestsLaunchTests.swift */,
			);
			path = SeSACTalkUITests;
			sourceTree = "<group>";
		};
		8B3B6CFA2B43E53400B5B486 /* Base */ = {
			isa = PBXGroup;
			children = (
				8B3B6CFE2B43E5E300B5B486 /* BaseViewController.swift */,
				8BC407BF2B495AD500F4C3D6 /* BaseView.swift */,
				8B9506552B4691FD00A353A0 /* ViewModelType.swift */,
				8B52B8052B6256AC00284550 /* BaseTableViewCell.swift */,
				8B52B80D2B62670600284550 /* ReusableViewProtocol.swift */,
				8B5924052B8B8D340039D8EC /* BaseCollectionViewCell.swift */,
			);
			path = Base;
			sourceTree = "<group>";
		};
		8B3B6CFB2B43E57E00B5B486 /* Scene */ = {
			isa = PBXGroup;
			children = (
				8B52B7F82B60F5B600284550 /* SwitchView.swift */,
				8BC407C52B4BFE2A00F4C3D6 /* Extension */,
				8B3B6CFA2B43E53400B5B486 /* Base */,
				8BAFF9A82B455C0A005713EA /* CustomView */,
				8B3B6CFD2B43E59700B5B486 /* SplashView */,
				8BAFF99A2B440A27005713EA /* OnboardingView */,
				8B9506502B4670E700A353A0 /* AuthView */,
				8BC407BC2B494D1500F4C3D6 /* SignUpView */,
				8B764B222B5522640066AF07 /* EmailLogInView */,
				8B764B272B5658730066AF07 /* WorkSpace */,
			);
			path = Scene;
			sourceTree = "<group>";
		};
		8B3B6CFC2B43E58B00B5B486 /* Network */ = {
			isa = PBXGroup;
			children = (
				8B9506532B467B0000A353A0 /* APIKey.swift */,
				8B6FA1C42B4FC1B500D23188 /* Router.swift */,
				8B56A3C32B512DAC004A6C38 /* APIManager.swift */,
				8B6FA1C62B4FD66E00D23188 /* Request.swift */,
				8B56A3BA2B4FECA0004A6C38 /* Response.swift */,
				8B56A3BE2B5111AD004A6C38 /* Error */,
				8B52B7FA2B60FB1D00284550 /* Interceptor.swift */,
			);
			path = Network;
			sourceTree = "<group>";
		};
		8B3B6CFD2B43E59700B5B486 /* SplashView */ = {
			isa = PBXGroup;
			children = (
				8B3B6D002B43E63900B5B486 /* SplashViewController.swift */,
			);
			path = SplashView;
			sourceTree = "<group>";
		};
		8B430C5E2B74B3F50050FA63 /* WorkspaceSetting */ = {
			isa = PBXGroup;
			children = (
				8B430C662B7B68150050FA63 /* ChangeAdmin */,
				8B430C652B7B67FF0050FA63 /* EditWorkspace */,
			);
			path = WorkspaceSetting;
			sourceTree = "<group>";
		};
		8B430C652B7B67FF0050FA63 /* EditWorkspace */ = {
			isa = PBXGroup;
			children = (
				8B430C5F2B74B40B0050FA63 /* WorkspaceEditViewController.swift */,
				8B430C612B74CA160050FA63 /* WorkspaceEditViewModel.swift */,
			);
			path = EditWorkspace;
			sourceTree = "<group>";
		};
		8B430C662B7B68150050FA63 /* ChangeAdmin */ = {
			isa = PBXGroup;
			children = (
				8B430C692B7CBC530050FA63 /* ChangeAdimViewController.swift */,
				8B430C6B2B7CBCA20050FA63 /* ChangeAdminTableCell.swift */,
				8BC842D22B7DDFBE000A2C59 /* ChangeAdnimViewModel.swift */,
			);
			path = ChangeAdmin;
			sourceTree = "<group>";
		};
		8B5048D52B5981A200E8A8A0 /* AddWorkspace */ = {
			isa = PBXGroup;
			children = (
				8B5048CB2B5912EE00E8A8A0 /* AddWorkspaceViewController.swift */,
				8B5048D62B5981BD00E8A8A0 /* AddWorkspaceViewModel.swift */,
			);
			path = AddWorkspace;
			sourceTree = "<group>";
		};
		8B52B7F52B5FCDAB00284550 /* HomeView */ = {
			isa = PBXGroup;
			children = (
				8B52B81D2B678E4600284550 /* TabBarController.swift */,
				8BC842DC2B848ABE000A2C59 /* CustomView */,
				8B5048D12B59290800E8A8A0 /* HomeViewController.swift */,
				8B52B8232B67FF6C00284550 /* HomeViewModel.swift */,
				8BC842DE2B848B0A000A2C59 /* HomeViewDataSource.swift */,
				8BC842DD2B848ACA000A2C59 /* Channel */,
				8BC842E02B8499EB000A2C59 /* DM */,
				8BC842E72B8736D4000A2C59 /* AddMember */,
			);
			path = HomeView;
			sourceTree = "<group>";
		};
		8B52B8142B6380F600284550 /* WorkspaceList */ = {
			isa = PBXGroup;
			children = (
				8BC842D42B7E08BA000A2C59 /* WorkspaceListView */,
				8B430C5E2B74B3F50050FA63 /* WorkspaceSetting */,
			);
			path = WorkspaceList;
			sourceTree = "<group>";
		};
		8B52B8212B67F9D200284550 /* WorkspaceInitial */ = {
			isa = PBXGroup;
			children = (
				8B764B282B5658B90066AF07 /* WorkSpaceInitialView.swift */,
				8B52B81F2B67F9CD00284550 /* WorkspaceInitalViewModel.swift */,
			);
			path = WorkspaceInitial;
			sourceTree = "<group>";
		};
		8B56A3BE2B5111AD004A6C38 /* Error */ = {
			isa = PBXGroup;
			children = (
				8B56A3BC2B5030C1004A6C38 /* APIError.swift */,
				8B56A3BF2B5111BE004A6C38 /* LoggableError.swift */,
			);
			path = Error;
			sourceTree = "<group>";
		};
		8B5924112B8CEC390039D8EC /* Realm */ = {
			isa = PBXGroup;
			children = (
				8B59241A2B8DC3AA0039D8EC /* ChannelInfoTable.swift */,
				8B5924142B8DC0FA0039D8EC /* ChatTable.swift */,
				8B5924162B8DC1550039D8EC /* UserInfoTable.swift */,
				8B59241C2B8DC4EA0039D8EC /* ChannelChatRepository.swift */,
			);
			path = Realm;
			sourceTree = "<group>";
		};
		8B764B222B5522640066AF07 /* EmailLogInView */ = {
			isa = PBXGroup;
			children = (
				8B764B232B5522840066AF07 /* LoginViewController.swift */,
				8B764B252B5522A20066AF07 /* LogInViewModel.swift */,
			);
			path = EmailLogInView;
			sourceTree = "<group>";
		};
		8B764B272B5658730066AF07 /* WorkSpace */ = {
			isa = PBXGroup;
			children = (
				8B52B8212B67F9D200284550 /* WorkspaceInitial */,
				8B52B8142B6380F600284550 /* WorkspaceList */,
				8B5048D52B5981A200E8A8A0 /* AddWorkspace */,
				8B52B7F52B5FCDAB00284550 /* HomeView */,
			);
			path = WorkSpace;
			sourceTree = "<group>";
		};
		8B9506502B4670E700A353A0 /* AuthView */ = {
			isa = PBXGroup;
			children = (
				8BAFF9AB2B459028005713EA /* AuthViewController.swift */,
				8B9506512B467A9F00A353A0 /* AuthViewModel.swift */,
			);
			path = AuthView;
			sourceTree = "<group>";
		};
		8BAFF99A2B440A27005713EA /* OnboardingView */ = {
			isa = PBXGroup;
			children = (
				8BAFF99B2B440A3D005713EA /* OnboardingViewController.swift */,
			);
			path = OnboardingView;
			sourceTree = "<group>";
		};
		8BAFF99D2B440FD7005713EA /* Utility */ = {
			isa = PBXGroup;
			children = (
				8BAFF9A02B4412ED005713EA /* Colors.swift */,
				8BAFF9A22B444845005713EA /* Typography.swift */,
				8B764B202B551E430066AF07 /* KeyChainManager.swift */,
				8B430C672B7C95390050FA63 /* NotificationCenter.swift */,
			);
			path = Utility;
			sourceTree = "<group>";
		};
		8BAFF9A82B455C0A005713EA /* CustomView */ = {
			isa = PBXGroup;
			children = (
				8BAFF9A92B455C25005713EA /* CustomButton.swift */,
				8B5048CD2B5915CB00E8A8A0 /* CustomTextFieldView.swift */,
				8B4E926D2B68E0E900ABFEB9 /* LeftImageButton.swift */,
				8B64DD752B70BD7300062AB4 /* PopUpView.swift */,
			);
			path = CustomView;
			sourceTree = "<group>";
		};
		8BC407BC2B494D1500F4C3D6 /* SignUpView */ = {
			isa = PBXGroup;
			children = (
				8BC407BD2B494D4400F4C3D6 /* SignUpViewController.swift */,
				8BC407C32B4ADDA700F4C3D6 /* SignUpViewModel.swift */,
				8B764B1E2B5507E00066AF07 /* SignUpState.swift */,
			);
			path = SignUpView;
			sourceTree = "<group>";
		};
		8BC407C52B4BFE2A00F4C3D6 /* Extension */ = {
			isa = PBXGroup;
			children = (
				8BC407C62B4BFE3B00F4C3D6 /* Extension+UITextField.swift */,
				8BC407C82B4BFE5C00F4C3D6 /* Extension+String.swift */,
				8B6FA1C82B4FDB9F00D23188 /* Extension+UIViewController.swift */,
				8B5048D82B5E630000E8A8A0 /* Rx+UIImagePickerController.swift */,
				8B64DD712B6B933A00062AB4 /* Extension + UIImageView.swift */,
				8B64DD732B6CC3CB00062AB4 /* Extension+CALayer.swift */,
			);
			path = Extension;
			sourceTree = "<group>";
		};
		8BC842D42B7E08BA000A2C59 /* WorkspaceListView */ = {
			isa = PBXGroup;
			children = (
				8B52B8152B63812200284550 /* WorkspaceListViewController.swift */,
				8B64DD6F2B6B8AB800062AB4 /* WorkspaceListViewModel.swift */,
				8B52B8172B63817200284550 /* SideMenuNavigation.swift */,
				8B52B8192B639F5600284550 /* EmptyListView.swift */,
				8B52B81B2B63A5EC00284550 /* WorkspaceListCell.swift */,
			);
			path = WorkspaceListView;
			sourceTree = "<group>";
		};
		8BC842DC2B848ABE000A2C59 /* CustomView */ = {
			isa = PBXGroup;
			children = (
				8B5048D32B597D9100E8A8A0 /* HomeHeaderView.swift */,
				8B52B7F62B60E3E300284550 /* EmptyView.swift */,
				8B52B80B2B62665900284550 /* HomeInitialViewController.swift */,
			);
			path = CustomView;
			sourceTree = "<group>";
		};
		8BC842DD2B848ACA000A2C59 /* Channel */ = {
			isa = PBXGroup;
			children = (
				8B52B8032B62567700284550 /* ChannelTableViewCell.swift */,
				8B52B8072B625D7900284550 /* ChannelHeaderView.swift */,
				8B52B8092B62659000284550 /* ChannelFooterView.swift */,
				8BC842EA2B874639000A2C59 /* Channel Chatting */,
			);
			path = Channel;
			sourceTree = "<group>";
		};
		8BC842E02B8499EB000A2C59 /* DM */ = {
			isa = PBXGroup;
			children = (
				8BC842E12B849A03000A2C59 /* DMTableViewCell.swift */,
				8BC842E32B873668000A2C59 /* DMHeaderView.swift */,
				8BC842E52B8736A0000A2C59 /* DMFooterView.swift */,
			);
			path = DM;
			sourceTree = "<group>";
		};
		8BC842E72B8736D4000A2C59 /* AddMember */ = {
			isa = PBXGroup;
			children = (
				8BC842E82B8736F0000A2C59 /* AddMemberHeaderView.swift */,
			);
			path = AddMember;
			sourceTree = "<group>";
		};
		8BC842EA2B874639000A2C59 /* Channel Chatting */ = {
			isa = PBXGroup;
			children = (
				8BC842EB2B87466E000A2C59 /* ChannelChattingViewController.swift */,
				8B5924012B8B846D0039D8EC /* ChannelChattingViewModel.swift */,
				8BC842ED2B874914000A2C59 /* ChattingCell.swift */,
				8B5924032B8B8D020039D8EC /* ChattingSelectedImageCell.swift */,
			);
			path = "Channel Chatting";
			sourceTree = "<group>";
		};
/* End PBXGroup section */

/* Begin PBXNativeTarget section */
		8B3B6C9D2B43D6CD00B5B486 /* SeSACTalk */ = {
			isa = PBXNativeTarget;
			buildConfigurationList = 8B3B6CC82B43D6CE00B5B486 /* Build configuration list for PBXNativeTarget "SeSACTalk" */;
			buildPhases = (
				8B3B6C9A2B43D6CD00B5B486 /* Sources */,
				8B3B6C9B2B43D6CD00B5B486 /* Frameworks */,
				8B3B6C9C2B43D6CD00B5B486 /* Resources */,
			);
			buildRules = (
			);
			dependencies = (
			);
			name = SeSACTalk;
			packageProductDependencies = (
				8B3B6D032B43ED4A00B5B486 /* SnapKit */,
				8B3B6D062B43ED5F00B5B486 /* Alamofire */,
				8B3B6D092B43ED6700B5B486 /* Kingfisher */,
				8B3B6D0C2B43ED7700B5B486 /* RxCocoa */,
				8B3B6D0E2B43ED7700B5B486 /* RxSwift */,
				8B3B6D112B43ED8700B5B486 /* IQKeyboardManagerSwift */,
				8B3B6D142B43ED9500B5B486 /* KakaoSDKAuth */,
				8B3B6D162B43ED9500B5B486 /* KakaoSDKCommon */,
				8B3B6D182B43ED9500B5B486 /* KakaoSDKUser */,
				8B3B6D1B2B43EDA100B5B486 /* RxKakaoSDKAuth */,
				8B3B6D1D2B43EDA100B5B486 /* RxKakaoSDKCommon */,
				8B3B6D1F2B43EDA100B5B486 /* RxKakaoSDKUser */,
				8B56A3B82B4FEB38004A6C38 /* Moya */,
				8B52B8102B637F9000284550 /* SideMenu */,
				8BC842D82B83B8C2000A2C59 /* Differentiator */,
				8BC842DA2B83B8C2000A2C59 /* RxDataSources */,
				8B59240D2B8CC8250039D8EC /* Realm */,
				8B59240F2B8CC8250039D8EC /* RealmSwift */,
				8B59241F2B8F38FC0039D8EC /* SocketIO */,
			);
			productName = SeSACTalk;
			productReference = 8B3B6C9E2B43D6CD00B5B486 /* SeSACTalk.app */;
			productType = "com.apple.product-type.application";
		};
		8B3B6CB32B43D6CE00B5B486 /* SeSACTalkTests */ = {
			isa = PBXNativeTarget;
			buildConfigurationList = 8B3B6CCB2B43D6CE00B5B486 /* Build configuration list for PBXNativeTarget "SeSACTalkTests" */;
			buildPhases = (
				8B3B6CB02B43D6CE00B5B486 /* Sources */,
				8B3B6CB12B43D6CE00B5B486 /* Frameworks */,
				8B3B6CB22B43D6CE00B5B486 /* Resources */,
			);
			buildRules = (
			);
			dependencies = (
				8B3B6CB62B43D6CE00B5B486 /* PBXTargetDependency */,
			);
			name = SeSACTalkTests;
			productName = SeSACTalkTests;
			productReference = 8B3B6CB42B43D6CE00B5B486 /* SeSACTalkTests.xctest */;
			productType = "com.apple.product-type.bundle.unit-test";
		};
		8B3B6CBD2B43D6CE00B5B486 /* SeSACTalkUITests */ = {
			isa = PBXNativeTarget;
			buildConfigurationList = 8B3B6CCE2B43D6CE00B5B486 /* Build configuration list for PBXNativeTarget "SeSACTalkUITests" */;
			buildPhases = (
				8B3B6CBA2B43D6CE00B5B486 /* Sources */,
				8B3B6CBB2B43D6CE00B5B486 /* Frameworks */,
				8B3B6CBC2B43D6CE00B5B486 /* Resources */,
			);
			buildRules = (
			);
			dependencies = (
				8B3B6CC02B43D6CE00B5B486 /* PBXTargetDependency */,
			);
			name = SeSACTalkUITests;
			productName = SeSACTalkUITests;
			productReference = 8B3B6CBE2B43D6CE00B5B486 /* SeSACTalkUITests.xctest */;
			productType = "com.apple.product-type.bundle.ui-testing";
		};
/* End PBXNativeTarget section */

/* Begin PBXProject section */
		8B3B6C962B43D6CD00B5B486 /* Project object */ = {
			isa = PBXProject;
			attributes = {
				BuildIndependentTargetsInParallel = 1;
				LastSwiftUpdateCheck = 1500;
				LastUpgradeCheck = 1500;
				TargetAttributes = {
					8B3B6C9D2B43D6CD00B5B486 = {
						CreatedOnToolsVersion = 15.0.1;
					};
					8B3B6CB32B43D6CE00B5B486 = {
						CreatedOnToolsVersion = 15.0.1;
						TestTargetID = 8B3B6C9D2B43D6CD00B5B486;
					};
					8B3B6CBD2B43D6CE00B5B486 = {
						CreatedOnToolsVersion = 15.0.1;
						TestTargetID = 8B3B6C9D2B43D6CD00B5B486;
					};
				};
			};
			buildConfigurationList = 8B3B6C992B43D6CD00B5B486 /* Build configuration list for PBXProject "SeSACTalk" */;
			compatibilityVersion = "Xcode 14.0";
			developmentRegion = en;
			hasScannedForEncodings = 0;
			knownRegions = (
				en,
				Base,
			);
			mainGroup = 8B3B6C952B43D6CD00B5B486;
			packageReferences = (
				8B3B6D022B43ED4A00B5B486 /* XCRemoteSwiftPackageReference "SnapKit" */,
				8B3B6D052B43ED5F00B5B486 /* XCRemoteSwiftPackageReference "Alamofire" */,
				8B3B6D082B43ED6700B5B486 /* XCRemoteSwiftPackageReference "Kingfisher" */,
				8B3B6D0B2B43ED7700B5B486 /* XCRemoteSwiftPackageReference "RxSwift" */,
				8B3B6D102B43ED8700B5B486 /* XCRemoteSwiftPackageReference "IQKeyboardManager" */,
				8B3B6D132B43ED9500B5B486 /* XCRemoteSwiftPackageReference "kakao-ios-sdk" */,
				8B3B6D1A2B43EDA100B5B486 /* XCRemoteSwiftPackageReference "kakao-ios-sdk-rx" */,
				8B56A3B72B4FEB38004A6C38 /* XCRemoteSwiftPackageReference "Moya" */,
				8B52B80F2B637F9000284550 /* XCRemoteSwiftPackageReference "SideMenu" */,
				8BC842D72B83B8C2000A2C59 /* XCRemoteSwiftPackageReference "RxDataSources" */,
				8B59240C2B8CC8250039D8EC /* XCRemoteSwiftPackageReference "realm-swift" */,
				8B59241E2B8F38FC0039D8EC /* XCRemoteSwiftPackageReference "socket.io-client-swift" */,
			);
			productRefGroup = 8B3B6C9F2B43D6CD00B5B486 /* Products */;
			projectDirPath = "";
			projectRoot = "";
			targets = (
				8B3B6C9D2B43D6CD00B5B486 /* SeSACTalk */,
				8B3B6CB32B43D6CE00B5B486 /* SeSACTalkTests */,
				8B3B6CBD2B43D6CE00B5B486 /* SeSACTalkUITests */,
			);
		};
/* End PBXProject section */

/* Begin PBXResourcesBuildPhase section */
		8B3B6C9C2B43D6CD00B5B486 /* Resources */ = {
			isa = PBXResourcesBuildPhase;
			buildActionMask = 2147483647;
			files = (
				8B3B6CAE2B43D6CE00B5B486 /* LaunchScreen.storyboard in Resources */,
				8B3B6CAB2B43D6CE00B5B486 /* Assets.xcassets in Resources */,
				8B3B6CA92B43D6CD00B5B486 /* Main.storyboard in Resources */,
			);
			runOnlyForDeploymentPostprocessing = 0;
		};
		8B3B6CB22B43D6CE00B5B486 /* Resources */ = {
			isa = PBXResourcesBuildPhase;
			buildActionMask = 2147483647;
			files = (
			);
			runOnlyForDeploymentPostprocessing = 0;
		};
		8B3B6CBC2B43D6CE00B5B486 /* Resources */ = {
			isa = PBXResourcesBuildPhase;
			buildActionMask = 2147483647;
			files = (
			);
			runOnlyForDeploymentPostprocessing = 0;
		};
/* End PBXResourcesBuildPhase section */

/* Begin PBXSourcesBuildPhase section */
		8B3B6C9A2B43D6CD00B5B486 /* Sources */ = {
			isa = PBXSourcesBuildPhase;
			buildActionMask = 2147483647;
			files = (
				8B3B6CA62B43D6CD00B5B486 /* ViewController.swift in Sources */,
				8B52B8082B625D7900284550 /* ChannelHeaderView.swift in Sources */,
				8BC842DF2B848B0A000A2C59 /* HomeViewDataSource.swift in Sources */,
				8B764B1F2B5507E00066AF07 /* SignUpState.swift in Sources */,
				8B52B7F92B60F5B600284550 /* SwitchView.swift in Sources */,
				8BC407C72B4BFE3B00F4C3D6 /* Extension+UITextField.swift in Sources */,
				8B59241D2B8DC4EA0039D8EC /* ChannelChatRepository.swift in Sources */,
				8BC842E42B873668000A2C59 /* DMHeaderView.swift in Sources */,
				8BC407C42B4ADDA700F4C3D6 /* SignUpViewModel.swift in Sources */,
				8B5924042B8B8D020039D8EC /* ChattingSelectedImageCell.swift in Sources */,
				8B5048CC2B5912EE00E8A8A0 /* AddWorkspaceViewController.swift in Sources */,
				8BAFF9A12B4412ED005713EA /* Colors.swift in Sources */,
				8B4E926E2B68E0E900ABFEB9 /* LeftImageButton.swift in Sources */,
				8BC842E22B849A03000A2C59 /* DMTableViewCell.swift in Sources */,
				8B5924172B8DC1550039D8EC /* UserInfoTable.swift in Sources */,
				8B764B242B5522840066AF07 /* LoginViewController.swift in Sources */,
				8B6FA1C72B4FD66F00D23188 /* Request.swift in Sources */,
				8B52B8042B62567700284550 /* ChannelTableViewCell.swift in Sources */,
				8B430C602B74B40B0050FA63 /* WorkspaceEditViewController.swift in Sources */,
				8B52B80E2B62670600284550 /* ReusableViewProtocol.swift in Sources */,
				8B5048D42B597D9100E8A8A0 /* HomeHeaderView.swift in Sources */,
				8B64DD722B6B933A00062AB4 /* Extension + UIImageView.swift in Sources */,
				8B5924022B8B846D0039D8EC /* ChannelChattingViewModel.swift in Sources */,
				8B64DD762B70BD7300062AB4 /* PopUpView.swift in Sources */,
				8B56A3BD2B5030C1004A6C38 /* APIError.swift in Sources */,
				8BAFF9AC2B459028005713EA /* AuthViewController.swift in Sources */,
				8BC407C92B4BFE5C00F4C3D6 /* Extension+String.swift in Sources */,
				8B56A3C02B5111BE004A6C38 /* LoggableError.swift in Sources */,
				8B52B80A2B62659000284550 /* ChannelFooterView.swift in Sources */,
				8BAFF9AA2B455C25005713EA /* CustomButton.swift in Sources */,
				8B56A3C42B512DAC004A6C38 /* APIManager.swift in Sources */,
				8B5924062B8B8D340039D8EC /* BaseCollectionViewCell.swift in Sources */,
				8B52B81A2B639F5600284550 /* EmptyListView.swift in Sources */,
				8B52B81C2B63A5EC00284550 /* WorkspaceListCell.swift in Sources */,
				8B5924152B8DC0FA0039D8EC /* ChatTable.swift in Sources */,
				8B6FA1C92B4FDB9F00D23188 /* Extension+UIViewController.swift in Sources */,
				8BAFF9A32B444845005713EA /* Typography.swift in Sources */,
				8B52B8202B67F9CD00284550 /* WorkspaceInitalViewModel.swift in Sources */,
				8BAFF99C2B440A3D005713EA /* OnboardingViewController.swift in Sources */,
				8B59241B2B8DC3AA0039D8EC /* ChannelInfoTable.swift in Sources */,
				8B5048D92B5E630000E8A8A0 /* Rx+UIImagePickerController.swift in Sources */,
				8B764B262B5522A20066AF07 /* LogInViewModel.swift in Sources */,
				8B3B6CFF2B43E5E300B5B486 /* BaseViewController.swift in Sources */,
				8B5048CE2B5915CB00E8A8A0 /* CustomTextFieldView.swift in Sources */,
				8B9506522B467A9F00A353A0 /* AuthViewModel.swift in Sources */,
				8B52B8182B63817200284550 /* SideMenuNavigation.swift in Sources */,
				8B5048D72B5981BD00E8A8A0 /* AddWorkspaceViewModel.swift in Sources */,
				8BC842E62B8736A0000A2C59 /* DMFooterView.swift in Sources */,
				8B52B80C2B62665900284550 /* HomeInitialViewController.swift in Sources */,
				8B430C6C2B7CBCA20050FA63 /* ChangeAdminTableCell.swift in Sources */,
				8BC407BE2B494D4400F4C3D6 /* SignUpViewController.swift in Sources */,
				8B64DD742B6CC3CB00062AB4 /* Extension+CALayer.swift in Sources */,
				8BC842EE2B874914000A2C59 /* ChattingCell.swift in Sources */,
				8BC842E92B8736F0000A2C59 /* AddMemberHeaderView.swift in Sources */,
				8B64DD702B6B8AB800062AB4 /* WorkspaceListViewModel.swift in Sources */,
				8B430C682B7C95390050FA63 /* NotificationCenter.swift in Sources */,
				8B52B8242B67FF6C00284550 /* HomeViewModel.swift in Sources */,
				8B6FA1C52B4FC1B500D23188 /* Router.swift in Sources */,
				8B52B7F72B60E3E300284550 /* EmptyView.swift in Sources */,
				8B764B212B551E430066AF07 /* KeyChainManager.swift in Sources */,
				8B3B6CA22B43D6CD00B5B486 /* AppDelegate.swift in Sources */,
				8B3B6CA42B43D6CD00B5B486 /* SceneDelegate.swift in Sources */,
				8B430C622B74CA160050FA63 /* WorkspaceEditViewModel.swift in Sources */,
				8BC842D32B7DDFBE000A2C59 /* ChangeAdnimViewModel.swift in Sources */,
				8B52B8162B63812200284550 /* WorkspaceListViewController.swift in Sources */,
				8B764B292B5658B90066AF07 /* WorkSpaceInitialView.swift in Sources */,
				8B52B8062B6256AC00284550 /* BaseTableViewCell.swift in Sources */,
				8B9506542B467B0000A353A0 /* APIKey.swift in Sources */,
				8B430C6A2B7CBC530050FA63 /* ChangeAdimViewController.swift in Sources */,
				8B52B81E2B678E4600284550 /* TabBarController.swift in Sources */,
				8BC407C02B495AD500F4C3D6 /* BaseView.swift in Sources */,
				8B5048D22B59290800E8A8A0 /* HomeViewController.swift in Sources */,
				8B3B6D012B43E63900B5B486 /* SplashViewController.swift in Sources */,
				8B56A3BB2B4FECA0004A6C38 /* Response.swift in Sources */,
				8B52B7FB2B60FB1D00284550 /* Interceptor.swift in Sources */,
				8BC842EC2B87466E000A2C59 /* ChannelChattingViewController.swift in Sources */,
				8B9506562B4691FD00A353A0 /* ViewModelType.swift in Sources */,
			);
			runOnlyForDeploymentPostprocessing = 0;
		};
		8B3B6CB02B43D6CE00B5B486 /* Sources */ = {
			isa = PBXSourcesBuildPhase;
			buildActionMask = 2147483647;
			files = (
				8B3B6CB92B43D6CE00B5B486 /* SeSACTalkTests.swift in Sources */,
			);
			runOnlyForDeploymentPostprocessing = 0;
		};
		8B3B6CBA2B43D6CE00B5B486 /* Sources */ = {
			isa = PBXSourcesBuildPhase;
			buildActionMask = 2147483647;
			files = (
				8B3B6CC52B43D6CE00B5B486 /* SeSACTalkUITestsLaunchTests.swift in Sources */,
				8B3B6CC32B43D6CE00B5B486 /* SeSACTalkUITests.swift in Sources */,
			);
			runOnlyForDeploymentPostprocessing = 0;
		};
/* End PBXSourcesBuildPhase section */

/* Begin PBXTargetDependency section */
		8B3B6CB62B43D6CE00B5B486 /* PBXTargetDependency */ = {
			isa = PBXTargetDependency;
			target = 8B3B6C9D2B43D6CD00B5B486 /* SeSACTalk */;
			targetProxy = 8B3B6CB52B43D6CE00B5B486 /* PBXContainerItemProxy */;
		};
		8B3B6CC02B43D6CE00B5B486 /* PBXTargetDependency */ = {
			isa = PBXTargetDependency;
			target = 8B3B6C9D2B43D6CD00B5B486 /* SeSACTalk */;
			targetProxy = 8B3B6CBF2B43D6CE00B5B486 /* PBXContainerItemProxy */;
		};
/* End PBXTargetDependency section */

/* Begin PBXVariantGroup section */
		8B3B6CA72B43D6CD00B5B486 /* Main.storyboard */ = {
			isa = PBXVariantGroup;
			children = (
				8B3B6CA82B43D6CD00B5B486 /* Base */,
			);
			name = Main.storyboard;
			sourceTree = "<group>";
		};
		8B3B6CAC2B43D6CE00B5B486 /* LaunchScreen.storyboard */ = {
			isa = PBXVariantGroup;
			children = (
				8B3B6CAD2B43D6CE00B5B486 /* Base */,
			);
			name = LaunchScreen.storyboard;
			sourceTree = "<group>";
		};
/* End PBXVariantGroup section */

/* Begin XCBuildConfiguration section */
		8B3B6CC62B43D6CE00B5B486 /* Debug */ = {
			isa = XCBuildConfiguration;
			baseConfigurationReference = 8BC407BB2B494AAD00F4C3D6 /* Config.xcconfig */;
			buildSettings = {
				ALWAYS_SEARCH_USER_PATHS = NO;
				ASSETCATALOG_COMPILER_GENERATE_SWIFT_ASSET_SYMBOL_EXTENSIONS = YES;
				CLANG_ANALYZER_NONNULL = YES;
				CLANG_ANALYZER_NUMBER_OBJECT_CONVERSION = YES_AGGRESSIVE;
				CLANG_CXX_LANGUAGE_STANDARD = "gnu++20";
				CLANG_ENABLE_MODULES = YES;
				CLANG_ENABLE_OBJC_ARC = YES;
				CLANG_ENABLE_OBJC_WEAK = YES;
				CLANG_WARN_BLOCK_CAPTURE_AUTORELEASING = YES;
				CLANG_WARN_BOOL_CONVERSION = YES;
				CLANG_WARN_COMMA = YES;
				CLANG_WARN_CONSTANT_CONVERSION = YES;
				CLANG_WARN_DEPRECATED_OBJC_IMPLEMENTATIONS = YES;
				CLANG_WARN_DIRECT_OBJC_ISA_USAGE = YES_ERROR;
				CLANG_WARN_DOCUMENTATION_COMMENTS = YES;
				CLANG_WARN_EMPTY_BODY = YES;
				CLANG_WARN_ENUM_CONVERSION = YES;
				CLANG_WARN_INFINITE_RECURSION = YES;
				CLANG_WARN_INT_CONVERSION = YES;
				CLANG_WARN_NON_LITERAL_NULL_CONVERSION = YES;
				CLANG_WARN_OBJC_IMPLICIT_RETAIN_SELF = YES;
				CLANG_WARN_OBJC_LITERAL_CONVERSION = YES;
				CLANG_WARN_OBJC_ROOT_CLASS = YES_ERROR;
				CLANG_WARN_QUOTED_INCLUDE_IN_FRAMEWORK_HEADER = YES;
				CLANG_WARN_RANGE_LOOP_ANALYSIS = YES;
				CLANG_WARN_STRICT_PROTOTYPES = YES;
				CLANG_WARN_SUSPICIOUS_MOVE = YES;
				CLANG_WARN_UNGUARDED_AVAILABILITY = YES_AGGRESSIVE;
				CLANG_WARN_UNREACHABLE_CODE = YES;
				CLANG_WARN__DUPLICATE_METHOD_MATCH = YES;
				COPY_PHASE_STRIP = NO;
				DEBUG_INFORMATION_FORMAT = dwarf;
				ENABLE_STRICT_OBJC_MSGSEND = YES;
				ENABLE_TESTABILITY = YES;
				ENABLE_USER_SCRIPT_SANDBOXING = YES;
				GCC_C_LANGUAGE_STANDARD = gnu17;
				GCC_DYNAMIC_NO_PIC = NO;
				GCC_NO_COMMON_BLOCKS = YES;
				GCC_OPTIMIZATION_LEVEL = 0;
				GCC_PREPROCESSOR_DEFINITIONS = (
					"DEBUG=1",
					"$(inherited)",
				);
				GCC_WARN_64_TO_32_BIT_CONVERSION = YES;
				GCC_WARN_ABOUT_RETURN_TYPE = YES_ERROR;
				GCC_WARN_UNDECLARED_SELECTOR = YES;
				GCC_WARN_UNINITIALIZED_AUTOS = YES_AGGRESSIVE;
				GCC_WARN_UNUSED_FUNCTION = YES;
				GCC_WARN_UNUSED_VARIABLE = YES;
				IPHONEOS_DEPLOYMENT_TARGET = 16.0;
				LOCALIZATION_PREFERS_STRING_CATALOGS = YES;
				MTL_ENABLE_DEBUG_INFO = INCLUDE_SOURCE;
				MTL_FAST_MATH = YES;
				ONLY_ACTIVE_ARCH = YES;
				SDKROOT = iphoneos;
				SWIFT_ACTIVE_COMPILATION_CONDITIONS = "DEBUG $(inherited)";
				SWIFT_OPTIMIZATION_LEVEL = "-Onone";
			};
			name = Debug;
		};
		8B3B6CC72B43D6CE00B5B486 /* Release */ = {
			isa = XCBuildConfiguration;
			baseConfigurationReference = 8BC407BB2B494AAD00F4C3D6 /* Config.xcconfig */;
			buildSettings = {
				ALWAYS_SEARCH_USER_PATHS = NO;
				ASSETCATALOG_COMPILER_GENERATE_SWIFT_ASSET_SYMBOL_EXTENSIONS = YES;
				CLANG_ANALYZER_NONNULL = YES;
				CLANG_ANALYZER_NUMBER_OBJECT_CONVERSION = YES_AGGRESSIVE;
				CLANG_CXX_LANGUAGE_STANDARD = "gnu++20";
				CLANG_ENABLE_MODULES = YES;
				CLANG_ENABLE_OBJC_ARC = YES;
				CLANG_ENABLE_OBJC_WEAK = YES;
				CLANG_WARN_BLOCK_CAPTURE_AUTORELEASING = YES;
				CLANG_WARN_BOOL_CONVERSION = YES;
				CLANG_WARN_COMMA = YES;
				CLANG_WARN_CONSTANT_CONVERSION = YES;
				CLANG_WARN_DEPRECATED_OBJC_IMPLEMENTATIONS = YES;
				CLANG_WARN_DIRECT_OBJC_ISA_USAGE = YES_ERROR;
				CLANG_WARN_DOCUMENTATION_COMMENTS = YES;
				CLANG_WARN_EMPTY_BODY = YES;
				CLANG_WARN_ENUM_CONVERSION = YES;
				CLANG_WARN_INFINITE_RECURSION = YES;
				CLANG_WARN_INT_CONVERSION = YES;
				CLANG_WARN_NON_LITERAL_NULL_CONVERSION = YES;
				CLANG_WARN_OBJC_IMPLICIT_RETAIN_SELF = YES;
				CLANG_WARN_OBJC_LITERAL_CONVERSION = YES;
				CLANG_WARN_OBJC_ROOT_CLASS = YES_ERROR;
				CLANG_WARN_QUOTED_INCLUDE_IN_FRAMEWORK_HEADER = YES;
				CLANG_WARN_RANGE_LOOP_ANALYSIS = YES;
				CLANG_WARN_STRICT_PROTOTYPES = YES;
				CLANG_WARN_SUSPICIOUS_MOVE = YES;
				CLANG_WARN_UNGUARDED_AVAILABILITY = YES_AGGRESSIVE;
				CLANG_WARN_UNREACHABLE_CODE = YES;
				CLANG_WARN__DUPLICATE_METHOD_MATCH = YES;
				COPY_PHASE_STRIP = NO;
				DEBUG_INFORMATION_FORMAT = "dwarf-with-dsym";
				ENABLE_NS_ASSERTIONS = NO;
				ENABLE_STRICT_OBJC_MSGSEND = YES;
				ENABLE_USER_SCRIPT_SANDBOXING = YES;
				GCC_C_LANGUAGE_STANDARD = gnu17;
				GCC_NO_COMMON_BLOCKS = YES;
				GCC_WARN_64_TO_32_BIT_CONVERSION = YES;
				GCC_WARN_ABOUT_RETURN_TYPE = YES_ERROR;
				GCC_WARN_UNDECLARED_SELECTOR = YES;
				GCC_WARN_UNINITIALIZED_AUTOS = YES_AGGRESSIVE;
				GCC_WARN_UNUSED_FUNCTION = YES;
				GCC_WARN_UNUSED_VARIABLE = YES;
				IPHONEOS_DEPLOYMENT_TARGET = 16.0;
				LOCALIZATION_PREFERS_STRING_CATALOGS = YES;
				MTL_ENABLE_DEBUG_INFO = NO;
				MTL_FAST_MATH = YES;
				SDKROOT = iphoneos;
				SWIFT_COMPILATION_MODE = wholemodule;
				VALIDATE_PRODUCT = YES;
			};
			name = Release;
		};
		8B3B6CC92B43D6CE00B5B486 /* Debug */ = {
			isa = XCBuildConfiguration;
			baseConfigurationReference = 8BC407BB2B494AAD00F4C3D6 /* Config.xcconfig */;
			buildSettings = {
				ASSETCATALOG_COMPILER_APPICON_NAME = AppIcon;
				ASSETCATALOG_COMPILER_GLOBAL_ACCENT_COLOR_NAME = AccentColor;
				CODE_SIGN_STYLE = Automatic;
				CURRENT_PROJECT_VERSION = 1;
				DEVELOPMENT_TEAM = ZB66AY8DJC;
				GENERATE_INFOPLIST_FILE = YES;
				INFOPLIST_FILE = SeSACTalk/Info.plist;
				INFOPLIST_KEY_UIApplicationSupportsIndirectInputEvents = YES;
				INFOPLIST_KEY_UILaunchStoryboardName = LaunchScreen;
				INFOPLIST_KEY_UIMainStoryboardFile = Main;
				INFOPLIST_KEY_UISupportedInterfaceOrientations_iPad = "UIInterfaceOrientationPortrait UIInterfaceOrientationPortraitUpsideDown UIInterfaceOrientationLandscapeLeft UIInterfaceOrientationLandscapeRight";
				INFOPLIST_KEY_UISupportedInterfaceOrientations_iPhone = "UIInterfaceOrientationPortrait UIInterfaceOrientationLandscapeLeft UIInterfaceOrientationLandscapeRight";
				LD_RUNPATH_SEARCH_PATHS = (
					"$(inherited)",
					"@executable_path/Frameworks",
				);
				MARKETING_VERSION = 1.0;
				PRODUCT_BUNDLE_IDENTIFIER = com.SoomanHong.SeSACTalk;
				PRODUCT_NAME = "$(TARGET_NAME)";
				SWIFT_EMIT_LOC_STRINGS = YES;
				SWIFT_VERSION = 5.0;
				TARGETED_DEVICE_FAMILY = "1,2";
			};
			name = Debug;
		};
		8B3B6CCA2B43D6CE00B5B486 /* Release */ = {
			isa = XCBuildConfiguration;
			baseConfigurationReference = 8BC407BB2B494AAD00F4C3D6 /* Config.xcconfig */;
			buildSettings = {
				ASSETCATALOG_COMPILER_APPICON_NAME = AppIcon;
				ASSETCATALOG_COMPILER_GLOBAL_ACCENT_COLOR_NAME = AccentColor;
				CODE_SIGN_STYLE = Automatic;
				CURRENT_PROJECT_VERSION = 1;
				DEVELOPMENT_TEAM = ZB66AY8DJC;
				GENERATE_INFOPLIST_FILE = YES;
				INFOPLIST_FILE = SeSACTalk/Info.plist;
				INFOPLIST_KEY_UIApplicationSupportsIndirectInputEvents = YES;
				INFOPLIST_KEY_UILaunchStoryboardName = LaunchScreen;
				INFOPLIST_KEY_UIMainStoryboardFile = Main;
				INFOPLIST_KEY_UISupportedInterfaceOrientations_iPad = "UIInterfaceOrientationPortrait UIInterfaceOrientationPortraitUpsideDown UIInterfaceOrientationLandscapeLeft UIInterfaceOrientationLandscapeRight";
				INFOPLIST_KEY_UISupportedInterfaceOrientations_iPhone = "UIInterfaceOrientationPortrait UIInterfaceOrientationLandscapeLeft UIInterfaceOrientationLandscapeRight";
				LD_RUNPATH_SEARCH_PATHS = (
					"$(inherited)",
					"@executable_path/Frameworks",
				);
				MARKETING_VERSION = 1.0;
				PRODUCT_BUNDLE_IDENTIFIER = com.SoomanHong.SeSACTalk;
				PRODUCT_NAME = "$(TARGET_NAME)";
				SWIFT_EMIT_LOC_STRINGS = YES;
				SWIFT_VERSION = 5.0;
				TARGETED_DEVICE_FAMILY = "1,2";
			};
			name = Release;
		};
		8B3B6CCC2B43D6CE00B5B486 /* Debug */ = {
			isa = XCBuildConfiguration;
			buildSettings = {
				ALWAYS_EMBED_SWIFT_STANDARD_LIBRARIES = YES;
				BUNDLE_LOADER = "$(TEST_HOST)";
				CODE_SIGN_STYLE = Automatic;
				CURRENT_PROJECT_VERSION = 1;
				GENERATE_INFOPLIST_FILE = YES;
				IPHONEOS_DEPLOYMENT_TARGET = 17.0;
				MARKETING_VERSION = 1.0;
				PRODUCT_BUNDLE_IDENTIFIER = com.SoomanHong.SeSACTalkTests;
				PRODUCT_NAME = "$(TARGET_NAME)";
				SWIFT_EMIT_LOC_STRINGS = NO;
				SWIFT_VERSION = 5.0;
				TARGETED_DEVICE_FAMILY = "1,2";
				TEST_HOST = "$(BUILT_PRODUCTS_DIR)/SeSACTalk.app/$(BUNDLE_EXECUTABLE_FOLDER_PATH)/SeSACTalk";
			};
			name = Debug;
		};
		8B3B6CCD2B43D6CE00B5B486 /* Release */ = {
			isa = XCBuildConfiguration;
			buildSettings = {
				ALWAYS_EMBED_SWIFT_STANDARD_LIBRARIES = YES;
				BUNDLE_LOADER = "$(TEST_HOST)";
				CODE_SIGN_STYLE = Automatic;
				CURRENT_PROJECT_VERSION = 1;
				GENERATE_INFOPLIST_FILE = YES;
				IPHONEOS_DEPLOYMENT_TARGET = 17.0;
				MARKETING_VERSION = 1.0;
				PRODUCT_BUNDLE_IDENTIFIER = com.SoomanHong.SeSACTalkTests;
				PRODUCT_NAME = "$(TARGET_NAME)";
				SWIFT_EMIT_LOC_STRINGS = NO;
				SWIFT_VERSION = 5.0;
				TARGETED_DEVICE_FAMILY = "1,2";
				TEST_HOST = "$(BUILT_PRODUCTS_DIR)/SeSACTalk.app/$(BUNDLE_EXECUTABLE_FOLDER_PATH)/SeSACTalk";
			};
			name = Release;
		};
		8B3B6CCF2B43D6CE00B5B486 /* Debug */ = {
			isa = XCBuildConfiguration;
			buildSettings = {
				ALWAYS_EMBED_SWIFT_STANDARD_LIBRARIES = YES;
				CODE_SIGN_STYLE = Automatic;
				CURRENT_PROJECT_VERSION = 1;
				GENERATE_INFOPLIST_FILE = YES;
				MARKETING_VERSION = 1.0;
				PRODUCT_BUNDLE_IDENTIFIER = com.SoomanHong.SeSACTalkUITests;
				PRODUCT_NAME = "$(TARGET_NAME)";
				SWIFT_EMIT_LOC_STRINGS = NO;
				SWIFT_VERSION = 5.0;
				TARGETED_DEVICE_FAMILY = "1,2";
				TEST_TARGET_NAME = SeSACTalk;
			};
			name = Debug;
		};
		8B3B6CD02B43D6CE00B5B486 /* Release */ = {
			isa = XCBuildConfiguration;
			buildSettings = {
				ALWAYS_EMBED_SWIFT_STANDARD_LIBRARIES = YES;
				CODE_SIGN_STYLE = Automatic;
				CURRENT_PROJECT_VERSION = 1;
				GENERATE_INFOPLIST_FILE = YES;
				MARKETING_VERSION = 1.0;
				PRODUCT_BUNDLE_IDENTIFIER = com.SoomanHong.SeSACTalkUITests;
				PRODUCT_NAME = "$(TARGET_NAME)";
				SWIFT_EMIT_LOC_STRINGS = NO;
				SWIFT_VERSION = 5.0;
				TARGETED_DEVICE_FAMILY = "1,2";
				TEST_TARGET_NAME = SeSACTalk;
			};
			name = Release;
		};
/* End XCBuildConfiguration section */

/* Begin XCConfigurationList section */
		8B3B6C992B43D6CD00B5B486 /* Build configuration list for PBXProject "SeSACTalk" */ = {
			isa = XCConfigurationList;
			buildConfigurations = (
				8B3B6CC62B43D6CE00B5B486 /* Debug */,
				8B3B6CC72B43D6CE00B5B486 /* Release */,
			);
			defaultConfigurationIsVisible = 0;
			defaultConfigurationName = Release;
		};
		8B3B6CC82B43D6CE00B5B486 /* Build configuration list for PBXNativeTarget "SeSACTalk" */ = {
			isa = XCConfigurationList;
			buildConfigurations = (
				8B3B6CC92B43D6CE00B5B486 /* Debug */,
				8B3B6CCA2B43D6CE00B5B486 /* Release */,
			);
			defaultConfigurationIsVisible = 0;
			defaultConfigurationName = Release;
		};
		8B3B6CCB2B43D6CE00B5B486 /* Build configuration list for PBXNativeTarget "SeSACTalkTests" */ = {
			isa = XCConfigurationList;
			buildConfigurations = (
				8B3B6CCC2B43D6CE00B5B486 /* Debug */,
				8B3B6CCD2B43D6CE00B5B486 /* Release */,
			);
			defaultConfigurationIsVisible = 0;
			defaultConfigurationName = Release;
		};
		8B3B6CCE2B43D6CE00B5B486 /* Build configuration list for PBXNativeTarget "SeSACTalkUITests" */ = {
			isa = XCConfigurationList;
			buildConfigurations = (
				8B3B6CCF2B43D6CE00B5B486 /* Debug */,
				8B3B6CD02B43D6CE00B5B486 /* Release */,
			);
			defaultConfigurationIsVisible = 0;
			defaultConfigurationName = Release;
		};
/* End XCConfigurationList section */

/* Begin XCRemoteSwiftPackageReference section */
		8B3B6D022B43ED4A00B5B486 /* XCRemoteSwiftPackageReference "SnapKit" */ = {
			isa = XCRemoteSwiftPackageReference;
			repositoryURL = "https://github.com/SnapKit/SnapKit.git";
			requirement = {
				kind = upToNextMajorVersion;
				minimumVersion = 5.7.0;
			};
		};
		8B3B6D052B43ED5F00B5B486 /* XCRemoteSwiftPackageReference "Alamofire" */ = {
			isa = XCRemoteSwiftPackageReference;
			repositoryURL = "https://github.com/Alamofire/Alamofire";
			requirement = {
				kind = upToNextMajorVersion;
				minimumVersion = 5.8.1;
			};
		};
		8B3B6D082B43ED6700B5B486 /* XCRemoteSwiftPackageReference "Kingfisher" */ = {
			isa = XCRemoteSwiftPackageReference;
			repositoryURL = "https://github.com/onevcat/Kingfisher.git";
			requirement = {
				kind = upToNextMajorVersion;
				minimumVersion = 7.10.1;
			};
		};
		8B3B6D0B2B43ED7700B5B486 /* XCRemoteSwiftPackageReference "RxSwift" */ = {
			isa = XCRemoteSwiftPackageReference;
			repositoryURL = "https://github.com/ReactiveX/RxSwift.git";
			requirement = {
				kind = upToNextMajorVersion;
				minimumVersion = 6.6.0;
			};
		};
		8B3B6D102B43ED8700B5B486 /* XCRemoteSwiftPackageReference "IQKeyboardManager" */ = {
			isa = XCRemoteSwiftPackageReference;
			repositoryURL = "https://github.com/hackiftekhar/IQKeyboardManager.git";
			requirement = {
				kind = upToNextMajorVersion;
				minimumVersion = 6.5.16;
			};
		};
		8B3B6D132B43ED9500B5B486 /* XCRemoteSwiftPackageReference "kakao-ios-sdk" */ = {
			isa = XCRemoteSwiftPackageReference;
			repositoryURL = "https://github.com/kakao/kakao-ios-sdk";
			requirement = {
				kind = upToNextMajorVersion;
				minimumVersion = 2.20.0;
			};
		};
		8B3B6D1A2B43EDA100B5B486 /* XCRemoteSwiftPackageReference "kakao-ios-sdk-rx" */ = {
			isa = XCRemoteSwiftPackageReference;
			repositoryURL = "https://github.com/kakao/kakao-ios-sdk-rx";
			requirement = {
				kind = upToNextMajorVersion;
				minimumVersion = 2.20.0;
			};
		};
		8B52B80F2B637F9000284550 /* XCRemoteSwiftPackageReference "SideMenu" */ = {
			isa = XCRemoteSwiftPackageReference;
			repositoryURL = "https://github.com/jonkykong/SideMenu.git";
			requirement = {
				kind = upToNextMajorVersion;
				minimumVersion = 6.5.0;
			};
		};
		8B56A3B72B4FEB38004A6C38 /* XCRemoteSwiftPackageReference "Moya" */ = {
			isa = XCRemoteSwiftPackageReference;
			repositoryURL = "https://github.com/Moya/Moya.git";
			requirement = {
				kind = upToNextMajorVersion;
				minimumVersion = 15.0.3;
			};
		};
		8B59240C2B8CC8250039D8EC /* XCRemoteSwiftPackageReference "realm-swift" */ = {
			isa = XCRemoteSwiftPackageReference;
			repositoryURL = "https://github.com/realm/realm-swift.git";
			requirement = {
				kind = upToNextMajorVersion;
				minimumVersion = 10.47.0;
			};
		};
		8B59241E2B8F38FC0039D8EC /* XCRemoteSwiftPackageReference "socket.io-client-swift" */ = {
			isa = XCRemoteSwiftPackageReference;
			repositoryURL = "https://github.com/socketio/socket.io-client-swift.git";
			requirement = {
				kind = upToNextMajorVersion;
				minimumVersion = 15.0.0;
			};
		};
		8BC842D72B83B8C2000A2C59 /* XCRemoteSwiftPackageReference "RxDataSources" */ = {
			isa = XCRemoteSwiftPackageReference;
			repositoryURL = "https://github.com/RxSwiftCommunity/RxDataSources.git";
			requirement = {
				kind = upToNextMajorVersion;
				minimumVersion = 5.0.2;
			};
		};
/* End XCRemoteSwiftPackageReference section */

/* Begin XCSwiftPackageProductDependency section */
		8B3B6D032B43ED4A00B5B486 /* SnapKit */ = {
			isa = XCSwiftPackageProductDependency;
			package = 8B3B6D022B43ED4A00B5B486 /* XCRemoteSwiftPackageReference "SnapKit" */;
			productName = SnapKit;
		};
		8B3B6D062B43ED5F00B5B486 /* Alamofire */ = {
			isa = XCSwiftPackageProductDependency;
			package = 8B3B6D052B43ED5F00B5B486 /* XCRemoteSwiftPackageReference "Alamofire" */;
			productName = Alamofire;
		};
		8B3B6D092B43ED6700B5B486 /* Kingfisher */ = {
			isa = XCSwiftPackageProductDependency;
			package = 8B3B6D082B43ED6700B5B486 /* XCRemoteSwiftPackageReference "Kingfisher" */;
			productName = Kingfisher;
		};
		8B3B6D0C2B43ED7700B5B486 /* RxCocoa */ = {
			isa = XCSwiftPackageProductDependency;
			package = 8B3B6D0B2B43ED7700B5B486 /* XCRemoteSwiftPackageReference "RxSwift" */;
			productName = RxCocoa;
		};
		8B3B6D0E2B43ED7700B5B486 /* RxSwift */ = {
			isa = XCSwiftPackageProductDependency;
			package = 8B3B6D0B2B43ED7700B5B486 /* XCRemoteSwiftPackageReference "RxSwift" */;
			productName = RxSwift;
		};
		8B3B6D112B43ED8700B5B486 /* IQKeyboardManagerSwift */ = {
			isa = XCSwiftPackageProductDependency;
			package = 8B3B6D102B43ED8700B5B486 /* XCRemoteSwiftPackageReference "IQKeyboardManager" */;
			productName = IQKeyboardManagerSwift;
		};
		8B3B6D142B43ED9500B5B486 /* KakaoSDKAuth */ = {
			isa = XCSwiftPackageProductDependency;
			package = 8B3B6D132B43ED9500B5B486 /* XCRemoteSwiftPackageReference "kakao-ios-sdk" */;
			productName = KakaoSDKAuth;
		};
		8B3B6D162B43ED9500B5B486 /* KakaoSDKCommon */ = {
			isa = XCSwiftPackageProductDependency;
			package = 8B3B6D132B43ED9500B5B486 /* XCRemoteSwiftPackageReference "kakao-ios-sdk" */;
			productName = KakaoSDKCommon;
		};
		8B3B6D182B43ED9500B5B486 /* KakaoSDKUser */ = {
			isa = XCSwiftPackageProductDependency;
			package = 8B3B6D132B43ED9500B5B486 /* XCRemoteSwiftPackageReference "kakao-ios-sdk" */;
			productName = KakaoSDKUser;
		};
		8B3B6D1B2B43EDA100B5B486 /* RxKakaoSDKAuth */ = {
			isa = XCSwiftPackageProductDependency;
			package = 8B3B6D1A2B43EDA100B5B486 /* XCRemoteSwiftPackageReference "kakao-ios-sdk-rx" */;
			productName = RxKakaoSDKAuth;
		};
		8B3B6D1D2B43EDA100B5B486 /* RxKakaoSDKCommon */ = {
			isa = XCSwiftPackageProductDependency;
			package = 8B3B6D1A2B43EDA100B5B486 /* XCRemoteSwiftPackageReference "kakao-ios-sdk-rx" */;
			productName = RxKakaoSDKCommon;
		};
		8B3B6D1F2B43EDA100B5B486 /* RxKakaoSDKUser */ = {
			isa = XCSwiftPackageProductDependency;
			package = 8B3B6D1A2B43EDA100B5B486 /* XCRemoteSwiftPackageReference "kakao-ios-sdk-rx" */;
			productName = RxKakaoSDKUser;
		};
		8B52B8102B637F9000284550 /* SideMenu */ = {
			isa = XCSwiftPackageProductDependency;
			package = 8B52B80F2B637F9000284550 /* XCRemoteSwiftPackageReference "SideMenu" */;
			productName = SideMenu;
		};
		8B56A3B82B4FEB38004A6C38 /* Moya */ = {
			isa = XCSwiftPackageProductDependency;
			package = 8B56A3B72B4FEB38004A6C38 /* XCRemoteSwiftPackageReference "Moya" */;
			productName = Moya;
		};
		8B59240D2B8CC8250039D8EC /* Realm */ = {
			isa = XCSwiftPackageProductDependency;
			package = 8B59240C2B8CC8250039D8EC /* XCRemoteSwiftPackageReference "realm-swift" */;
			productName = Realm;
		};
		8B59240F2B8CC8250039D8EC /* RealmSwift */ = {
			isa = XCSwiftPackageProductDependency;
			package = 8B59240C2B8CC8250039D8EC /* XCRemoteSwiftPackageReference "realm-swift" */;
			productName = RealmSwift;
		};
		8B59241F2B8F38FC0039D8EC /* SocketIO */ = {
			isa = XCSwiftPackageProductDependency;
			package = 8B59241E2B8F38FC0039D8EC /* XCRemoteSwiftPackageReference "socket.io-client-swift" */;
			productName = SocketIO;
		};
		8BC842D82B83B8C2000A2C59 /* Differentiator */ = {
			isa = XCSwiftPackageProductDependency;
			package = 8BC842D72B83B8C2000A2C59 /* XCRemoteSwiftPackageReference "RxDataSources" */;
			productName = Differentiator;
		};
		8BC842DA2B83B8C2000A2C59 /* RxDataSources */ = {
			isa = XCSwiftPackageProductDependency;
			package = 8BC842D72B83B8C2000A2C59 /* XCRemoteSwiftPackageReference "RxDataSources" */;
			productName = RxDataSources;
		};
/* End XCSwiftPackageProductDependency section */
	};
	rootObject = 8B3B6C962B43D6CD00B5B486 /* Project object */;
}
