// !$*UTF8*$!
{
	archiveVersion = 1;
	classes = {
	};
	objectVersion = 56;
	objects = {

/* Begin PBXBuildFile section */
		8B3B6CA22B43D6CD00B5B486 /* AppDelegate.swift in Sources */ = {isa = PBXBuildFile; fileRef = 8B3B6CA12B43D6CD00B5B486 /* AppDelegate.swift */; };
		8B3B6CA42B43D6CD00B5B486 /* SceneDelegate.swift in Sources */ = {isa = PBXBuildFile; fileRef = 8B3B6CA32B43D6CD00B5B486 /* SceneDelegate.swift */; };
		8B3B6CA62B43D6CD00B5B486 /* ViewController.swift in Sources */ = {isa = PBXBuildFile; fileRef = 8B3B6CA52B43D6CD00B5B486 /* ViewController.swift */; };
		8B3B6CA92B43D6CD00B5B486 /* Main.storyboard in Resources */ = {isa = PBXBuildFile; fileRef = 8B3B6CA72B43D6CD00B5B486 /* Main.storyboard */; };
		8B3B6CAB2B43D6CE00B5B486 /* Assets.xcassets in Resources */ = {isa = PBXBuildFile; fileRef = 8B3B6CAA2B43D6CE00B5B486 /* Assets.xcassets */; };
		8B3B6CAE2B43D6CE00B5B486 /* LaunchScreen.storyboard in Resources */ = {isa = PBXBuildFile; fileRef = 8B3B6CAC2B43D6CE00B5B486 /* LaunchScreen.storyboard */; };
		8B3B6CB92B43D6CE00B5B486 /* SeSACTalkTests.swift in Sources */ = {isa = PBXBuildFile; fileRef = 8B3B6CB82B43D6CE00B5B486 /* SeSACTalkTests.swift */; };
		8B3B6CC32B43D6CE00B5B486 /* SeSACTalkUITests.swift in Sources */ = {isa = PBXBuildFile; fileRef = 8B3B6CC22B43D6CE00B5B486 /* SeSACTalkUITests.swift */; };
		8B3B6CC52B43D6CE00B5B486 /* SeSACTalkUITestsLaunchTests.swift in Sources */ = {isa = PBXBuildFile; fileRef = 8B3B6CC42B43D6CE00B5B486 /* SeSACTalkUITestsLaunchTests.swift */; };
/* End PBXBuildFile section */

/* Begin PBXContainerItemProxy section */
		8B3B6CB52B43D6CE00B5B486 /* PBXContainerItemProxy */ = {
			isa = PBXContainerItemProxy;
			containerPortal = 8B3B6C962B43D6CD00B5B486 /* Project object */;
			proxyType = 1;
			remoteGlobalIDString = 8B3B6C9D2B43D6CD00B5B486;
			remoteInfo = SeSACTalk;
		};
		8B3B6CBF2B43D6CE00B5B486 /* PBXContainerItemProxy */ = {
			isa = PBXContainerItemProxy;
			containerPortal = 8B3B6C962B43D6CD00B5B486 /* Project object */;
			proxyType = 1;
			remoteGlobalIDString = 8B3B6C9D2B43D6CD00B5B486;
			remoteInfo = SeSACTalk;
		};
/* End PBXContainerItemProxy section */

/* Begin PBXFileReference section */
		8B3B6C9E2B43D6CD00B5B486 /* SeSACTalk.app */ = {isa = PBXFileReference; explicitFileType = wrapper.application; includeInIndex = 0; path = SeSACTalk.app; sourceTree = BUILT_PRODUCTS_DIR; };
		8B3B6CA12B43D6CD00B5B486 /* AppDelegate.swift */ = {isa = PBXFileReference; lastKnownFileType = sourcecode.swift; path = AppDelegate.swift; sourceTree = "<group>"; };
		8B3B6CA32B43D6CD00B5B486 /* SceneDelegate.swift */ = {isa = PBXFileReference; lastKnownFileType = sourcecode.swift; path = SceneDelegate.swift; sourceTree = "<group>"; };
		8B3B6CA52B43D6CD00B5B486 /* ViewController.swift */ = {isa = PBXFileReference; lastKnownFileType = sourcecode.swift; path = ViewController.swift; sourceTree = "<group>"; };
		8B3B6CA82B43D6CD00B5B486 /* Base */ = {isa = PBXFileReference; lastKnownFileType = file.storyboard; name = Base; path = Base.lproj/Main.storyboard; sourceTree = "<group>"; };
		8B3B6CAA2B43D6CE00B5B486 /* Assets.xcassets */ = {isa = PBXFileReference; lastKnownFileType = folder.assetcatalog; path = Assets.xcassets; sourceTree = "<group>"; };
		8B3B6CAD2B43D6CE00B5B486 /* Base */ = {isa = PBXFileReference; lastKnownFileType = file.storyboard; name = Base; path = Base.lproj/LaunchScreen.storyboard; sourceTree = "<group>"; };
		8B3B6CAF2B43D6CE00B5B486 /* Info.plist */ = {isa = PBXFileReference; lastKnownFileType = text.plist.xml; path = Info.plist; sourceTree = "<group>"; };
		8B3B6CB42B43D6CE00B5B486 /* SeSACTalkTests.xctest */ = {isa = PBXFileReference; explicitFileType = wrapper.cfbundle; includeInIndex = 0; path = SeSACTalkTests.xctest; sourceTree = BUILT_PRODUCTS_DIR; };
		8B3B6CB82B43D6CE00B5B486 /* SeSACTalkTests.swift */ = {isa = PBXFileReference; lastKnownFileType = sourcecode.swift; path = SeSACTalkTests.swift; sourceTree = "<group>"; };
		8B3B6CBE2B43D6CE00B5B486 /* SeSACTalkUITests.xctest */ = {isa = PBXFileReference; explicitFileType = wrapper.cfbundle; includeInIndex = 0; path = SeSACTalkUITests.xctest; sourceTree = BUILT_PRODUCTS_DIR; };
		8B3B6CC22B43D6CE00B5B486 /* SeSACTalkUITests.swift */ = {isa = PBXFileReference; lastKnownFileType = sourcecode.swift; path = SeSACTalkUITests.swift; sourceTree = "<group>"; };
		8B3B6CC42B43D6CE00B5B486 /* SeSACTalkUITestsLaunchTests.swift */ = {isa = PBXFileReference; lastKnownFileType = sourcecode.swift; path = SeSACTalkUITestsLaunchTests.swift; sourceTree = "<group>"; };
/* End PBXFileReference section */

/* Begin PBXFrameworksBuildPhase section */
		8B3B6C9B2B43D6CD00B5B486 /* Frameworks */ = {
			isa = PBXFrameworksBuildPhase;
			buildActionMask = 2147483647;
			files = (
			);
			runOnlyForDeploymentPostprocessing = 0;
		};
		8B3B6CB12B43D6CE00B5B486 /* Frameworks */ = {
			isa = PBXFrameworksBuildPhase;
			buildActionMask = 2147483647;
			files = (
			);
			runOnlyForDeploymentPostprocessing = 0;
		};
		8B3B6CBB2B43D6CE00B5B486 /* Frameworks */ = {
			isa = PBXFrameworksBuildPhase;
			buildActionMask = 2147483647;
			files = (
			);
			runOnlyForDeploymentPostprocessing = 0;
		};
/* End PBXFrameworksBuildPhase section */

/* Begin PBXGroup section */
		8B3B6C952B43D6CD00B5B486 = {
			isa = PBXGroup;
			children = (
				8B3B6CA02B43D6CD00B5B486 /* SeSACTalk */,
				8B3B6CB72B43D6CE00B5B486 /* SeSACTalkTests */,
				8B3B6CC12B43D6CE00B5B486 /* SeSACTalkUITests */,
				8B3B6C9F2B43D6CD00B5B486 /* Products */,
			);
			sourceTree = "<group>";
		};
		8B3B6C9F2B43D6CD00B5B486 /* Products */ = {
			isa = PBXGroup;
			children = (
				8B3B6C9E2B43D6CD00B5B486 /* SeSACTalk.app */,
				8B3B6CB42B43D6CE00B5B486 /* SeSACTalkTests.xctest */,
				8B3B6CBE2B43D6CE00B5B486 /* SeSACTalkUITests.xctest */,
			);
			name = Products;
			sourceTree = "<group>";
		};
		8B3B6CA02B43D6CD00B5B486 /* SeSACTalk */ = {
			isa = PBXGroup;
			children = (
				8B3B6CA12B43D6CD00B5B486 /* AppDelegate.swift */,
				8B3B6CA32B43D6CD00B5B486 /* SceneDelegate.swift */,
				8B3B6CA52B43D6CD00B5B486 /* ViewController.swift */,
				8B3B6CA72B43D6CD00B5B486 /* Main.storyboard */,
				8B3B6CAA2B43D6CE00B5B486 /* Assets.xcassets */,
				8B3B6CAC2B43D6CE00B5B486 /* LaunchScreen.storyboard */,
				8B3B6CAF2B43D6CE00B5B486 /* Info.plist */,
			);
			path = SeSACTalk;
			sourceTree = "<group>";
		};
		8B3B6CB72B43D6CE00B5B486 /* SeSACTalkTests */ = {
			isa = PBXGroup;
			children = (
				8B3B6CB82B43D6CE00B5B486 /* SeSACTalkTests.swift */,
			);
			path = SeSACTalkTests;
			sourceTree = "<group>";
		};
		8B3B6CC12B43D6CE00B5B486 /* SeSACTalkUITests */ = {
			isa = PBXGroup;
			children = (
				8B3B6CC22B43D6CE00B5B486 /* SeSACTalkUITests.swift */,
				8B3B6CC42B43D6CE00B5B486 /* SeSACTalkUITestsLaunchTests.swift */,
			);
			path = SeSACTalkUITests;
			sourceTree = "<group>";
		};
/* End PBXGroup section */

/* Begin PBXNativeTarget section */
		8B3B6C9D2B43D6CD00B5B486 /* SeSACTalk */ = {
			isa = PBXNativeTarget;
			buildConfigurationList = 8B3B6CC82B43D6CE00B5B486 /* Build configuration list for PBXNativeTarget "SeSACTalk" */;
			buildPhases = (
				8B3B6C9A2B43D6CD00B5B486 /* Sources */,
				8B3B6C9B2B43D6CD00B5B486 /* Frameworks */,
				8B3B6C9C2B43D6CD00B5B486 /* Resources */,
			);
			buildRules = (
			);
			dependencies = (
			);
			name = SeSACTalk;
			productName = SeSACTalk;
			productReference = 8B3B6C9E2B43D6CD00B5B486 /* SeSACTalk.app */;
			productType = "com.apple.product-type.application";
		};
		8B3B6CB32B43D6CE00B5B486 /* SeSACTalkTests */ = {
			isa = PBXNativeTarget;
			buildConfigurationList = 8B3B6CCB2B43D6CE00B5B486 /* Build configuration list for PBXNativeTarget "SeSACTalkTests" */;
			buildPhases = (
				8B3B6CB02B43D6CE00B5B486 /* Sources */,
				8B3B6CB12B43D6CE00B5B486 /* Frameworks */,
				8B3B6CB22B43D6CE00B5B486 /* Resources */,
			);
			buildRules = (
			);
			dependencies = (
				8B3B6CB62B43D6CE00B5B486 /* PBXTargetDependency */,
			);
			name = SeSACTalkTests;
			productName = SeSACTalkTests;
			productReference = 8B3B6CB42B43D6CE00B5B486 /* SeSACTalkTests.xctest */;
			productType = "com.apple.product-type.bundle.unit-test";
		};
		8B3B6CBD2B43D6CE00B5B486 /* SeSACTalkUITests */ = {
			isa = PBXNativeTarget;
			buildConfigurationList = 8B3B6CCE2B43D6CE00B5B486 /* Build configuration list for PBXNativeTarget "SeSACTalkUITests" */;
			buildPhases = (
				8B3B6CBA2B43D6CE00B5B486 /* Sources */,
				8B3B6CBB2B43D6CE00B5B486 /* Frameworks */,
				8B3B6CBC2B43D6CE00B5B486 /* Resources */,
			);
			buildRules = (
			);
			dependencies = (
				8B3B6CC02B43D6CE00B5B486 /* PBXTargetDependency */,
			);
			name = SeSACTalkUITests;
			productName = SeSACTalkUITests;
			productReference = 8B3B6CBE2B43D6CE00B5B486 /* SeSACTalkUITests.xctest */;
			productType = "com.apple.product-type.bundle.ui-testing";
		};
/* End PBXNativeTarget section */

/* Begin PBXProject section */
		8B3B6C962B43D6CD00B5B486 /* Project object */ = {
			isa = PBXProject;
			attributes = {
				BuildIndependentTargetsInParallel = 1;
				LastSwiftUpdateCheck = 1500;
				LastUpgradeCheck = 1500;
				TargetAttributes = {
					8B3B6C9D2B43D6CD00B5B486 = {
						CreatedOnToolsVersion = 15.0.1;
					};
					8B3B6CB32B43D6CE00B5B486 = {
						CreatedOnToolsVersion = 15.0.1;
						TestTargetID = 8B3B6C9D2B43D6CD00B5B486;
					};
					8B3B6CBD2B43D6CE00B5B486 = {
						CreatedOnToolsVersion = 15.0.1;
						TestTargetID = 8B3B6C9D2B43D6CD00B5B486;
					};
				};
			};
			buildConfigurationList = 8B3B6C992B43D6CD00B5B486 /* Build configuration list for PBXProject "SeSACTalk" */;
			compatibilityVersion = "Xcode 14.0";
			developmentRegion = en;
			hasScannedForEncodings = 0;
			knownRegions = (
				en,
				Base,
			);
			mainGroup = 8B3B6C952B43D6CD00B5B486;
			productRefGroup = 8B3B6C9F2B43D6CD00B5B486 /* Products */;
			projectDirPath = "";
			projectRoot = "";
			targets = (
				8B3B6C9D2B43D6CD00B5B486 /* SeSACTalk */,
				8B3B6CB32B43D6CE00B5B486 /* SeSACTalkTests */,
				8B3B6CBD2B43D6CE00B5B486 /* SeSACTalkUITests */,
			);
		};
/* End PBXProject section */

/* Begin PBXResourcesBuildPhase section */
		8B3B6C9C2B43D6CD00B5B486 /* Resources */ = {
			isa = PBXResourcesBuildPhase;
			buildActionMask = 2147483647;
			files = (
				8B3B6CAE2B43D6CE00B5B486 /* LaunchScreen.storyboard in Resources */,
				8B3B6CAB2B43D6CE00B5B486 /* Assets.xcassets in Resources */,
				8B3B6CA92B43D6CD00B5B486 /* Main.storyboard in Resources */,
			);
			runOnlyForDeploymentPostprocessing = 0;
		};
		8B3B6CB22B43D6CE00B5B486 /* Resources */ = {
			isa = PBXResourcesBuildPhase;
			buildActionMask = 2147483647;
			files = (
			);
			runOnlyForDeploymentPostprocessing = 0;
		};
		8B3B6CBC2B43D6CE00B5B486 /* Resources */ = {
			isa = PBXResourcesBuildPhase;
			buildActionMask = 2147483647;
			files = (
			);
			runOnlyForDeploymentPostprocessing = 0;
		};
/* End PBXResourcesBuildPhase section */

/* Begin PBXSourcesBuildPhase section */
		8B3B6C9A2B43D6CD00B5B486 /* Sources */ = {
			isa = PBXSourcesBuildPhase;
			buildActionMask = 2147483647;
			files = (
				8B3B6CA62B43D6CD00B5B486 /* ViewController.swift in Sources */,
				8B3B6CA22B43D6CD00B5B486 /* AppDelegate.swift in Sources */,
				8B3B6CA42B43D6CD00B5B486 /* SceneDelegate.swift in Sources */,
			);
			runOnlyForDeploymentPostprocessing = 0;
		};
		8B3B6CB02B43D6CE00B5B486 /* Sources */ = {
			isa = PBXSourcesBuildPhase;
			buildActionMask = 2147483647;
			files = (
				8B3B6CB92B43D6CE00B5B486 /* SeSACTalkTests.swift in Sources */,
			);
			runOnlyForDeploymentPostprocessing = 0;
		};
		8B3B6CBA2B43D6CE00B5B486 /* Sources */ = {
			isa = PBXSourcesBuildPhase;
			buildActionMask = 2147483647;
			files = (
				8B3B6CC52B43D6CE00B5B486 /* SeSACTalkUITestsLaunchTests.swift in Sources */,
				8B3B6CC32B43D6CE00B5B486 /* SeSACTalkUITests.swift in Sources */,
			);
			runOnlyForDeploymentPostprocessing = 0;
		};
/* End PBXSourcesBuildPhase section */

/* Begin PBXTargetDependency section */
		8B3B6CB62B43D6CE00B5B486 /* PBXTargetDependency */ = {
			isa = PBXTargetDependency;
			target = 8B3B6C9D2B43D6CD00B5B486 /* SeSACTalk */;
			targetProxy = 8B3B6CB52B43D6CE00B5B486 /* PBXContainerItemProxy */;
		};
		8B3B6CC02B43D6CE00B5B486 /* PBXTargetDependency */ = {
			isa = PBXTargetDependency;
			target = 8B3B6C9D2B43D6CD00B5B486 /* SeSACTalk */;
			targetProxy = 8B3B6CBF2B43D6CE00B5B486 /* PBXContainerItemProxy */;
		};
/* End PBXTargetDependency section */

/* Begin PBXVariantGroup section */
		8B3B6CA72B43D6CD00B5B486 /* Main.storyboard */ = {
			isa = PBXVariantGroup;
			children = (
				8B3B6CA82B43D6CD00B5B486 /* Base */,
			);
			name = Main.storyboard;
			sourceTree = "<group>";
		};
		8B3B6CAC2B43D6CE00B5B486 /* LaunchScreen.storyboard */ = {
			isa = PBXVariantGroup;
			children = (
				8B3B6CAD2B43D6CE00B5B486 /* Base */,
			);
			name = LaunchScreen.storyboard;
			sourceTree = "<group>";
		};
/* End PBXVariantGroup section */

/* Begin XCBuildConfiguration section */
		8B3B6CC62B43D6CE00B5B486 /* Debug */ = {
			isa = XCBuildConfiguration;
			buildSettings = {
				ALWAYS_SEARCH_USER_PATHS = NO;
				ASSETCATALOG_COMPILER_GENERATE_SWIFT_ASSET_SYMBOL_EXTENSIONS = YES;
				CLANG_ANALYZER_NONNULL = YES;
				CLANG_ANALYZER_NUMBER_OBJECT_CONVERSION = YES_AGGRESSIVE;
				CLANG_CXX_LANGUAGE_STANDARD = "gnu++20";
				CLANG_ENABLE_MODULES = YES;
				CLANG_ENABLE_OBJC_ARC = YES;
				CLANG_ENABLE_OBJC_WEAK = YES;
				CLANG_WARN_BLOCK_CAPTURE_AUTORELEASING = YES;
				CLANG_WARN_BOOL_CONVERSION = YES;
				CLANG_WARN_COMMA = YES;
				CLANG_WARN_CONSTANT_CONVERSION = YES;
				CLANG_WARN_DEPRECATED_OBJC_IMPLEMENTATIONS = YES;
				CLANG_WARN_DIRECT_OBJC_ISA_USAGE = YES_ERROR;
				CLANG_WARN_DOCUMENTATION_COMMENTS = YES;
				CLANG_WARN_EMPTY_BODY = YES;
				CLANG_WARN_ENUM_CONVERSION = YES;
				CLANG_WARN_INFINITE_RECURSION = YES;
				CLANG_WARN_INT_CONVERSION = YES;
				CLANG_WARN_NON_LITERAL_NULL_CONVERSION = YES;
				CLANG_WARN_OBJC_IMPLICIT_RETAIN_SELF = YES;
				CLANG_WARN_OBJC_LITERAL_CONVERSION = YES;
				CLANG_WARN_OBJC_ROOT_CLASS = YES_ERROR;
				CLANG_WARN_QUOTED_INCLUDE_IN_FRAMEWORK_HEADER = YES;
				CLANG_WARN_RANGE_LOOP_ANALYSIS = YES;
				CLANG_WARN_STRICT_PROTOTYPES = YES;
				CLANG_WARN_SUSPICIOUS_MOVE = YES;
				CLANG_WARN_UNGUARDED_AVAILABILITY = YES_AGGRESSIVE;
				CLANG_WARN_UNREACHABLE_CODE = YES;
				CLANG_WARN__DUPLICATE_METHOD_MATCH = YES;
				COPY_PHASE_STRIP = NO;
				DEBUG_INFORMATION_FORMAT = dwarf;
				ENABLE_STRICT_OBJC_MSGSEND = YES;
				ENABLE_TESTABILITY = YES;
				ENABLE_USER_SCRIPT_SANDBOXING = YES;
				GCC_C_LANGUAGE_STANDARD = gnu17;
				GCC_DYNAMIC_NO_PIC = NO;
				GCC_NO_COMMON_BLOCKS = YES;
				GCC_OPTIMIZATION_LEVEL = 0;
				GCC_PREPROCESSOR_DEFINITIONS = (
					"DEBUG=1",
					"$(inherited)",
				);
				GCC_WARN_64_TO_32_BIT_CONVERSION = YES;
				GCC_WARN_ABOUT_RETURN_TYPE = YES_ERROR;
				GCC_WARN_UNDECLARED_SELECTOR = YES;
				GCC_WARN_UNINITIALIZED_AUTOS = YES_AGGRESSIVE;
				GCC_WARN_UNUSED_FUNCTION = YES;
				GCC_WARN_UNUSED_VARIABLE = YES;
				IPHONEOS_DEPLOYMENT_TARGET = 17.0;
				LOCALIZATION_PREFERS_STRING_CATALOGS = YES;
				MTL_ENABLE_DEBUG_INFO = INCLUDE_SOURCE;
				MTL_FAST_MATH = YES;
				ONLY_ACTIVE_ARCH = YES;
				SDKROOT = iphoneos;
				SWIFT_ACTIVE_COMPILATION_CONDITIONS = "DEBUG $(inherited)";
				SWIFT_OPTIMIZATION_LEVEL = "-Onone";
			};
			name = Debug;
		};
		8B3B6CC72B43D6CE00B5B486 /* Release */ = {
			isa = XCBuildConfiguration;
			buildSettings = {
				ALWAYS_SEARCH_USER_PATHS = NO;
				ASSETCATALOG_COMPILER_GENERATE_SWIFT_ASSET_SYMBOL_EXTENSIONS = YES;
				CLANG_ANALYZER_NONNULL = YES;
				CLANG_ANALYZER_NUMBER_OBJECT_CONVERSION = YES_AGGRESSIVE;
				CLANG_CXX_LANGUAGE_STANDARD = "gnu++20";
				CLANG_ENABLE_MODULES = YES;
				CLANG_ENABLE_OBJC_ARC = YES;
				CLANG_ENABLE_OBJC_WEAK = YES;
				CLANG_WARN_BLOCK_CAPTURE_AUTORELEASING = YES;
				CLANG_WARN_BOOL_CONVERSION = YES;
				CLANG_WARN_COMMA = YES;
				CLANG_WARN_CONSTANT_CONVERSION = YES;
				CLANG_WARN_DEPRECATED_OBJC_IMPLEMENTATIONS = YES;
				CLANG_WARN_DIRECT_OBJC_ISA_USAGE = YES_ERROR;
				CLANG_WARN_DOCUMENTATION_COMMENTS = YES;
				CLANG_WARN_EMPTY_BODY = YES;
				CLANG_WARN_ENUM_CONVERSION = YES;
				CLANG_WARN_INFINITE_RECURSION = YES;
				CLANG_WARN_INT_CONVERSION = YES;
				CLANG_WARN_NON_LITERAL_NULL_CONVERSION = YES;
				CLANG_WARN_OBJC_IMPLICIT_RETAIN_SELF = YES;
				CLANG_WARN_OBJC_LITERAL_CONVERSION = YES;
				CLANG_WARN_OBJC_ROOT_CLASS = YES_ERROR;
				CLANG_WARN_QUOTED_INCLUDE_IN_FRAMEWORK_HEADER = YES;
				CLANG_WARN_RANGE_LOOP_ANALYSIS = YES;
				CLANG_WARN_STRICT_PROTOTYPES = YES;
				CLANG_WARN_SUSPICIOUS_MOVE = YES;
				CLANG_WARN_UNGUARDED_AVAILABILITY = YES_AGGRESSIVE;
				CLANG_WARN_UNREACHABLE_CODE = YES;
				CLANG_WARN__DUPLICATE_METHOD_MATCH = YES;
				COPY_PHASE_STRIP = NO;
				DEBUG_INFORMATION_FORMAT = "dwarf-with-dsym";
				ENABLE_NS_ASSERTIONS = NO;
				ENABLE_STRICT_OBJC_MSGSEND = YES;
				ENABLE_USER_SCRIPT_SANDBOXING = YES;
				GCC_C_LANGUAGE_STANDARD = gnu17;
				GCC_NO_COMMON_BLOCKS = YES;
				GCC_WARN_64_TO_32_BIT_CONVERSION = YES;
				GCC_WARN_ABOUT_RETURN_TYPE = YES_ERROR;
				GCC_WARN_UNDECLARED_SELECTOR = YES;
				GCC_WARN_UNINITIALIZED_AUTOS = YES_AGGRESSIVE;
				GCC_WARN_UNUSED_FUNCTION = YES;
				GCC_WARN_UNUSED_VARIABLE = YES;
				IPHONEOS_DEPLOYMENT_TARGET = 17.0;
				LOCALIZATION_PREFERS_STRING_CATALOGS = YES;
				MTL_ENABLE_DEBUG_INFO = NO;
				MTL_FAST_MATH = YES;
				SDKROOT = iphoneos;
				SWIFT_COMPILATION_MODE = wholemodule;
				VALIDATE_PRODUCT = YES;
			};
			name = Release;
		};
		8B3B6CC92B43D6CE00B5B486 /* Debug */ = {
			isa = XCBuildConfiguration;
			buildSettings = {
				ASSETCATALOG_COMPILER_APPICON_NAME = AppIcon;
				ASSETCATALOG_COMPILER_GLOBAL_ACCENT_COLOR_NAME = AccentColor;
				CODE_SIGN_STYLE = Automatic;
				CURRENT_PROJECT_VERSION = 1;
				GENERATE_INFOPLIST_FILE = YES;
				INFOPLIST_FILE = SeSACTalk/Info.plist;
				INFOPLIST_KEY_UIApplicationSupportsIndirectInputEvents = YES;
				INFOPLIST_KEY_UILaunchStoryboardName = LaunchScreen;
				INFOPLIST_KEY_UIMainStoryboardFile = Main;
				INFOPLIST_KEY_UISupportedInterfaceOrientations_iPad = "UIInterfaceOrientationPortrait UIInterfaceOrientationPortraitUpsideDown UIInterfaceOrientationLandscapeLeft UIInterfaceOrientationLandscapeRight";
				INFOPLIST_KEY_UISupportedInterfaceOrientations_iPhone = "UIInterfaceOrientationPortrait UIInterfaceOrientationLandscapeLeft UIInterfaceOrientationLandscapeRight";
				LD_RUNPATH_SEARCH_PATHS = (
					"$(inherited)",
					"@executable_path/Frameworks",
				);
				MARKETING_VERSION = 1.0;
				PRODUCT_BUNDLE_IDENTIFIER = com.SoomanHong.SeSACTalk;
				PRODUCT_NAME = "$(TARGET_NAME)";
				SWIFT_EMIT_LOC_STRINGS = YES;
				SWIFT_VERSION = 5.0;
				TARGETED_DEVICE_FAMILY = "1,2";
			};
			name = Debug;
		};
		8B3B6CCA2B43D6CE00B5B486 /* Release */ = {
			isa = XCBuildConfiguration;
			buildSettings = {
				ASSETCATALOG_COMPILER_APPICON_NAME = AppIcon;
				ASSETCATALOG_COMPILER_GLOBAL_ACCENT_COLOR_NAME = AccentColor;
				CODE_SIGN_STYLE = Automatic;
				CURRENT_PROJECT_VERSION = 1;
				GENERATE_INFOPLIST_FILE = YES;
				INFOPLIST_FILE = SeSACTalk/Info.plist;
				INFOPLIST_KEY_UIApplicationSupportsIndirectInputEvents = YES;
				INFOPLIST_KEY_UILaunchStoryboardName = LaunchScreen;
				INFOPLIST_KEY_UIMainStoryboardFile = Main;
				INFOPLIST_KEY_UISupportedInterfaceOrientations_iPad = "UIInterfaceOrientationPortrait UIInterfaceOrientationPortraitUpsideDown UIInterfaceOrientationLandscapeLeft UIInterfaceOrientationLandscapeRight";
				INFOPLIST_KEY_UISupportedInterfaceOrientations_iPhone = "UIInterfaceOrientationPortrait UIInterfaceOrientationLandscapeLeft UIInterfaceOrientationLandscapeRight";
				LD_RUNPATH_SEARCH_PATHS = (
					"$(inherited)",
					"@executable_path/Frameworks",
				);
				MARKETING_VERSION = 1.0;
				PRODUCT_BUNDLE_IDENTIFIER = com.SoomanHong.SeSACTalk;
				PRODUCT_NAME = "$(TARGET_NAME)";
				SWIFT_EMIT_LOC_STRINGS = YES;
				SWIFT_VERSION = 5.0;
				TARGETED_DEVICE_FAMILY = "1,2";
			};
			name = Release;
		};
		8B3B6CCC2B43D6CE00B5B486 /* Debug */ = {
			isa = XCBuildConfiguration;
			buildSettings = {
				ALWAYS_EMBED_SWIFT_STANDARD_LIBRARIES = YES;
				BUNDLE_LOADER = "$(TEST_HOST)";
				CODE_SIGN_STYLE = Automatic;
				CURRENT_PROJECT_VERSION = 1;
				GENERATE_INFOPLIST_FILE = YES;
				IPHONEOS_DEPLOYMENT_TARGET = 17.0;
				MARKETING_VERSION = 1.0;
				PRODUCT_BUNDLE_IDENTIFIER = com.SoomanHong.SeSACTalkTests;
				PRODUCT_NAME = "$(TARGET_NAME)";
				SWIFT_EMIT_LOC_STRINGS = NO;
				SWIFT_VERSION = 5.0;
				TARGETED_DEVICE_FAMILY = "1,2";
				TEST_HOST = "$(BUILT_PRODUCTS_DIR)/SeSACTalk.app/$(BUNDLE_EXECUTABLE_FOLDER_PATH)/SeSACTalk";
			};
			name = Debug;
		};
		8B3B6CCD2B43D6CE00B5B486 /* Release */ = {
			isa = XCBuildConfiguration;
			buildSettings = {
				ALWAYS_EMBED_SWIFT_STANDARD_LIBRARIES = YES;
				BUNDLE_LOADER = "$(TEST_HOST)";
				CODE_SIGN_STYLE = Automatic;
				CURRENT_PROJECT_VERSION = 1;
				GENERATE_INFOPLIST_FILE = YES;
				IPHONEOS_DEPLOYMENT_TARGET = 17.0;
				MARKETING_VERSION = 1.0;
				PRODUCT_BUNDLE_IDENTIFIER = com.SoomanHong.SeSACTalkTests;
				PRODUCT_NAME = "$(TARGET_NAME)";
				SWIFT_EMIT_LOC_STRINGS = NO;
				SWIFT_VERSION = 5.0;
				TARGETED_DEVICE_FAMILY = "1,2";
				TEST_HOST = "$(BUILT_PRODUCTS_DIR)/SeSACTalk.app/$(BUNDLE_EXECUTABLE_FOLDER_PATH)/SeSACTalk";
			};
			name = Release;
		};
		8B3B6CCF2B43D6CE00B5B486 /* Debug */ = {
			isa = XCBuildConfiguration;
			buildSettings = {
				ALWAYS_EMBED_SWIFT_STANDARD_LIBRARIES = YES;
				CODE_SIGN_STYLE = Automatic;
				CURRENT_PROJECT_VERSION = 1;
				GENERATE_INFOPLIST_FILE = YES;
				MARKETING_VERSION = 1.0;
				PRODUCT_BUNDLE_IDENTIFIER = com.SoomanHong.SeSACTalkUITests;
				PRODUCT_NAME = "$(TARGET_NAME)";
				SWIFT_EMIT_LOC_STRINGS = NO;
				SWIFT_VERSION = 5.0;
				TARGETED_DEVICE_FAMILY = "1,2";
				TEST_TARGET_NAME = SeSACTalk;
			};
			name = Debug;
		};
		8B3B6CD02B43D6CE00B5B486 /* Release */ = {
			isa = XCBuildConfiguration;
			buildSettings = {
				ALWAYS_EMBED_SWIFT_STANDARD_LIBRARIES = YES;
				CODE_SIGN_STYLE = Automatic;
				CURRENT_PROJECT_VERSION = 1;
				GENERATE_INFOPLIST_FILE = YES;
				MARKETING_VERSION = 1.0;
				PRODUCT_BUNDLE_IDENTIFIER = com.SoomanHong.SeSACTalkUITests;
				PRODUCT_NAME = "$(TARGET_NAME)";
				SWIFT_EMIT_LOC_STRINGS = NO;
				SWIFT_VERSION = 5.0;
				TARGETED_DEVICE_FAMILY = "1,2";
				TEST_TARGET_NAME = SeSACTalk;
			};
			name = Release;
		};
/* End XCBuildConfiguration section */

/* Begin XCConfigurationList section */
		8B3B6C992B43D6CD00B5B486 /* Build configuration list for PBXProject "SeSACTalk" */ = {
			isa = XCConfigurationList;
			buildConfigurations = (
				8B3B6CC62B43D6CE00B5B486 /* Debug */,
				8B3B6CC72B43D6CE00B5B486 /* Release */,
			);
			defaultConfigurationIsVisible = 0;
			defaultConfigurationName = Release;
		};
		8B3B6CC82B43D6CE00B5B486 /* Build configuration list for PBXNativeTarget "SeSACTalk" */ = {
			isa = XCConfigurationList;
			buildConfigurations = (
				8B3B6CC92B43D6CE00B5B486 /* Debug */,
				8B3B6CCA2B43D6CE00B5B486 /* Release */,
			);
			defaultConfigurationIsVisible = 0;
			defaultConfigurationName = Release;
		};
		8B3B6CCB2B43D6CE00B5B486 /* Build configuration list for PBXNativeTarget "SeSACTalkTests" */ = {
			isa = XCConfigurationList;
			buildConfigurations = (
				8B3B6CCC2B43D6CE00B5B486 /* Debug */,
				8B3B6CCD2B43D6CE00B5B486 /* Release */,
			);
			defaultConfigurationIsVisible = 0;
			defaultConfigurationName = Release;
		};
		8B3B6CCE2B43D6CE00B5B486 /* Build configuration list for PBXNativeTarget "SeSACTalkUITests" */ = {
			isa = XCConfigurationList;
			buildConfigurations = (
				8B3B6CCF2B43D6CE00B5B486 /* Debug */,
				8B3B6CD02B43D6CE00B5B486 /* Release */,
			);
			defaultConfigurationIsVisible = 0;
			defaultConfigurationName = Release;
		};
/* End XCConfigurationList section */
	};
	rootObject = 8B3B6C962B43D6CD00B5B486 /* Project object */;
}
