// !$*UTF8*$!
{
	archiveVersion = 1;
	classes = {
	};
	objectVersion = 56;
	objects = {

/* Begin PBXBuildFile section */
		8B3B6CA22B43D6CD00B5B486 /* AppDelegate.swift in Sources */ = {isa = PBXBuildFile; fileRef = 8B3B6CA12B43D6CD00B5B486 /* AppDelegate.swift */; };
		8B3B6CA42B43D6CD00B5B486 /* SceneDelegate.swift in Sources */ = {isa = PBXBuildFile; fileRef = 8B3B6CA32B43D6CD00B5B486 /* SceneDelegate.swift */; };
		8B3B6CA62B43D6CD00B5B486 /* ViewController.swift in Sources */ = {isa = PBXBuildFile; fileRef = 8B3B6CA52B43D6CD00B5B486 /* ViewController.swift */; };
		8B3B6CA92B43D6CD00B5B486 /* Main.storyboard in Resources */ = {isa = PBXBuildFile; fileRef = 8B3B6CA72B43D6CD00B5B486 /* Main.storyboard */; };
		8B3B6CAB2B43D6CE00B5B486 /* Assets.xcassets in Resources */ = {isa = PBXBuildFile; fileRef = 8B3B6CAA2B43D6CE00B5B486 /* Assets.xcassets */; };
		8B3B6CAE2B43D6CE00B5B486 /* LaunchScreen.storyboard in Resources */ = {isa = PBXBuildFile; fileRef = 8B3B6CAC2B43D6CE00B5B486 /* LaunchScreen.storyboard */; };
		8B3B6CB92B43D6CE00B5B486 /* SeSACTalkTests.swift in Sources */ = {isa = PBXBuildFile; fileRef = 8B3B6CB82B43D6CE00B5B486 /* SeSACTalkTests.swift */; };
		8B3B6CC32B43D6CE00B5B486 /* SeSACTalkUITests.swift in Sources */ = {isa = PBXBuildFile; fileRef = 8B3B6CC22B43D6CE00B5B486 /* SeSACTalkUITests.swift */; };
		8B3B6CC52B43D6CE00B5B486 /* SeSACTalkUITestsLaunchTests.swift in Sources */ = {isa = PBXBuildFile; fileRef = 8B3B6CC42B43D6CE00B5B486 /* SeSACTalkUITestsLaunchTests.swift */; };
		8B3B6CFF2B43E5E300B5B486 /* BaseViewController.swift in Sources */ = {isa = PBXBuildFile; fileRef = 8B3B6CFE2B43E5E300B5B486 /* BaseViewController.swift */; };
		8B3B6D012B43E63900B5B486 /* SplashViewController.swift in Sources */ = {isa = PBXBuildFile; fileRef = 8B3B6D002B43E63900B5B486 /* SplashViewController.swift */; };
		8B3B6D042B43ED4A00B5B486 /* SnapKit in Frameworks */ = {isa = PBXBuildFile; productRef = 8B3B6D032B43ED4A00B5B486 /* SnapKit */; };
		8B3B6D072B43ED5F00B5B486 /* Alamofire in Frameworks */ = {isa = PBXBuildFile; productRef = 8B3B6D062B43ED5F00B5B486 /* Alamofire */; };
		8B3B6D0A2B43ED6700B5B486 /* Kingfisher in Frameworks */ = {isa = PBXBuildFile; productRef = 8B3B6D092B43ED6700B5B486 /* Kingfisher */; };
		8B3B6D0D2B43ED7700B5B486 /* RxCocoa in Frameworks */ = {isa = PBXBuildFile; productRef = 8B3B6D0C2B43ED7700B5B486 /* RxCocoa */; };
		8B3B6D0F2B43ED7700B5B486 /* RxSwift in Frameworks */ = {isa = PBXBuildFile; productRef = 8B3B6D0E2B43ED7700B5B486 /* RxSwift */; };
		8B3B6D122B43ED8700B5B486 /* IQKeyboardManagerSwift in Frameworks */ = {isa = PBXBuildFile; productRef = 8B3B6D112B43ED8700B5B486 /* IQKeyboardManagerSwift */; };
		8B3B6D152B43ED9500B5B486 /* KakaoSDKAuth in Frameworks */ = {isa = PBXBuildFile; productRef = 8B3B6D142B43ED9500B5B486 /* KakaoSDKAuth */; };
		8B3B6D172B43ED9500B5B486 /* KakaoSDKCommon in Frameworks */ = {isa = PBXBuildFile; productRef = 8B3B6D162B43ED9500B5B486 /* KakaoSDKCommon */; };
		8B3B6D192B43ED9500B5B486 /* KakaoSDKUser in Frameworks */ = {isa = PBXBuildFile; productRef = 8B3B6D182B43ED9500B5B486 /* KakaoSDKUser */; };
		8B3B6D1C2B43EDA100B5B486 /* RxKakaoSDKAuth in Frameworks */ = {isa = PBXBuildFile; productRef = 8B3B6D1B2B43EDA100B5B486 /* RxKakaoSDKAuth */; };
		8B3B6D1E2B43EDA100B5B486 /* RxKakaoSDKCommon in Frameworks */ = {isa = PBXBuildFile; productRef = 8B3B6D1D2B43EDA100B5B486 /* RxKakaoSDKCommon */; };
		8B3B6D202B43EDA100B5B486 /* RxKakaoSDKUser in Frameworks */ = {isa = PBXBuildFile; productRef = 8B3B6D1F2B43EDA100B5B486 /* RxKakaoSDKUser */; };
		8B56A3B92B4FEB38004A6C38 /* Moya in Frameworks */ = {isa = PBXBuildFile; productRef = 8B56A3B82B4FEB38004A6C38 /* Moya */; };
		8B56A3BB2B4FECA0004A6C38 /* Response.swift in Sources */ = {isa = PBXBuildFile; fileRef = 8B56A3BA2B4FECA0004A6C38 /* Response.swift */; };
		8B56A3BD2B5030C1004A6C38 /* APIError.swift in Sources */ = {isa = PBXBuildFile; fileRef = 8B56A3BC2B5030C1004A6C38 /* APIError.swift */; };
		8B56A3C02B5111BE004A6C38 /* LoggableError.swift in Sources */ = {isa = PBXBuildFile; fileRef = 8B56A3BF2B5111BE004A6C38 /* LoggableError.swift */; };
		8B56A3C42B512DAC004A6C38 /* APIManager.swift in Sources */ = {isa = PBXBuildFile; fileRef = 8B56A3C32B512DAC004A6C38 /* APIManager.swift */; };
		8B6FA1C52B4FC1B500D23188 /* Router.swift in Sources */ = {isa = PBXBuildFile; fileRef = 8B6FA1C42B4FC1B500D23188 /* Router.swift */; };
		8B6FA1C72B4FD66F00D23188 /* Request.swift in Sources */ = {isa = PBXBuildFile; fileRef = 8B6FA1C62B4FD66E00D23188 /* Request.swift */; };
		8B6FA1C92B4FDB9F00D23188 /* Extension+UIViewController.swift in Sources */ = {isa = PBXBuildFile; fileRef = 8B6FA1C82B4FDB9F00D23188 /* Extension+UIViewController.swift */; };
		8B764B1F2B5507E00066AF07 /* SignUpState.swift in Sources */ = {isa = PBXBuildFile; fileRef = 8B764B1E2B5507E00066AF07 /* SignUpState.swift */; };
		8B764B212B551E430066AF07 /* KeyChainManager.swift in Sources */ = {isa = PBXBuildFile; fileRef = 8B764B202B551E430066AF07 /* KeyChainManager.swift */; };
		8B764B242B5522840066AF07 /* LoginViewController.swift in Sources */ = {isa = PBXBuildFile; fileRef = 8B764B232B5522840066AF07 /* LoginViewController.swift */; };
		8B764B262B5522A20066AF07 /* LogInViewModel.swift in Sources */ = {isa = PBXBuildFile; fileRef = 8B764B252B5522A20066AF07 /* LogInViewModel.swift */; };
		8B764B292B5658B90066AF07 /* WorkSpaceInitialView.swift in Sources */ = {isa = PBXBuildFile; fileRef = 8B764B282B5658B90066AF07 /* WorkSpaceInitialView.swift */; };
		8B9506522B467A9F00A353A0 /* AuthViewModel.swift in Sources */ = {isa = PBXBuildFile; fileRef = 8B9506512B467A9F00A353A0 /* AuthViewModel.swift */; };
		8B9506542B467B0000A353A0 /* APIKey.swift in Sources */ = {isa = PBXBuildFile; fileRef = 8B9506532B467B0000A353A0 /* APIKey.swift */; };
		8B9506562B4691FD00A353A0 /* ViewModelType.swift in Sources */ = {isa = PBXBuildFile; fileRef = 8B9506552B4691FD00A353A0 /* ViewModelType.swift */; };
		8BAFF99C2B440A3D005713EA /* OnboardingViewController.swift in Sources */ = {isa = PBXBuildFile; fileRef = 8BAFF99B2B440A3D005713EA /* OnboardingViewController.swift */; };
		8BAFF9A12B4412ED005713EA /* Colors.swift in Sources */ = {isa = PBXBuildFile; fileRef = 8BAFF9A02B4412ED005713EA /* Colors.swift */; };
		8BAFF9A32B444845005713EA /* Typography.swift in Sources */ = {isa = PBXBuildFile; fileRef = 8BAFF9A22B444845005713EA /* Typography.swift */; };
		8BAFF9AA2B455C25005713EA /* CustomButton.swift in Sources */ = {isa = PBXBuildFile; fileRef = 8BAFF9A92B455C25005713EA /* CustomButton.swift */; };
		8BAFF9AC2B459028005713EA /* AuthViewController.swift in Sources */ = {isa = PBXBuildFile; fileRef = 8BAFF9AB2B459028005713EA /* AuthViewController.swift */; };
		8BC407BE2B494D4400F4C3D6 /* SignUpViewController.swift in Sources */ = {isa = PBXBuildFile; fileRef = 8BC407BD2B494D4400F4C3D6 /* SignUpViewController.swift */; };
		8BC407C02B495AD500F4C3D6 /* BaseView.swift in Sources */ = {isa = PBXBuildFile; fileRef = 8BC407BF2B495AD500F4C3D6 /* BaseView.swift */; };
		8BC407C22B495B0300F4C3D6 /* SignUpTextFieldView.swift in Sources */ = {isa = PBXBuildFile; fileRef = 8BC407C12B495B0300F4C3D6 /* SignUpTextFieldView.swift */; };
		8BC407C42B4ADDA700F4C3D6 /* SignUpViewModel.swift in Sources */ = {isa = PBXBuildFile; fileRef = 8BC407C32B4ADDA700F4C3D6 /* SignUpViewModel.swift */; };
		8BC407C72B4BFE3B00F4C3D6 /* Extension+UITextField.swift in Sources */ = {isa = PBXBuildFile; fileRef = 8BC407C62B4BFE3B00F4C3D6 /* Extension+UITextField.swift */; };
		8BC407C92B4BFE5C00F4C3D6 /* Extension+String.swift in Sources */ = {isa = PBXBuildFile; fileRef = 8BC407C82B4BFE5C00F4C3D6 /* Extension+String.swift */; };
/* End PBXBuildFile section */

/* Begin PBXContainerItemProxy section */
		8B3B6CB52B43D6CE00B5B486 /* PBXContainerItemProxy */ = {
			isa = PBXContainerItemProxy;
			containerPortal = 8B3B6C962B43D6CD00B5B486 /* Project object */;
			proxyType = 1;
			remoteGlobalIDString = 8B3B6C9D2B43D6CD00B5B486;
			remoteInfo = SeSACTalk;
		};
		8B3B6CBF2B43D6CE00B5B486 /* PBXContainerItemProxy */ = {
			isa = PBXContainerItemProxy;
			containerPortal = 8B3B6C962B43D6CD00B5B486 /* Project object */;
			proxyType = 1;
			remoteGlobalIDString = 8B3B6C9D2B43D6CD00B5B486;
			remoteInfo = SeSACTalk;
		};
/* End PBXContainerItemProxy section */

/* Begin PBXFileReference section */
		8B3B6C9E2B43D6CD00B5B486 /* SeSACTalk.app */ = {isa = PBXFileReference; explicitFileType = wrapper.application; includeInIndex = 0; path = SeSACTalk.app; sourceTree = BUILT_PRODUCTS_DIR; };
		8B3B6CA12B43D6CD00B5B486 /* AppDelegate.swift */ = {isa = PBXFileReference; lastKnownFileType = sourcecode.swift; path = AppDelegate.swift; sourceTree = "<group>"; };
		8B3B6CA32B43D6CD00B5B486 /* SceneDelegate.swift */ = {isa = PBXFileReference; lastKnownFileType = sourcecode.swift; path = SceneDelegate.swift; sourceTree = "<group>"; };
		8B3B6CA52B43D6CD00B5B486 /* ViewController.swift */ = {isa = PBXFileReference; lastKnownFileType = sourcecode.swift; path = ViewController.swift; sourceTree = "<group>"; };
		8B3B6CA82B43D6CD00B5B486 /* Base */ = {isa = PBXFileReference; lastKnownFileType = file.storyboard; name = Base; path = Base.lproj/Main.storyboard; sourceTree = "<group>"; };
		8B3B6CAA2B43D6CE00B5B486 /* Assets.xcassets */ = {isa = PBXFileReference; lastKnownFileType = folder.assetcatalog; path = Assets.xcassets; sourceTree = "<group>"; };
		8B3B6CAD2B43D6CE00B5B486 /* Base */ = {isa = PBXFileReference; lastKnownFileType = file.storyboard; name = Base; path = Base.lproj/LaunchScreen.storyboard; sourceTree = "<group>"; };
		8B3B6CAF2B43D6CE00B5B486 /* Info.plist */ = {isa = PBXFileReference; lastKnownFileType = text.plist.xml; path = Info.plist; sourceTree = "<group>"; };
		8B3B6CB42B43D6CE00B5B486 /* SeSACTalkTests.xctest */ = {isa = PBXFileReference; explicitFileType = wrapper.cfbundle; includeInIndex = 0; path = SeSACTalkTests.xctest; sourceTree = BUILT_PRODUCTS_DIR; };
		8B3B6CB82B43D6CE00B5B486 /* SeSACTalkTests.swift */ = {isa = PBXFileReference; lastKnownFileType = sourcecode.swift; path = SeSACTalkTests.swift; sourceTree = "<group>"; };
		8B3B6CBE2B43D6CE00B5B486 /* SeSACTalkUITests.xctest */ = {isa = PBXFileReference; explicitFileType = wrapper.cfbundle; includeInIndex = 0; path = SeSACTalkUITests.xctest; sourceTree = BUILT_PRODUCTS_DIR; };
		8B3B6CC22B43D6CE00B5B486 /* SeSACTalkUITests.swift */ = {isa = PBXFileReference; lastKnownFileType = sourcecode.swift; path = SeSACTalkUITests.swift; sourceTree = "<group>"; };
		8B3B6CC42B43D6CE00B5B486 /* SeSACTalkUITestsLaunchTests.swift */ = {isa = PBXFileReference; lastKnownFileType = sourcecode.swift; path = SeSACTalkUITestsLaunchTests.swift; sourceTree = "<group>"; };
		8B3B6CFE2B43E5E300B5B486 /* BaseViewController.swift */ = {isa = PBXFileReference; lastKnownFileType = sourcecode.swift; path = BaseViewController.swift; sourceTree = "<group>"; };
		8B3B6D002B43E63900B5B486 /* SplashViewController.swift */ = {isa = PBXFileReference; lastKnownFileType = sourcecode.swift; path = SplashViewController.swift; sourceTree = "<group>"; };
		8B56A3BA2B4FECA0004A6C38 /* Response.swift */ = {isa = PBXFileReference; lastKnownFileType = sourcecode.swift; path = Response.swift; sourceTree = "<group>"; };
		8B56A3BC2B5030C1004A6C38 /* APIError.swift */ = {isa = PBXFileReference; lastKnownFileType = sourcecode.swift; path = APIError.swift; sourceTree = "<group>"; };
		8B56A3BF2B5111BE004A6C38 /* LoggableError.swift */ = {isa = PBXFileReference; lastKnownFileType = sourcecode.swift; path = LoggableError.swift; sourceTree = "<group>"; };
		8B56A3C32B512DAC004A6C38 /* APIManager.swift */ = {isa = PBXFileReference; lastKnownFileType = sourcecode.swift; path = APIManager.swift; sourceTree = "<group>"; };
		8B6FA1C42B4FC1B500D23188 /* Router.swift */ = {isa = PBXFileReference; lastKnownFileType = sourcecode.swift; path = Router.swift; sourceTree = "<group>"; };
		8B6FA1C62B4FD66E00D23188 /* Request.swift */ = {isa = PBXFileReference; lastKnownFileType = sourcecode.swift; path = Request.swift; sourceTree = "<group>"; };
		8B6FA1C82B4FDB9F00D23188 /* Extension+UIViewController.swift */ = {isa = PBXFileReference; lastKnownFileType = sourcecode.swift; path = "Extension+UIViewController.swift"; sourceTree = "<group>"; };
		8B764B1E2B5507E00066AF07 /* SignUpState.swift */ = {isa = PBXFileReference; lastKnownFileType = sourcecode.swift; path = SignUpState.swift; sourceTree = "<group>"; };
		8B764B202B551E430066AF07 /* KeyChainManager.swift */ = {isa = PBXFileReference; lastKnownFileType = sourcecode.swift; path = KeyChainManager.swift; sourceTree = "<group>"; };
		8B764B232B5522840066AF07 /* LoginViewController.swift */ = {isa = PBXFileReference; lastKnownFileType = sourcecode.swift; path = LoginViewController.swift; sourceTree = "<group>"; };
		8B764B252B5522A20066AF07 /* LogInViewModel.swift */ = {isa = PBXFileReference; lastKnownFileType = sourcecode.swift; path = LogInViewModel.swift; sourceTree = "<group>"; };
		8B764B282B5658B90066AF07 /* WorkSpaceInitialView.swift */ = {isa = PBXFileReference; lastKnownFileType = sourcecode.swift; path = WorkSpaceInitialView.swift; sourceTree = "<group>"; };
		8B9506512B467A9F00A353A0 /* AuthViewModel.swift */ = {isa = PBXFileReference; lastKnownFileType = sourcecode.swift; path = AuthViewModel.swift; sourceTree = "<group>"; };
		8B9506532B467B0000A353A0 /* APIKey.swift */ = {isa = PBXFileReference; lastKnownFileType = sourcecode.swift; path = APIKey.swift; sourceTree = "<group>"; };
		8B9506552B4691FD00A353A0 /* ViewModelType.swift */ = {isa = PBXFileReference; lastKnownFileType = sourcecode.swift; path = ViewModelType.swift; sourceTree = "<group>"; };
		8BAFF99B2B440A3D005713EA /* OnboardingViewController.swift */ = {isa = PBXFileReference; lastKnownFileType = sourcecode.swift; path = OnboardingViewController.swift; sourceTree = "<group>"; };
		8BAFF9A02B4412ED005713EA /* Colors.swift */ = {isa = PBXFileReference; lastKnownFileType = sourcecode.swift; path = Colors.swift; sourceTree = "<group>"; };
		8BAFF9A22B444845005713EA /* Typography.swift */ = {isa = PBXFileReference; lastKnownFileType = sourcecode.swift; path = Typography.swift; sourceTree = "<group>"; };
		8BAFF9A92B455C25005713EA /* CustomButton.swift */ = {isa = PBXFileReference; lastKnownFileType = sourcecode.swift; path = CustomButton.swift; sourceTree = "<group>"; };
		8BAFF9AB2B459028005713EA /* AuthViewController.swift */ = {isa = PBXFileReference; lastKnownFileType = sourcecode.swift; path = AuthViewController.swift; sourceTree = "<group>"; };
		8BC407BB2B494AAD00F4C3D6 /* Config.xcconfig */ = {isa = PBXFileReference; lastKnownFileType = text.xcconfig; path = Config.xcconfig; sourceTree = "<group>"; };
		8BC407BD2B494D4400F4C3D6 /* SignUpViewController.swift */ = {isa = PBXFileReference; lastKnownFileType = sourcecode.swift; path = SignUpViewController.swift; sourceTree = "<group>"; };
		8BC407BF2B495AD500F4C3D6 /* BaseView.swift */ = {isa = PBXFileReference; lastKnownFileType = sourcecode.swift; path = BaseView.swift; sourceTree = "<group>"; };
		8BC407C12B495B0300F4C3D6 /* SignUpTextFieldView.swift */ = {isa = PBXFileReference; lastKnownFileType = sourcecode.swift; path = SignUpTextFieldView.swift; sourceTree = "<group>"; };
		8BC407C32B4ADDA700F4C3D6 /* SignUpViewModel.swift */ = {isa = PBXFileReference; lastKnownFileType = sourcecode.swift; path = SignUpViewModel.swift; sourceTree = "<group>"; };
		8BC407C62B4BFE3B00F4C3D6 /* Extension+UITextField.swift */ = {isa = PBXFileReference; lastKnownFileType = sourcecode.swift; path = "Extension+UITextField.swift"; sourceTree = "<group>"; };
		8BC407C82B4BFE5C00F4C3D6 /* Extension+String.swift */ = {isa = PBXFileReference; lastKnownFileType = sourcecode.swift; path = "Extension+String.swift"; sourceTree = "<group>"; };
/* End PBXFileReference section */

/* Begin PBXFrameworksBuildPhase section */
		8B3B6C9B2B43D6CD00B5B486 /* Frameworks */ = {
			isa = PBXFrameworksBuildPhase;
			buildActionMask = 2147483647;
			files = (
				8B3B6D202B43EDA100B5B486 /* RxKakaoSDKUser in Frameworks */,
				8B3B6D172B43ED9500B5B486 /* KakaoSDKCommon in Frameworks */,
				8B3B6D152B43ED9500B5B486 /* KakaoSDKAuth in Frameworks */,
				8B3B6D0A2B43ED6700B5B486 /* Kingfisher in Frameworks */,
				8B3B6D1C2B43EDA100B5B486 /* RxKakaoSDKAuth in Frameworks */,
				8B3B6D042B43ED4A00B5B486 /* SnapKit in Frameworks */,
				8B56A3B92B4FEB38004A6C38 /* Moya in Frameworks */,
				8B3B6D0F2B43ED7700B5B486 /* RxSwift in Frameworks */,
				8B3B6D1E2B43EDA100B5B486 /* RxKakaoSDKCommon in Frameworks */,
				8B3B6D0D2B43ED7700B5B486 /* RxCocoa in Frameworks */,
				8B3B6D072B43ED5F00B5B486 /* Alamofire in Frameworks */,
				8B3B6D122B43ED8700B5B486 /* IQKeyboardManagerSwift in Frameworks */,
				8B3B6D192B43ED9500B5B486 /* KakaoSDKUser in Frameworks */,
			);
			runOnlyForDeploymentPostprocessing = 0;
		};
		8B3B6CB12B43D6CE00B5B486 /* Frameworks */ = {
			isa = PBXFrameworksBuildPhase;
			buildActionMask = 2147483647;
			files = (
			);
			runOnlyForDeploymentPostprocessing = 0;
		};
		8B3B6CBB2B43D6CE00B5B486 /* Frameworks */ = {
			isa = PBXFrameworksBuildPhase;
			buildActionMask = 2147483647;
			files = (
			);
			runOnlyForDeploymentPostprocessing = 0;
		};
/* End PBXFrameworksBuildPhase section */

/* Begin PBXGroup section */
		8B3B6C952B43D6CD00B5B486 = {
			isa = PBXGroup;
			children = (
				8B3B6CA02B43D6CD00B5B486 /* SeSACTalk */,
				8B3B6CB72B43D6CE00B5B486 /* SeSACTalkTests */,
				8B3B6CC12B43D6CE00B5B486 /* SeSACTalkUITests */,
				8B3B6C9F2B43D6CD00B5B486 /* Products */,
			);
			sourceTree = "<group>";
		};
		8B3B6C9F2B43D6CD00B5B486 /* Products */ = {
			isa = PBXGroup;
			children = (
				8B3B6C9E2B43D6CD00B5B486 /* SeSACTalk.app */,
				8B3B6CB42B43D6CE00B5B486 /* SeSACTalkTests.xctest */,
				8B3B6CBE2B43D6CE00B5B486 /* SeSACTalkUITests.xctest */,
			);
			name = Products;
			sourceTree = "<group>";
		};
		8B3B6CA02B43D6CD00B5B486 /* SeSACTalk */ = {
			isa = PBXGroup;
			children = (
				8B3B6CA12B43D6CD00B5B486 /* AppDelegate.swift */,
				8B3B6CA32B43D6CD00B5B486 /* SceneDelegate.swift */,
				8B3B6CA52B43D6CD00B5B486 /* ViewController.swift */,
				8B3B6CA72B43D6CD00B5B486 /* Main.storyboard */,
				8B3B6CAA2B43D6CE00B5B486 /* Assets.xcassets */,
				8B3B6CAC2B43D6CE00B5B486 /* LaunchScreen.storyboard */,
				8B3B6CAF2B43D6CE00B5B486 /* Info.plist */,
				8BAFF99D2B440FD7005713EA /* Utility */,
				8B3B6CFC2B43E58B00B5B486 /* Network */,
				8B3B6CFB2B43E57E00B5B486 /* Scene */,
				8BC407BB2B494AAD00F4C3D6 /* Config.xcconfig */,
			);
			path = SeSACTalk;
			sourceTree = "<group>";
		};
		8B3B6CB72B43D6CE00B5B486 /* SeSACTalkTests */ = {
			isa = PBXGroup;
			children = (
				8B3B6CB82B43D6CE00B5B486 /* SeSACTalkTests.swift */,
			);
			path = SeSACTalkTests;
			sourceTree = "<group>";
		};
		8B3B6CC12B43D6CE00B5B486 /* SeSACTalkUITests */ = {
			isa = PBXGroup;
			children = (
				8B3B6CC22B43D6CE00B5B486 /* SeSACTalkUITests.swift */,
				8B3B6CC42B43D6CE00B5B486 /* SeSACTalkUITestsLaunchTests.swift */,
			);
			path = SeSACTalkUITests;
			sourceTree = "<group>";
		};
		8B3B6CFA2B43E53400B5B486 /* Base */ = {
			isa = PBXGroup;
			children = (
				8B3B6CFE2B43E5E300B5B486 /* BaseViewController.swift */,
				8BC407BF2B495AD500F4C3D6 /* BaseView.swift */,
				8B9506552B4691FD00A353A0 /* ViewModelType.swift */,
			);
			path = Base;
			sourceTree = "<group>";
		};
		8B3B6CFB2B43E57E00B5B486 /* Scene */ = {
			isa = PBXGroup;
			children = (
				8BC407C52B4BFE2A00F4C3D6 /* Extension */,
				8B3B6CFA2B43E53400B5B486 /* Base */,
				8BAFF9A82B455C0A005713EA /* CustomView */,
				8B3B6CFD2B43E59700B5B486 /* SplashView */,
				8BAFF99A2B440A27005713EA /* OnboardingView */,
				8B9506502B4670E700A353A0 /* AuthView */,
				8BC407BC2B494D1500F4C3D6 /* SignUpView */,
				8B764B222B5522640066AF07 /* EmailLogInView */,
				8B764B272B5658730066AF07 /* WorkSpace */,
			);
			path = Scene;
			sourceTree = "<group>";
		};
		8B3B6CFC2B43E58B00B5B486 /* Network */ = {
			isa = PBXGroup;
			children = (
				8B9506532B467B0000A353A0 /* APIKey.swift */,
				8B6FA1C42B4FC1B500D23188 /* Router.swift */,
				8B56A3C32B512DAC004A6C38 /* APIManager.swift */,
				8B6FA1C62B4FD66E00D23188 /* Request.swift */,
				8B56A3BA2B4FECA0004A6C38 /* Response.swift */,
				8B56A3BE2B5111AD004A6C38 /* Error */,
			);
			path = Network;
			sourceTree = "<group>";
		};
		8B3B6CFD2B43E59700B5B486 /* SplashView */ = {
			isa = PBXGroup;
			children = (
				8B3B6D002B43E63900B5B486 /* SplashViewController.swift */,
			);
			path = SplashView;
			sourceTree = "<group>";
		};
		8B56A3BE2B5111AD004A6C38 /* Error */ = {
			isa = PBXGroup;
			children = (
				8B56A3BC2B5030C1004A6C38 /* APIError.swift */,
				8B56A3BF2B5111BE004A6C38 /* LoggableError.swift */,
			);
			path = Error;
			sourceTree = "<group>";
		};
		8B764B222B5522640066AF07 /* EmailLogInView */ = {
			isa = PBXGroup;
			children = (
				8B764B232B5522840066AF07 /* LoginViewController.swift */,
				8B764B252B5522A20066AF07 /* LogInViewModel.swift */,
			);
			path = EmailLogInView;
			sourceTree = "<group>";
		};
		8B764B272B5658730066AF07 /* WorkSpace */ = {
			isa = PBXGroup;
			children = (
				8B764B282B5658B90066AF07 /* WorkSpaceInitialView.swift */,
			);
			path = WorkSpace;
			sourceTree = "<group>";
		};
		8B9506502B4670E700A353A0 /* AuthView */ = {
			isa = PBXGroup;
			children = (
				8BAFF9AB2B459028005713EA /* AuthViewController.swift */,
				8B9506512B467A9F00A353A0 /* AuthViewModel.swift */,
			);
			path = AuthView;
			sourceTree = "<group>";
		};
		8BAFF99A2B440A27005713EA /* OnboardingView */ = {
			isa = PBXGroup;
			children = (
				8BAFF99B2B440A3D005713EA /* OnboardingViewController.swift */,
			);
			path = OnboardingView;
			sourceTree = "<group>";
		};
		8BAFF99D2B440FD7005713EA /* Utility */ = {
			isa = PBXGroup;
			children = (
				8BAFF9A02B4412ED005713EA /* Colors.swift */,
				8BAFF9A22B444845005713EA /* Typography.swift */,
				8B764B202B551E430066AF07 /* KeyChainManager.swift */,
			);
			path = Utility;
			sourceTree = "<group>";
		};
		8BAFF9A82B455C0A005713EA /* CustomView */ = {
			isa = PBXGroup;
			children = (
				8BAFF9A92B455C25005713EA /* CustomButton.swift */,
			);
			path = CustomView;
			sourceTree = "<group>";
		};
		8BC407BC2B494D1500F4C3D6 /* SignUpView */ = {
			isa = PBXGroup;
			children = (
				8BC407BD2B494D4400F4C3D6 /* SignUpViewController.swift */,
				8BC407C32B4ADDA700F4C3D6 /* SignUpViewModel.swift */,
				8BC407C12B495B0300F4C3D6 /* SignUpTextFieldView.swift */,
				8B764B1E2B5507E00066AF07 /* SignUpState.swift */,
			);
			path = SignUpView;
			sourceTree = "<group>";
		};
		8BC407C52B4BFE2A00F4C3D6 /* Extension */ = {
			isa = PBXGroup;
			children = (
				8BC407C62B4BFE3B00F4C3D6 /* Extension+UITextField.swift */,
				8BC407C82B4BFE5C00F4C3D6 /* Extension+String.swift */,
				8B6FA1C82B4FDB9F00D23188 /* Extension+UIViewController.swift */,
			);
			path = Extension;
			sourceTree = "<group>";
		};
/* End PBXGroup section */

/* Begin PBXNativeTarget section */
		8B3B6C9D2B43D6CD00B5B486 /* SeSACTalk */ = {
			isa = PBXNativeTarget;
			buildConfigurationList = 8B3B6CC82B43D6CE00B5B486 /* Build configuration list for PBXNativeTarget "SeSACTalk" */;
			buildPhases = (
				8B3B6C9A2B43D6CD00B5B486 /* Sources */,
				8B3B6C9B2B43D6CD00B5B486 /* Frameworks */,
				8B3B6C9C2B43D6CD00B5B486 /* Resources */,
			);
			buildRules = (
			);
			dependencies = (
			);
			name = SeSACTalk;
			packageProductDependencies = (
				8B3B6D032B43ED4A00B5B486 /* SnapKit */,
				8B3B6D062B43ED5F00B5B486 /* Alamofire */,
				8B3B6D092B43ED6700B5B486 /* Kingfisher */,
				8B3B6D0C2B43ED7700B5B486 /* RxCocoa */,
				8B3B6D0E2B43ED7700B5B486 /* RxSwift */,
				8B3B6D112B43ED8700B5B486 /* IQKeyboardManagerSwift */,
				8B3B6D142B43ED9500B5B486 /* KakaoSDKAuth */,
				8B3B6D162B43ED9500B5B486 /* KakaoSDKCommon */,
				8B3B6D182B43ED9500B5B486 /* KakaoSDKUser */,
				8B3B6D1B2B43EDA100B5B486 /* RxKakaoSDKAuth */,
				8B3B6D1D2B43EDA100B5B486 /* RxKakaoSDKCommon */,
				8B3B6D1F2B43EDA100B5B486 /* RxKakaoSDKUser */,
				8B56A3B82B4FEB38004A6C38 /* Moya */,
			);
			productName = SeSACTalk;
			productReference = 8B3B6C9E2B43D6CD00B5B486 /* SeSACTalk.app */;
			productType = "com.apple.product-type.application";
		};
		8B3B6CB32B43D6CE00B5B486 /* SeSACTalkTests */ = {
			isa = PBXNativeTarget;
			buildConfigurationList = 8B3B6CCB2B43D6CE00B5B486 /* Build configuration list for PBXNativeTarget "SeSACTalkTests" */;
			buildPhases = (
				8B3B6CB02B43D6CE00B5B486 /* Sources */,
				8B3B6CB12B43D6CE00B5B486 /* Frameworks */,
				8B3B6CB22B43D6CE00B5B486 /* Resources */,
			);
			buildRules = (
			);
			dependencies = (
				8B3B6CB62B43D6CE00B5B486 /* PBXTargetDependency */,
			);
			name = SeSACTalkTests;
			productName = SeSACTalkTests;
			productReference = 8B3B6CB42B43D6CE00B5B486 /* SeSACTalkTests.xctest */;
			productType = "com.apple.product-type.bundle.unit-test";
		};
		8B3B6CBD2B43D6CE00B5B486 /* SeSACTalkUITests */ = {
			isa = PBXNativeTarget;
			buildConfigurationList = 8B3B6CCE2B43D6CE00B5B486 /* Build configuration list for PBXNativeTarget "SeSACTalkUITests" */;
			buildPhases = (
				8B3B6CBA2B43D6CE00B5B486 /* Sources */,
				8B3B6CBB2B43D6CE00B5B486 /* Frameworks */,
				8B3B6CBC2B43D6CE00B5B486 /* Resources */,
			);
			buildRules = (
			);
			dependencies = (
				8B3B6CC02B43D6CE00B5B486 /* PBXTargetDependency */,
			);
			name = SeSACTalkUITests;
			productName = SeSACTalkUITests;
			productReference = 8B3B6CBE2B43D6CE00B5B486 /* SeSACTalkUITests.xctest */;
			productType = "com.apple.product-type.bundle.ui-testing";
		};
/* End PBXNativeTarget section */

/* Begin PBXProject section */
		8B3B6C962B43D6CD00B5B486 /* Project object */ = {
			isa = PBXProject;
			attributes = {
				BuildIndependentTargetsInParallel = 1;
				LastSwiftUpdateCheck = 1500;
				LastUpgradeCheck = 1500;
				TargetAttributes = {
					8B3B6C9D2B43D6CD00B5B486 = {
						CreatedOnToolsVersion = 15.0.1;
					};
					8B3B6CB32B43D6CE00B5B486 = {
						CreatedOnToolsVersion = 15.0.1;
						TestTargetID = 8B3B6C9D2B43D6CD00B5B486;
					};
					8B3B6CBD2B43D6CE00B5B486 = {
						CreatedOnToolsVersion = 15.0.1;
						TestTargetID = 8B3B6C9D2B43D6CD00B5B486;
					};
				};
			};
			buildConfigurationList = 8B3B6C992B43D6CD00B5B486 /* Build configuration list for PBXProject "SeSACTalk" */;
			compatibilityVersion = "Xcode 14.0";
			developmentRegion = en;
			hasScannedForEncodings = 0;
			knownRegions = (
				en,
				Base,
			);
			mainGroup = 8B3B6C952B43D6CD00B5B486;
			packageReferences = (
				8B3B6D022B43ED4A00B5B486 /* XCRemoteSwiftPackageReference "SnapKit" */,
				8B3B6D052B43ED5F00B5B486 /* XCRemoteSwiftPackageReference "Alamofire" */,
				8B3B6D082B43ED6700B5B486 /* XCRemoteSwiftPackageReference "Kingfisher" */,
				8B3B6D0B2B43ED7700B5B486 /* XCRemoteSwiftPackageReference "RxSwift" */,
				8B3B6D102B43ED8700B5B486 /* XCRemoteSwiftPackageReference "IQKeyboardManager" */,
				8B3B6D132B43ED9500B5B486 /* XCRemoteSwiftPackageReference "kakao-ios-sdk" */,
				8B3B6D1A2B43EDA100B5B486 /* XCRemoteSwiftPackageReference "kakao-ios-sdk-rx" */,
				8B56A3B72B4FEB38004A6C38 /* XCRemoteSwiftPackageReference "Moya" */,
			);
			productRefGroup = 8B3B6C9F2B43D6CD00B5B486 /* Products */;
			projectDirPath = "";
			projectRoot = "";
			targets = (
				8B3B6C9D2B43D6CD00B5B486 /* SeSACTalk */,
				8B3B6CB32B43D6CE00B5B486 /* SeSACTalkTests */,
				8B3B6CBD2B43D6CE00B5B486 /* SeSACTalkUITests */,
			);
		};
/* End PBXProject section */

/* Begin PBXResourcesBuildPhase section */
		8B3B6C9C2B43D6CD00B5B486 /* Resources */ = {
			isa = PBXResourcesBuildPhase;
			buildActionMask = 2147483647;
			files = (
				8B3B6CAE2B43D6CE00B5B486 /* LaunchScreen.storyboard in Resources */,
				8B3B6CAB2B43D6CE00B5B486 /* Assets.xcassets in Resources */,
				8B3B6CA92B43D6CD00B5B486 /* Main.storyboard in Resources */,
			);
			runOnlyForDeploymentPostprocessing = 0;
		};
		8B3B6CB22B43D6CE00B5B486 /* Resources */ = {
			isa = PBXResourcesBuildPhase;
			buildActionMask = 2147483647;
			files = (
			);
			runOnlyForDeploymentPostprocessing = 0;
		};
		8B3B6CBC2B43D6CE00B5B486 /* Resources */ = {
			isa = PBXResourcesBuildPhase;
			buildActionMask = 2147483647;
			files = (
			);
			runOnlyForDeploymentPostprocessing = 0;
		};
/* End PBXResourcesBuildPhase section */

/* Begin PBXSourcesBuildPhase section */
		8B3B6C9A2B43D6CD00B5B486 /* Sources */ = {
			isa = PBXSourcesBuildPhase;
			buildActionMask = 2147483647;
			files = (
				8B3B6CA62B43D6CD00B5B486 /* ViewController.swift in Sources */,
				8B764B1F2B5507E00066AF07 /* SignUpState.swift in Sources */,
				8BC407C72B4BFE3B00F4C3D6 /* Extension+UITextField.swift in Sources */,
				8BC407C42B4ADDA700F4C3D6 /* SignUpViewModel.swift in Sources */,
				8BAFF9A12B4412ED005713EA /* Colors.swift in Sources */,
				8B764B242B5522840066AF07 /* LoginViewController.swift in Sources */,
				8B6FA1C72B4FD66F00D23188 /* Request.swift in Sources */,
				8B56A3BD2B5030C1004A6C38 /* APIError.swift in Sources */,
				8BAFF9AC2B459028005713EA /* AuthViewController.swift in Sources */,
				8BC407C92B4BFE5C00F4C3D6 /* Extension+String.swift in Sources */,
				8B56A3C02B5111BE004A6C38 /* LoggableError.swift in Sources */,
				8BAFF9AA2B455C25005713EA /* CustomButton.swift in Sources */,
				8B56A3C42B512DAC004A6C38 /* APIManager.swift in Sources */,
				8B6FA1C92B4FDB9F00D23188 /* Extension+UIViewController.swift in Sources */,
				8BAFF9A32B444845005713EA /* Typography.swift in Sources */,
				8BAFF99C2B440A3D005713EA /* OnboardingViewController.swift in Sources */,
				8B764B262B5522A20066AF07 /* LogInViewModel.swift in Sources */,
				8B3B6CFF2B43E5E300B5B486 /* BaseViewController.swift in Sources */,
				8B9506522B467A9F00A353A0 /* AuthViewModel.swift in Sources */,
				8BC407BE2B494D4400F4C3D6 /* SignUpViewController.swift in Sources */,
				8B6FA1C52B4FC1B500D23188 /* Router.swift in Sources */,
				8B764B212B551E430066AF07 /* KeyChainManager.swift in Sources */,
				8B3B6CA22B43D6CD00B5B486 /* AppDelegate.swift in Sources */,
				8B3B6CA42B43D6CD00B5B486 /* SceneDelegate.swift in Sources */,
				8B764B292B5658B90066AF07 /* WorkSpaceInitialView.swift in Sources */,
				8B9506542B467B0000A353A0 /* APIKey.swift in Sources */,
				8BC407C02B495AD500F4C3D6 /* BaseView.swift in Sources */,
				8B3B6D012B43E63900B5B486 /* SplashViewController.swift in Sources */,
				8B56A3BB2B4FECA0004A6C38 /* Response.swift in Sources */,
				8BC407C22B495B0300F4C3D6 /* SignUpTextFieldView.swift in Sources */,
				8B9506562B4691FD00A353A0 /* ViewModelType.swift in Sources */,
			);
			runOnlyForDeploymentPostprocessing = 0;
		};
		8B3B6CB02B43D6CE00B5B486 /* Sources */ = {
			isa = PBXSourcesBuildPhase;
			buildActionMask = 2147483647;
			files = (
				8B3B6CB92B43D6CE00B5B486 /* SeSACTalkTests.swift in Sources */,
			);
			runOnlyForDeploymentPostprocessing = 0;
		};
		8B3B6CBA2B43D6CE00B5B486 /* Sources */ = {
			isa = PBXSourcesBuildPhase;
			buildActionMask = 2147483647;
			files = (
				8B3B6CC52B43D6CE00B5B486 /* SeSACTalkUITestsLaunchTests.swift in Sources */,
				8B3B6CC32B43D6CE00B5B486 /* SeSACTalkUITests.swift in Sources */,
			);
			runOnlyForDeploymentPostprocessing = 0;
		};
/* End PBXSourcesBuildPhase section */

/* Begin PBXTargetDependency section */
		8B3B6CB62B43D6CE00B5B486 /* PBXTargetDependency */ = {
			isa = PBXTargetDependency;
			target = 8B3B6C9D2B43D6CD00B5B486 /* SeSACTalk */;
			targetProxy = 8B3B6CB52B43D6CE00B5B486 /* PBXContainerItemProxy */;
		};
		8B3B6CC02B43D6CE00B5B486 /* PBXTargetDependency */ = {
			isa = PBXTargetDependency;
			target = 8B3B6C9D2B43D6CD00B5B486 /* SeSACTalk */;
			targetProxy = 8B3B6CBF2B43D6CE00B5B486 /* PBXContainerItemProxy */;
		};
/* End PBXTargetDependency section */

/* Begin PBXVariantGroup section */
		8B3B6CA72B43D6CD00B5B486 /* Main.storyboard */ = {
			isa = PBXVariantGroup;
			children = (
				8B3B6CA82B43D6CD00B5B486 /* Base */,
			);
			name = Main.storyboard;
			sourceTree = "<group>";
		};
		8B3B6CAC2B43D6CE00B5B486 /* LaunchScreen.storyboard */ = {
			isa = PBXVariantGroup;
			children = (
				8B3B6CAD2B43D6CE00B5B486 /* Base */,
			);
			name = LaunchScreen.storyboard;
			sourceTree = "<group>";
		};
/* End PBXVariantGroup section */

/* Begin XCBuildConfiguration section */
		8B3B6CC62B43D6CE00B5B486 /* Debug */ = {
			isa = XCBuildConfiguration;
			baseConfigurationReference = 8BC407BB2B494AAD00F4C3D6 /* Config.xcconfig */;
			buildSettings = {
				ALWAYS_SEARCH_USER_PATHS = NO;
				ASSETCATALOG_COMPILER_GENERATE_SWIFT_ASSET_SYMBOL_EXTENSIONS = YES;
				CLANG_ANALYZER_NONNULL = YES;
				CLANG_ANALYZER_NUMBER_OBJECT_CONVERSION = YES_AGGRESSIVE;
				CLANG_CXX_LANGUAGE_STANDARD = "gnu++20";
				CLANG_ENABLE_MODULES = YES;
				CLANG_ENABLE_OBJC_ARC = YES;
				CLANG_ENABLE_OBJC_WEAK = YES;
				CLANG_WARN_BLOCK_CAPTURE_AUTORELEASING = YES;
				CLANG_WARN_BOOL_CONVERSION = YES;
				CLANG_WARN_COMMA = YES;
				CLANG_WARN_CONSTANT_CONVERSION = YES;
				CLANG_WARN_DEPRECATED_OBJC_IMPLEMENTATIONS = YES;
				CLANG_WARN_DIRECT_OBJC_ISA_USAGE = YES_ERROR;
				CLANG_WARN_DOCUMENTATION_COMMENTS = YES;
				CLANG_WARN_EMPTY_BODY = YES;
				CLANG_WARN_ENUM_CONVERSION = YES;
				CLANG_WARN_INFINITE_RECURSION = YES;
				CLANG_WARN_INT_CONVERSION = YES;
				CLANG_WARN_NON_LITERAL_NULL_CONVERSION = YES;
				CLANG_WARN_OBJC_IMPLICIT_RETAIN_SELF = YES;
				CLANG_WARN_OBJC_LITERAL_CONVERSION = YES;
				CLANG_WARN_OBJC_ROOT_CLASS = YES_ERROR;
				CLANG_WARN_QUOTED_INCLUDE_IN_FRAMEWORK_HEADER = YES;
				CLANG_WARN_RANGE_LOOP_ANALYSIS = YES;
				CLANG_WARN_STRICT_PROTOTYPES = YES;
				CLANG_WARN_SUSPICIOUS_MOVE = YES;
				CLANG_WARN_UNGUARDED_AVAILABILITY = YES_AGGRESSIVE;
				CLANG_WARN_UNREACHABLE_CODE = YES;
				CLANG_WARN__DUPLICATE_METHOD_MATCH = YES;
				COPY_PHASE_STRIP = NO;
				DEBUG_INFORMATION_FORMAT = dwarf;
				ENABLE_STRICT_OBJC_MSGSEND = YES;
				ENABLE_TESTABILITY = YES;
				ENABLE_USER_SCRIPT_SANDBOXING = YES;
				GCC_C_LANGUAGE_STANDARD = gnu17;
				GCC_DYNAMIC_NO_PIC = NO;
				GCC_NO_COMMON_BLOCKS = YES;
				GCC_OPTIMIZATION_LEVEL = 0;
				GCC_PREPROCESSOR_DEFINITIONS = (
					"DEBUG=1",
					"$(inherited)",
				);
				GCC_WARN_64_TO_32_BIT_CONVERSION = YES;
				GCC_WARN_ABOUT_RETURN_TYPE = YES_ERROR;
				GCC_WARN_UNDECLARED_SELECTOR = YES;
				GCC_WARN_UNINITIALIZED_AUTOS = YES_AGGRESSIVE;
				GCC_WARN_UNUSED_FUNCTION = YES;
				GCC_WARN_UNUSED_VARIABLE = YES;
				IPHONEOS_DEPLOYMENT_TARGET = 17.0;
				LOCALIZATION_PREFERS_STRING_CATALOGS = YES;
				MTL_ENABLE_DEBUG_INFO = INCLUDE_SOURCE;
				MTL_FAST_MATH = YES;
				ONLY_ACTIVE_ARCH = YES;
				SDKROOT = iphoneos;
				SWIFT_ACTIVE_COMPILATION_CONDITIONS = "DEBUG $(inherited)";
				SWIFT_OPTIMIZATION_LEVEL = "-Onone";
			};
			name = Debug;
		};
		8B3B6CC72B43D6CE00B5B486 /* Release */ = {
			isa = XCBuildConfiguration;
			baseConfigurationReference = 8BC407BB2B494AAD00F4C3D6 /* Config.xcconfig */;
			buildSettings = {
				ALWAYS_SEARCH_USER_PATHS = NO;
				ASSETCATALOG_COMPILER_GENERATE_SWIFT_ASSET_SYMBOL_EXTENSIONS = YES;
				CLANG_ANALYZER_NONNULL = YES;
				CLANG_ANALYZER_NUMBER_OBJECT_CONVERSION = YES_AGGRESSIVE;
				CLANG_CXX_LANGUAGE_STANDARD = "gnu++20";
				CLANG_ENABLE_MODULES = YES;
				CLANG_ENABLE_OBJC_ARC = YES;
				CLANG_ENABLE_OBJC_WEAK = YES;
				CLANG_WARN_BLOCK_CAPTURE_AUTORELEASING = YES;
				CLANG_WARN_BOOL_CONVERSION = YES;
				CLANG_WARN_COMMA = YES;
				CLANG_WARN_CONSTANT_CONVERSION = YES;
				CLANG_WARN_DEPRECATED_OBJC_IMPLEMENTATIONS = YES;
				CLANG_WARN_DIRECT_OBJC_ISA_USAGE = YES_ERROR;
				CLANG_WARN_DOCUMENTATION_COMMENTS = YES;
				CLANG_WARN_EMPTY_BODY = YES;
				CLANG_WARN_ENUM_CONVERSION = YES;
				CLANG_WARN_INFINITE_RECURSION = YES;
				CLANG_WARN_INT_CONVERSION = YES;
				CLANG_WARN_NON_LITERAL_NULL_CONVERSION = YES;
				CLANG_WARN_OBJC_IMPLICIT_RETAIN_SELF = YES;
				CLANG_WARN_OBJC_LITERAL_CONVERSION = YES;
				CLANG_WARN_OBJC_ROOT_CLASS = YES_ERROR;
				CLANG_WARN_QUOTED_INCLUDE_IN_FRAMEWORK_HEADER = YES;
				CLANG_WARN_RANGE_LOOP_ANALYSIS = YES;
				CLANG_WARN_STRICT_PROTOTYPES = YES;
				CLANG_WARN_SUSPICIOUS_MOVE = YES;
				CLANG_WARN_UNGUARDED_AVAILABILITY = YES_AGGRESSIVE;
				CLANG_WARN_UNREACHABLE_CODE = YES;
				CLANG_WARN__DUPLICATE_METHOD_MATCH = YES;
				COPY_PHASE_STRIP = NO;
				DEBUG_INFORMATION_FORMAT = "dwarf-with-dsym";
				ENABLE_NS_ASSERTIONS = NO;
				ENABLE_STRICT_OBJC_MSGSEND = YES;
				ENABLE_USER_SCRIPT_SANDBOXING = YES;
				GCC_C_LANGUAGE_STANDARD = gnu17;
				GCC_NO_COMMON_BLOCKS = YES;
				GCC_WARN_64_TO_32_BIT_CONVERSION = YES;
				GCC_WARN_ABOUT_RETURN_TYPE = YES_ERROR;
				GCC_WARN_UNDECLARED_SELECTOR = YES;
				GCC_WARN_UNINITIALIZED_AUTOS = YES_AGGRESSIVE;
				GCC_WARN_UNUSED_FUNCTION = YES;
				GCC_WARN_UNUSED_VARIABLE = YES;
				IPHONEOS_DEPLOYMENT_TARGET = 17.0;
				LOCALIZATION_PREFERS_STRING_CATALOGS = YES;
				MTL_ENABLE_DEBUG_INFO = NO;
				MTL_FAST_MATH = YES;
				SDKROOT = iphoneos;
				SWIFT_COMPILATION_MODE = wholemodule;
				VALIDATE_PRODUCT = YES;
			};
			name = Release;
		};
		8B3B6CC92B43D6CE00B5B486 /* Debug */ = {
			isa = XCBuildConfiguration;
			baseConfigurationReference = 8BC407BB2B494AAD00F4C3D6 /* Config.xcconfig */;
			buildSettings = {
				ASSETCATALOG_COMPILER_APPICON_NAME = AppIcon;
				ASSETCATALOG_COMPILER_GLOBAL_ACCENT_COLOR_NAME = AccentColor;
				CODE_SIGN_STYLE = Automatic;
				CURRENT_PROJECT_VERSION = 1;
				DEVELOPMENT_TEAM = ZB66AY8DJC;
				GENERATE_INFOPLIST_FILE = YES;
				INFOPLIST_FILE = SeSACTalk/Info.plist;
				INFOPLIST_KEY_UIApplicationSupportsIndirectInputEvents = YES;
				INFOPLIST_KEY_UILaunchStoryboardName = LaunchScreen;
				INFOPLIST_KEY_UIMainStoryboardFile = Main;
				INFOPLIST_KEY_UISupportedInterfaceOrientations_iPad = "UIInterfaceOrientationPortrait UIInterfaceOrientationPortraitUpsideDown UIInterfaceOrientationLandscapeLeft UIInterfaceOrientationLandscapeRight";
				INFOPLIST_KEY_UISupportedInterfaceOrientations_iPhone = "UIInterfaceOrientationPortrait UIInterfaceOrientationLandscapeLeft UIInterfaceOrientationLandscapeRight";
				LD_RUNPATH_SEARCH_PATHS = (
					"$(inherited)",
					"@executable_path/Frameworks",
				);
				MARKETING_VERSION = 1.0;
				PRODUCT_BUNDLE_IDENTIFIER = com.SoomanHong.SeSACTalk;
				PRODUCT_NAME = "$(TARGET_NAME)";
				SWIFT_EMIT_LOC_STRINGS = YES;
				SWIFT_VERSION = 5.0;
				TARGETED_DEVICE_FAMILY = "1,2";
			};
			name = Debug;
		};
		8B3B6CCA2B43D6CE00B5B486 /* Release */ = {
			isa = XCBuildConfiguration;
			baseConfigurationReference = 8BC407BB2B494AAD00F4C3D6 /* Config.xcconfig */;
			buildSettings = {
				ASSETCATALOG_COMPILER_APPICON_NAME = AppIcon;
				ASSETCATALOG_COMPILER_GLOBAL_ACCENT_COLOR_NAME = AccentColor;
				CODE_SIGN_STYLE = Automatic;
				CURRENT_PROJECT_VERSION = 1;
				DEVELOPMENT_TEAM = ZB66AY8DJC;
				GENERATE_INFOPLIST_FILE = YES;
				INFOPLIST_FILE = SeSACTalk/Info.plist;
				INFOPLIST_KEY_UIApplicationSupportsIndirectInputEvents = YES;
				INFOPLIST_KEY_UILaunchStoryboardName = LaunchScreen;
				INFOPLIST_KEY_UIMainStoryboardFile = Main;
				INFOPLIST_KEY_UISupportedInterfaceOrientations_iPad = "UIInterfaceOrientationPortrait UIInterfaceOrientationPortraitUpsideDown UIInterfaceOrientationLandscapeLeft UIInterfaceOrientationLandscapeRight";
				INFOPLIST_KEY_UISupportedInterfaceOrientations_iPhone = "UIInterfaceOrientationPortrait UIInterfaceOrientationLandscapeLeft UIInterfaceOrientationLandscapeRight";
				LD_RUNPATH_SEARCH_PATHS = (
					"$(inherited)",
					"@executable_path/Frameworks",
				);
				MARKETING_VERSION = 1.0;
				PRODUCT_BUNDLE_IDENTIFIER = com.SoomanHong.SeSACTalk;
				PRODUCT_NAME = "$(TARGET_NAME)";
				SWIFT_EMIT_LOC_STRINGS = YES;
				SWIFT_VERSION = 5.0;
				TARGETED_DEVICE_FAMILY = "1,2";
			};
			name = Release;
		};
		8B3B6CCC2B43D6CE00B5B486 /* Debug */ = {
			isa = XCBuildConfiguration;
			buildSettings = {
				ALWAYS_EMBED_SWIFT_STANDARD_LIBRARIES = YES;
				BUNDLE_LOADER = "$(TEST_HOST)";
				CODE_SIGN_STYLE = Automatic;
				CURRENT_PROJECT_VERSION = 1;
				GENERATE_INFOPLIST_FILE = YES;
				IPHONEOS_DEPLOYMENT_TARGET = 17.0;
				MARKETING_VERSION = 1.0;
				PRODUCT_BUNDLE_IDENTIFIER = com.SoomanHong.SeSACTalkTests;
				PRODUCT_NAME = "$(TARGET_NAME)";
				SWIFT_EMIT_LOC_STRINGS = NO;
				SWIFT_VERSION = 5.0;
				TARGETED_DEVICE_FAMILY = "1,2";
				TEST_HOST = "$(BUILT_PRODUCTS_DIR)/SeSACTalk.app/$(BUNDLE_EXECUTABLE_FOLDER_PATH)/SeSACTalk";
			};
			name = Debug;
		};
		8B3B6CCD2B43D6CE00B5B486 /* Release */ = {
			isa = XCBuildConfiguration;
			buildSettings = {
				ALWAYS_EMBED_SWIFT_STANDARD_LIBRARIES = YES;
				BUNDLE_LOADER = "$(TEST_HOST)";
				CODE_SIGN_STYLE = Automatic;
				CURRENT_PROJECT_VERSION = 1;
				GENERATE_INFOPLIST_FILE = YES;
				IPHONEOS_DEPLOYMENT_TARGET = 17.0;
				MARKETING_VERSION = 1.0;
				PRODUCT_BUNDLE_IDENTIFIER = com.SoomanHong.SeSACTalkTests;
				PRODUCT_NAME = "$(TARGET_NAME)";
				SWIFT_EMIT_LOC_STRINGS = NO;
				SWIFT_VERSION = 5.0;
				TARGETED_DEVICE_FAMILY = "1,2";
				TEST_HOST = "$(BUILT_PRODUCTS_DIR)/SeSACTalk.app/$(BUNDLE_EXECUTABLE_FOLDER_PATH)/SeSACTalk";
			};
			name = Release;
		};
		8B3B6CCF2B43D6CE00B5B486 /* Debug */ = {
			isa = XCBuildConfiguration;
			buildSettings = {
				ALWAYS_EMBED_SWIFT_STANDARD_LIBRARIES = YES;
				CODE_SIGN_STYLE = Automatic;
				CURRENT_PROJECT_VERSION = 1;
				GENERATE_INFOPLIST_FILE = YES;
				MARKETING_VERSION = 1.0;
				PRODUCT_BUNDLE_IDENTIFIER = com.SoomanHong.SeSACTalkUITests;
				PRODUCT_NAME = "$(TARGET_NAME)";
				SWIFT_EMIT_LOC_STRINGS = NO;
				SWIFT_VERSION = 5.0;
				TARGETED_DEVICE_FAMILY = "1,2";
				TEST_TARGET_NAME = SeSACTalk;
			};
			name = Debug;
		};
		8B3B6CD02B43D6CE00B5B486 /* Release */ = {
			isa = XCBuildConfiguration;
			buildSettings = {
				ALWAYS_EMBED_SWIFT_STANDARD_LIBRARIES = YES;
				CODE_SIGN_STYLE = Automatic;
				CURRENT_PROJECT_VERSION = 1;
				GENERATE_INFOPLIST_FILE = YES;
				MARKETING_VERSION = 1.0;
				PRODUCT_BUNDLE_IDENTIFIER = com.SoomanHong.SeSACTalkUITests;
				PRODUCT_NAME = "$(TARGET_NAME)";
				SWIFT_EMIT_LOC_STRINGS = NO;
				SWIFT_VERSION = 5.0;
				TARGETED_DEVICE_FAMILY = "1,2";
				TEST_TARGET_NAME = SeSACTalk;
			};
			name = Release;
		};
/* End XCBuildConfiguration section */

/* Begin XCConfigurationList section */
		8B3B6C992B43D6CD00B5B486 /* Build configuration list for PBXProject "SeSACTalk" */ = {
			isa = XCConfigurationList;
			buildConfigurations = (
				8B3B6CC62B43D6CE00B5B486 /* Debug */,
				8B3B6CC72B43D6CE00B5B486 /* Release */,
			);
			defaultConfigurationIsVisible = 0;
			defaultConfigurationName = Release;
		};
		8B3B6CC82B43D6CE00B5B486 /* Build configuration list for PBXNativeTarget "SeSACTalk" */ = {
			isa = XCConfigurationList;
			buildConfigurations = (
				8B3B6CC92B43D6CE00B5B486 /* Debug */,
				8B3B6CCA2B43D6CE00B5B486 /* Release */,
			);
			defaultConfigurationIsVisible = 0;
			defaultConfigurationName = Release;
		};
		8B3B6CCB2B43D6CE00B5B486 /* Build configuration list for PBXNativeTarget "SeSACTalkTests" */ = {
			isa = XCConfigurationList;
			buildConfigurations = (
				8B3B6CCC2B43D6CE00B5B486 /* Debug */,
				8B3B6CCD2B43D6CE00B5B486 /* Release */,
			);
			defaultConfigurationIsVisible = 0;
			defaultConfigurationName = Release;
		};
		8B3B6CCE2B43D6CE00B5B486 /* Build configuration list for PBXNativeTarget "SeSACTalkUITests" */ = {
			isa = XCConfigurationList;
			buildConfigurations = (
				8B3B6CCF2B43D6CE00B5B486 /* Debug */,
				8B3B6CD02B43D6CE00B5B486 /* Release */,
			);
			defaultConfigurationIsVisible = 0;
			defaultConfigurationName = Release;
		};
/* End XCConfigurationList section */

/* Begin XCRemoteSwiftPackageReference section */
		8B3B6D022B43ED4A00B5B486 /* XCRemoteSwiftPackageReference "SnapKit" */ = {
			isa = XCRemoteSwiftPackageReference;
			repositoryURL = "https://github.com/SnapKit/SnapKit.git";
			requirement = {
				kind = upToNextMajorVersion;
				minimumVersion = 5.7.0;
			};
		};
		8B3B6D052B43ED5F00B5B486 /* XCRemoteSwiftPackageReference "Alamofire" */ = {
			isa = XCRemoteSwiftPackageReference;
			repositoryURL = "https://github.com/Alamofire/Alamofire";
			requirement = {
				kind = upToNextMajorVersion;
				minimumVersion = 5.8.1;
			};
		};
		8B3B6D082B43ED6700B5B486 /* XCRemoteSwiftPackageReference "Kingfisher" */ = {
			isa = XCRemoteSwiftPackageReference;
			repositoryURL = "https://github.com/onevcat/Kingfisher.git";
			requirement = {
				kind = upToNextMajorVersion;
				minimumVersion = 7.10.1;
			};
		};
		8B3B6D0B2B43ED7700B5B486 /* XCRemoteSwiftPackageReference "RxSwift" */ = {
			isa = XCRemoteSwiftPackageReference;
			repositoryURL = "https://github.com/ReactiveX/RxSwift.git";
			requirement = {
				kind = upToNextMajorVersion;
				minimumVersion = 6.6.0;
			};
		};
		8B3B6D102B43ED8700B5B486 /* XCRemoteSwiftPackageReference "IQKeyboardManager" */ = {
			isa = XCRemoteSwiftPackageReference;
			repositoryURL = "https://github.com/hackiftekhar/IQKeyboardManager.git";
			requirement = {
				kind = upToNextMajorVersion;
				minimumVersion = 6.5.16;
			};
		};
		8B3B6D132B43ED9500B5B486 /* XCRemoteSwiftPackageReference "kakao-ios-sdk" */ = {
			isa = XCRemoteSwiftPackageReference;
			repositoryURL = "https://github.com/kakao/kakao-ios-sdk";
			requirement = {
				kind = upToNextMajorVersion;
				minimumVersion = 2.20.0;
			};
		};
		8B3B6D1A2B43EDA100B5B486 /* XCRemoteSwiftPackageReference "kakao-ios-sdk-rx" */ = {
			isa = XCRemoteSwiftPackageReference;
			repositoryURL = "https://github.com/kakao/kakao-ios-sdk-rx";
			requirement = {
				kind = upToNextMajorVersion;
				minimumVersion = 2.20.0;
			};
		};
		8B56A3B72B4FEB38004A6C38 /* XCRemoteSwiftPackageReference "Moya" */ = {
			isa = XCRemoteSwiftPackageReference;
			repositoryURL = "https://github.com/Moya/Moya.git";
			requirement = {
				kind = upToNextMajorVersion;
				minimumVersion = 15.0.3;
			};
		};
/* End XCRemoteSwiftPackageReference section */

/* Begin XCSwiftPackageProductDependency section */
		8B3B6D032B43ED4A00B5B486 /* SnapKit */ = {
			isa = XCSwiftPackageProductDependency;
			package = 8B3B6D022B43ED4A00B5B486 /* XCRemoteSwiftPackageReference "SnapKit" */;
			productName = SnapKit;
		};
		8B3B6D062B43ED5F00B5B486 /* Alamofire */ = {
			isa = XCSwiftPackageProductDependency;
			package = 8B3B6D052B43ED5F00B5B486 /* XCRemoteSwiftPackageReference "Alamofire" */;
			productName = Alamofire;
		};
		8B3B6D092B43ED6700B5B486 /* Kingfisher */ = {
			isa = XCSwiftPackageProductDependency;
			package = 8B3B6D082B43ED6700B5B486 /* XCRemoteSwiftPackageReference "Kingfisher" */;
			productName = Kingfisher;
		};
		8B3B6D0C2B43ED7700B5B486 /* RxCocoa */ = {
			isa = XCSwiftPackageProductDependency;
			package = 8B3B6D0B2B43ED7700B5B486 /* XCRemoteSwiftPackageReference "RxSwift" */;
			productName = RxCocoa;
		};
		8B3B6D0E2B43ED7700B5B486 /* RxSwift */ = {
			isa = XCSwiftPackageProductDependency;
			package = 8B3B6D0B2B43ED7700B5B486 /* XCRemoteSwiftPackageReference "RxSwift" */;
			productName = RxSwift;
		};
		8B3B6D112B43ED8700B5B486 /* IQKeyboardManagerSwift */ = {
			isa = XCSwiftPackageProductDependency;
			package = 8B3B6D102B43ED8700B5B486 /* XCRemoteSwiftPackageReference "IQKeyboardManager" */;
			productName = IQKeyboardManagerSwift;
		};
		8B3B6D142B43ED9500B5B486 /* KakaoSDKAuth */ = {
			isa = XCSwiftPackageProductDependency;
			package = 8B3B6D132B43ED9500B5B486 /* XCRemoteSwiftPackageReference "kakao-ios-sdk" */;
			productName = KakaoSDKAuth;
		};
		8B3B6D162B43ED9500B5B486 /* KakaoSDKCommon */ = {
			isa = XCSwiftPackageProductDependency;
			package = 8B3B6D132B43ED9500B5B486 /* XCRemoteSwiftPackageReference "kakao-ios-sdk" */;
			productName = KakaoSDKCommon;
		};
		8B3B6D182B43ED9500B5B486 /* KakaoSDKUser */ = {
			isa = XCSwiftPackageProductDependency;
			package = 8B3B6D132B43ED9500B5B486 /* XCRemoteSwiftPackageReference "kakao-ios-sdk" */;
			productName = KakaoSDKUser;
		};
		8B3B6D1B2B43EDA100B5B486 /* RxKakaoSDKAuth */ = {
			isa = XCSwiftPackageProductDependency;
			package = 8B3B6D1A2B43EDA100B5B486 /* XCRemoteSwiftPackageReference "kakao-ios-sdk-rx" */;
			productName = RxKakaoSDKAuth;
		};
		8B3B6D1D2B43EDA100B5B486 /* RxKakaoSDKCommon */ = {
			isa = XCSwiftPackageProductDependency;
			package = 8B3B6D1A2B43EDA100B5B486 /* XCRemoteSwiftPackageReference "kakao-ios-sdk-rx" */;
			productName = RxKakaoSDKCommon;
		};
		8B3B6D1F2B43EDA100B5B486 /* RxKakaoSDKUser */ = {
			isa = XCSwiftPackageProductDependency;
			package = 8B3B6D1A2B43EDA100B5B486 /* XCRemoteSwiftPackageReference "kakao-ios-sdk-rx" */;
			productName = RxKakaoSDKUser;
		};
		8B56A3B82B4FEB38004A6C38 /* Moya */ = {
			isa = XCSwiftPackageProductDependency;
			package = 8B56A3B72B4FEB38004A6C38 /* XCRemoteSwiftPackageReference "Moya" */;
			productName = Moya;
		};
/* End XCSwiftPackageProductDependency section */
	};
	rootObject = 8B3B6C962B43D6CD00B5B486 /* Project object */;
}
